Microsoft Visual Studio Solution File, Format Version 12.00
# Visual Studio 15
VisualStudioVersion = 15.0.28010.2046
MinimumVisualStudioVersion = 10.0.40219.1
Project("{FAE04EC0-301F-11D3-BF4B-00C04F79EFBC}") = "BrokerLauncher", "BrokerLauncher.csproj", "{7594BB62-494B-4D72-9F5D-EE4C993FE6C3}"
EndProject
Project("{FAE04EC0-301F-11D3-BF4B-00C04F79EFBC}") = "AADAuthUtil", "..\..\AADAuthUtil\AADAuthUtil.csproj", "{895FCBFB-73B4-46F3-8A89-76C236F01BF4}"
EndProject
Project("{2150E333-8FDC-42A3-9474-1A3956D46DE8}") = "src", "src", "{DC699703-0274-4598-9017-D621224F3E97}"
EndProject
Project("{2150E333-8FDC-42A3-9474-1A3956D46DE8}") = "AADAuthUtil", "AADAuthUtil", "{17E224AB-E65A-4195-AE70-E8FFBEEEB816}"
EndProject
Project("{FAE04EC0-301F-11D3-BF4B-00C04F79EFBC}") = "HpcCommon", "..\..\HpcCommon\HpcCommon.csproj", "{2C3936C7-4850-41D7-9497-9040BE302328}"
EndProject
Project("{2150E333-8FDC-42A3-9474-1A3956D46DE8}") = "HpcCommon", "HpcCommon", "{30A0E8F1-D21D-4346-B9BE-C7B49EBB1AEE}"
EndProject
Project("{FAE04EC0-301F-11D3-BF4B-00C04F79EFBC}") = "ClusterModel.corext", "..\..\Management\ClusterModel\ClusterModel.corext.csproj", "{4AF1BD71-310F-434B-918A-EA10234BF2E1}"
EndProject
Project("{2150E333-8FDC-42A3-9474-1A3956D46DE8}") = "Management", "Management", "{B95C2D00-ECAA-4313-8A21-7559D3A8CB4C}"
EndProject
Project("{2150E333-8FDC-42A3-9474-1A3956D46DE8}") = "ClusterModel", "ClusterModel", "{30FF3132-C3EF-41B3-9E82-F49B2CA5B237}"
EndProject
Project("{FAE04EC0-301F-11D3-BF4B-00C04F79EFBC}") = "DiagnosticsAPI", "..\..\Diagnostics\DiagnosticsAPI\DiagnosticsAPI.csproj", "{15F3514E-1657-4F05-A176-BA714699C243}"
EndProject
Project("{2150E333-8FDC-42A3-9474-1A3956D46DE8}") = "Diagnostics", "Diagnostics", "{572024D2-ABED-4FD3-99C4-D33E4B4926AA}"
EndProject
Project("{2150E333-8FDC-42A3-9474-1A3956D46DE8}") = "DiagnosticsAPI", "DiagnosticsAPI", "{B09F1D1C-5133-49A2-A3AE-F7407F814B3E}"
EndProject
Project("{FAE04EC0-301F-11D3-BF4B-00C04F79EFBC}") = "HpcTrace", "..\..\CosmosTracing\TraceListener\HpcTrace.csproj", "{FC648818-7E85-4B13-BB4F-B6BC0DC1369F}"
EndProject
Project("{2150E333-8FDC-42A3-9474-1A3956D46DE8}") = "CosmosTracing", "CosmosTracing", "{CA900067-BD9F-46F9-80DA-A57A227921AB}"
EndProject
Project("{2150E333-8FDC-42A3-9474-1A3956D46DE8}") = "TraceListener", "TraceListener", "{C49CAD5C-90BC-4229-A056-63C3C6E0F856}"
EndProject
Project("{FAE04EC0-301F-11D3-BF4B-00C04F79EFBC}") = "DiagnosticsHelpers", "..\..\Diagnostics\DiagnosticsHelpers\DiagnosticsHelpers.csproj", "{1EC8C462-B773-4548-A2A8-439DFD95A897}"
EndProject
Project("{2150E333-8FDC-42A3-9474-1A3956D46DE8}") = "DiagnosticsHelpers", "DiagnosticsHelpers", "{DF6109ED-D6EA-43D9-9090-FF28DBC54B5A}"
EndProject
Project("{FAE04EC0-301F-11D3-BF4B-00C04F79EFBC}") = "CcpActivate", "..\..\Scheduler\activate\CcpActivate.csproj", "{E247C010-0B6F-43F1-B52C-12168CE5A70F}"
EndProject
Project("{2150E333-8FDC-42A3-9474-1A3956D46DE8}") = "Scheduler", "Scheduler", "{08141B22-ECB6-4873-A926-F18AF91D7D69}"
EndProject
Project("{2150E333-8FDC-42A3-9474-1A3956D46DE8}") = "activate", "activate", "{67681985-89BB-4032-BCB4-6C338EC96B79}"
EndProject
Project("{FAE04EC0-301F-11D3-BF4B-00C04F79EFBC}") = "AzureSchedulerCommon", "..\..\Scheduler\AzureSchedulerCommon\AzureSchedulerCommon.csproj", "{E4B43673-7C1A-4E6E-96F5-6C53704BEAC0}"
EndProject
Project("{2150E333-8FDC-42A3-9474-1A3956D46DE8}") = "AzureSchedulerCommon", "AzureSchedulerCommon", "{0504DB1D-C7AF-49E8-A792-19CCA2C61235}"
EndProject
Project("{FAE04EC0-301F-11D3-BF4B-00C04F79EFBC}") = "NodeMgtClient", "..\..\StoreAPI\NodeMgt\NodeMgtClient.csproj", "{551F6A2B-3EAB-47BA-BCF1-EAE30B99BBD5}"
EndProject
Project("{2150E333-8FDC-42A3-9474-1A3956D46DE8}") = "StoreAPI", "StoreAPI", "{AABFAAB1-6A30-44B8-BB16-A9F98D2F18DA}"
EndProject
Project("{2150E333-8FDC-42A3-9474-1A3956D46DE8}") = "NodeMgt", "NodeMgt", "{A7C3542A-D50A-4D14-8354-064D3A76CBAB}"
EndProject
Project("{FAE04EC0-301F-11D3-BF4B-00C04F79EFBC}") = "Properties", "..\..\StoreAPI\Property\Properties.csproj", "{61844849-3D26-4003-8146-5AE86985DB3A}"
EndProject
Project("{2150E333-8FDC-42A3-9474-1A3956D46DE8}") = "Property", "Property", "{548FDEAD-9395-4BC0-9DA9-74F7817F32D4}"
EndProject
Project("{FAE04EC0-301F-11D3-BF4B-00C04F79EFBC}") = "Store", "..\..\StoreAPI\Store\Store.csproj", "{82F72B8B-372E-4A1C-8139-714AE932EBCB}"
EndProject
Project("{2150E333-8FDC-42A3-9474-1A3956D46DE8}") = "Store", "Store", "{901271DE-A798-4C41-B31C-7C658FF24E9B}"
EndProject
Project("{FAE04EC0-301F-11D3-BF4B-00C04F79EFBC}") = "AzureManagementBroker.MSBuild", "..\..\Management\Azure\AzureManagementBroker\AzureManagementBroker.MSBuild.csproj", "{E73BE019-72F1-42F3-BB00-2F401B8DC1A5}"
EndProject
Project("{2150E333-8FDC-42A3-9474-1A3956D46DE8}") = "Azure", "Azure", "{066D14F1-9AA7-4580-A872-851D6C2BA1F1}"
EndProject
Project("{2150E333-8FDC-42A3-9474-1A3956D46DE8}") = "AzureManagementBroker", "AzureManagementBroker", "{C3449F15-BFB5-4A3F-A466-2A8F15F78F96}"
EndProject
Project("{FAE04EC0-301F-11D3-BF4B-00C04F79EFBC}") = "CceManagementInterfaces.MSBuild", "..\..\Management\CceManagementInterfaces\CceManagementInterfaces.MSBuild.csproj", "{304336BE-E9EA-461A-AC9E-C1A2CFC4983F}"
EndProject
Project("{2150E333-8FDC-42A3-9474-1A3956D46DE8}") = "CceManagementInterfaces", "CceManagementInterfaces", "{1497A2C1-5A55-4481-A56F-06DBD11A8E91}"
EndProject
Project("{FAE04EC0-301F-11D3-BF4B-00C04F79EFBC}") = "TemplateModel.corext", "..\..\Management\TemplateModel\TemplateModel.corext.csproj", "{A4F62320-B863-4134-BBBB-B2D3788A2B80}"
EndProject
Project("{2150E333-8FDC-42A3-9474-1A3956D46DE8}") = "TemplateModel", "TemplateModel", "{DD4126FC-28E7-4CF5-A0AB-7733FDE95E06}"
EndProject
Project("{FAE04EC0-301F-11D3-BF4B-00C04F79EFBC}") = "ComputerModel.corext", "..\..\Management\ComputerModel\ComputerModel.corext.csproj", "{4DD8B25B-A5CF-40FE-99F7-13AAD2BABCAD}"
EndProject
Project("{2150E333-8FDC-42A3-9474-1A3956D46DE8}") = "ComputerModel", "ComputerModel", "{CE80151B-FCDD-47A6-87FB-7B348200A348}"
EndProject
Project("{FAE04EC0-301F-11D3-BF4B-00C04F79EFBC}") = "ManagerInterfaces.corext", "..\..\Management\Sdm\ManagerInterfaces\ManagerInterfaces.corext.csproj", "{FA8C6D5A-6BDD-4F21-87F4-671D00534068}"
EndProject
Project("{2150E333-8FDC-42A3-9474-1A3956D46DE8}") = "Sdm", "Sdm", "{BB6CA98C-195D-4F21-8399-E33CC88D7DBD}"
EndProject
Project("{2150E333-8FDC-42A3-9474-1A3956D46DE8}") = "ManagerInterfaces", "ManagerInterfaces", "{639522CE-24D2-4D66-B7C2-8AF9803AC28A}"
EndProject
Project("{FAE04EC0-301F-11D3-BF4B-00C04F79EFBC}") = "SdmCore.corext", "..\..\Management\Sdm\sdmcore\SdmCore.corext.csproj", "{102F0140-AB4E-40E8-A54D-96719BABBD51}"
EndProject
Project("{2150E333-8FDC-42A3-9474-1A3956D46DE8}") = "sdmcore", "sdmcore", "{9BB4D5B6-EB10-473B-B025-ECF2AE6895EC}"
EndProject
Project("{FAE04EC0-301F-11D3-BF4B-00C04F79EFBC}") = "CredentialHelpers", "..\..\Scheduler\CredentialHelpers\CredentialHelpers.csproj", "{0F05A9F0-2F16-47C8-BF70-DE6A5F7A6EF9}"
EndProject
Project("{2150E333-8FDC-42A3-9474-1A3956D46DE8}") = "CredentialHelpers", "CredentialHelpers", "{D2C2FAE5-45FC-4058-9B13-356540DD9EBC}"
EndProject
Project("{FAE04EC0-301F-11D3-BF4B-00C04F79EFBC}") = "StoreInterface.corext", "..\..\Management\Sdm\StoreInterface\StoreInterface.corext.csproj", "{1E70D458-57A3-4BC6-B7F8-253378D2116E}"
EndProject
Project("{2150E333-8FDC-42A3-9474-1A3956D46DE8}") = "StoreInterface", "StoreInterface", "{46F24AAC-C2F6-4735-B785-75A5516DB48C}"
EndProject
Project("{FAE04EC0-301F-11D3-BF4B-00C04F79EFBC}") = "SystemModel.corext", "..\..\Management\Sdm\SystemModel\SystemModel.corext.csproj", "{CA5B073E-24BA-46A2-ABE1-8260B714D618}"
EndProject
Project("{2150E333-8FDC-42A3-9474-1A3956D46DE8}") = "SystemModel", "SystemModel", "{EEA9C9F9-EC56-498D-9D01-1BC70C63245A}"
EndProject
Project("{FAE04EC0-301F-11D3-BF4B-00C04F79EFBC}") = "NetworkModel.corext", "..\..\Management\NetworkModel\NetworkModel.corext.csproj", "{2170E547-D1F4-42A2-B217-BC413F0A5A27}"
EndProject
Project("{2150E333-8FDC-42A3-9474-1A3956D46DE8}") = "NetworkModel", "NetworkModel", "{482EAF48-0185-4ED9-A743-45F3C1ACE78F}"
EndProject
Project("{FAE04EC0-301F-11D3-BF4B-00C04F79EFBC}") = "WdsModel.corext", "..\..\Management\WdsModel\WdsModel.corext.csproj", "{75DC44BE-A4A4-4A9F-B8B3-DF62C81BCEAC}"
EndProject
Project("{2150E333-8FDC-42A3-9474-1A3956D46DE8}") = "WdsModel", "WdsModel", "{5633184A-3007-4138-BF52-253310E72A62}"
EndProject
Project("{FAE04EC0-301F-11D3-BF4B-00C04F79EFBC}") = "CloudUploadClient.MSBuild", "..\..\Management\Azure\CloudUploadClient\CloudUploadClient.MSBuild.csproj", "{27A80925-9007-466A-93EC-973A0FAA9FAF}"
EndProject
Project("{2150E333-8FDC-42A3-9474-1A3956D46DE8}") = "CloudUploadClient", "CloudUploadClient", "{BFB86195-CDED-4F5C-B37D-D64CFA00CBC7}"
EndProject
Project("{FAE04EC0-301F-11D3-BF4B-00C04F79EFBC}") = "HostsFileDistribution.MSBuild", "..\..\Management\HostsFileDistribution\HostsFileDistribution.MSBuild.csproj", "{D887D5ED-5128-4376-947C-E8FFDC5C0BAE}"
EndProject
Project("{2150E333-8FDC-42A3-9474-1A3956D46DE8}") = "HostsFileDistribution", "HostsFileDistribution", "{B0953F13-10FC-4615-B8FB-F845476AB72C}"
EndProject
Project("{FAE04EC0-301F-11D3-BF4B-00C04F79EFBC}") = "ManagementAPI.MSBuild", "..\..\Management\ManagementAPI\ManagementAPI.MSBuild.csproj", "{52A16BD4-2466-4D43-A5CF-F845D0617589}"
EndProject
Project("{2150E333-8FDC-42A3-9474-1A3956D46DE8}") = "ManagementAPI", "ManagementAPI", "{EB76D123-532B-4C08-B550-E24FEF93ADDB}"
EndProject
Project("{FAE04EC0-301F-11D3-BF4B-00C04F79EFBC}") = "NetBootModel.corext", "..\..\Management\NetBoot\NetBootModel\NetBootModel.corext.csproj", "{C65A3756-4816-478B-9D03-22A782FBD083}"
EndProject
Project("{2150E333-8FDC-42A3-9474-1A3956D46DE8}") = "NetBoot", "NetBoot", "{4F8B5FB5-E453-42F5-84E5-FF7AE17F0DFC}"
EndProject
Project("{2150E333-8FDC-42A3-9474-1A3956D46DE8}") = "NetBootModel", "NetBootModel", "{DB7EF3B7-A332-4928-AC05-2981A06A822D}"
EndProject
Project("{FAE04EC0-301F-11D3-BF4B-00C04F79EFBC}") = "StorageManagementInterface.corext", "..\..\Management\NetBoot\StorageManagementInterface\StorageManagementInterface.corext.csproj", "{DC95BCCE-D419-464A-AF88-CB90CAFABE60}"
EndProject
Project("{2150E333-8FDC-42A3-9474-1A3956D46DE8}") = "StorageManagementInterface", "StorageManagementInterface", "{8582E40B-65CA-4548-A2B2-06594F745611}"
EndProject
Project("{FAE04EC0-301F-11D3-BF4B-00C04F79EFBC}") = "Scheduler", "..\..\StoreAPI\Scheduler\Scheduler.csproj", "{78E5E61B-DD12-475A-845B-7DA3F6B0F987}"
EndProject
Project("{2150E333-8FDC-42A3-9474-1A3956D46DE8}") = "Scheduler", "Scheduler", "{1180C344-8785-40C3-81E8-3F0DB0031627}"
EndProject
Project("{FAE04EC0-301F-11D3-BF4B-00C04F79EFBC}") = "FileStagingClient", "..\..\Scheduler\FileStagingClient\FileStagingClient.csproj", "{EFDBE309-2C73-40F3-AB7D-20ED4FA213C4}"
EndProject
Project("{2150E333-8FDC-42A3-9474-1A3956D46DE8}") = "FileStagingClient", "FileStagingClient", "{45DDFD56-6915-40BF-B7DB-C65ABA7E6392}"
EndProject
Project("{FAE04EC0-301F-11D3-BF4B-00C04F79EFBC}") = "DataMovement", "..\HpcDeploy\DataMovement\DataMovement.csproj", "{F0A3E1B7-6C6F-4357-99EE-49210440FFFD}"
EndProject
Project("{2150E333-8FDC-42A3-9474-1A3956D46DE8}") = "soa", "soa", "{AA6F7163-C2B0-49A5-A1E6-E5F9D82849F4}"
EndProject
Project("{2150E333-8FDC-42A3-9474-1A3956D46DE8}") = "HpcDeploy", "HpcDeploy", "{0F68DD25-9EB4-4936-A80D-F6E7508A4C90}"
EndProject
Project("{2150E333-8FDC-42A3-9474-1A3956D46DE8}") = "DataMovement", "DataMovement", "{713BB55E-767D-4429-A70E-FA41BDFE2FA1}"
EndProject
Project("{FAE04EC0-301F-11D3-BF4B-00C04F79EFBC}") = "BrokerBase", "..\base\BrokerBase.csproj", "{3F01D480-4CDE-4F46-99EA-95CEDA05063E}"
EndProject
Project("{2150E333-8FDC-42A3-9474-1A3956D46DE8}") = "base", "base", "{6626D335-7E96-4CD7-A16E-274F4558C098}"
EndProject
Project("{FAE04EC0-301F-11D3-BF4B-00C04F79EFBC}") = "CcpWSLB", "..\CcpWSLB\CcpWSLB.csproj", "{2629DC89-F12C-489D-8CF6-E0A6046B6863}"
EndProject
Project("{2150E333-8FDC-42A3-9474-1A3956D46DE8}") = "CcpWSLB", "CcpWSLB", "{D7589796-6226-42B4-9D8E-B4C4E3A85BF6}"
EndProject
Project("{FAE04EC0-301F-11D3-BF4B-00C04F79EFBC}") = "Session", "..\SessionAPI\Session.csproj", "{72FC4EEA-C32B-444B-80B7-0E2B137C05C7}"
EndProject
Project("{2150E333-8FDC-42A3-9474-1A3956D46DE8}") = "SessionAPI", "SessionAPI", "{F7F1CC85-B772-42D9-BAB8-62375711A733}"
EndProject
Project("{FAE04EC0-301F-11D3-BF4B-00C04F79EFBC}") = "StandaloneDataClient", "..\..\StandaloneDataClient\StandaloneDataClient.csproj", "{8F4412AA-A6E0-49E5-A331-1B1047E2159D}"
EndProject
Project("{2150E333-8FDC-42A3-9474-1A3956D46DE8}") = "StandaloneDataClient", "StandaloneDataClient", "{AB00B239-60D8-45A1-8896-A4743E55B58C}"
EndProject
Project("{FAE04EC0-301F-11D3-BF4B-00C04F79EFBC}") = "SOABurst", "..\SOABurst\SOABurst.csproj", "{3AB56212-E9D3-44E3-AA80-EBD1B29A228F}"
EndProject
Project("{2150E333-8FDC-42A3-9474-1A3956D46DE8}") = "SOABurst", "SOABurst", "{A928B228-9822-4CF1-A4DA-4BD9C18BCD97}"
EndProject
Project("{FAE04EC0-301F-11D3-BF4B-00C04F79EFBC}") = "SoaCommonUtility", "..\SoaCommonUtility\SoaCommonUtility.csproj", "{BF0B4020-9934-466C-AF35-9F97B4CF18AC}"
EndProject
Project("{2150E333-8FDC-42A3-9474-1A3956D46DE8}") = "SoaCommonUtility", "SoaCommonUtility", "{B0221780-D024-42F7-BC1B-C6C8D9688309}"
EndProject
Project("{FAE04EC0-301F-11D3-BF4B-00C04F79EFBC}") = "SoaAmbientConfig", "..\SoaAmbientConfig\SoaAmbientConfig.csproj", "{9AD369C0-F404-4591-AE7A-6DFF3D2D99A2}"
EndProject
Project("{2150E333-8FDC-42A3-9474-1A3956D46DE8}") = "SoaAmbientConfig", "SoaAmbientConfig", "{A60F9561-972F-4C45-B238-60B038C415F3}"
EndProject
Project("{FAE04EC0-301F-11D3-BF4B-00C04F79EFBC}") = "SOADiagLib", "..\SOADiagLib\SOADiagLib.csproj", "{B78E95E1-6FD0-497A-A793-BC14D681A805}"
EndProject
Project("{2150E333-8FDC-42A3-9474-1A3956D46DE8}") = "SOADiagLib", "SOADiagLib", "{B3D1C927-39F9-463B-BB40-3C0A4A5381F2}"
EndProject
Project("{FAE04EC0-301F-11D3-BF4B-00C04F79EFBC}") = "ETWCore", "..\TracingTools\ETWCore\ETWCore.csproj", "{F597BC1C-D3D0-4443-ABF0-A1D74F3121EB}"
EndProject
Project("{2150E333-8FDC-42A3-9474-1A3956D46DE8}") = "TracingTools", "TracingTools", "{8E24C6A0-5CAB-46C9-AFDF-90C373F76798}"
EndProject
Project("{2150E333-8FDC-42A3-9474-1A3956D46DE8}") = "ETWCore", "ETWCore", "{ABF877B0-D20D-4139-B41B-9513487D1103}"
EndProject
Project("{FAE04EC0-301F-11D3-BF4B-00C04F79EFBC}") = "SOADiagSvc", "..\SOADiagSvc\SOADiagSvc.csproj", "{4E060B7C-887D-4AA6-9A50-37E1CC1D5A1A}"
EndProject
Project("{2150E333-8FDC-42A3-9474-1A3956D46DE8}") = "SOADiagSvc", "SOADiagSvc", "{04F0AA74-3EF6-4E56-9C0E-CDD5CFAFABB7}"
EndProject
Project("{FAE04EC0-301F-11D3-BF4B-00C04F79EFBC}") = "BrokerLauncher.UnitTest", "..\BrokerLauncher.UnitTest\BrokerLauncher.UnitTest.csproj", "{1C30BEC9-13DA-4CBD-870F-EE55BD7FC748}"
EndProject
Project("{FAE04EC0-301F-11D3-BF4B-00C04F79EFBC}") = "SessionAPI.UnitTest", "..\SessionAPI.UnitTest\SessionAPI.UnitTest.csproj", "{8965BC50-986A-4286-BE93-AD4B535E518A}"
EndProject
Global
	GlobalSection(SolutionConfigurationPlatforms) = preSolution
		Debug|Any CPU = Debug|Any CPU
		Debug|x64 = Debug|x64
		Release|Any CPU = Release|Any CPU
		Release|x64 = Release|x64
	EndGlobalSection
	GlobalSection(ProjectConfigurationPlatforms) = postSolution
		{7594BB62-494B-4D72-9F5D-EE4C993FE6C3}.Debug|Any CPU.ActiveCfg = Debug|Any CPU
		{7594BB62-494B-4D72-9F5D-EE4C993FE6C3}.Debug|Any CPU.Build.0 = Debug|Any CPU
		{7594BB62-494B-4D72-9F5D-EE4C993FE6C3}.Debug|x64.ActiveCfg = Debug|x64
		{7594BB62-494B-4D72-9F5D-EE4C993FE6C3}.Debug|x64.Build.0 = Debug|x64
		{7594BB62-494B-4D72-9F5D-EE4C993FE6C3}.Release|Any CPU.ActiveCfg = Release|Any CPU
		{7594BB62-494B-4D72-9F5D-EE4C993FE6C3}.Release|Any CPU.Build.0 = Release|Any CPU
		{7594BB62-494B-4D72-9F5D-EE4C993FE6C3}.Release|x64.ActiveCfg = Release|x64
		{7594BB62-494B-4D72-9F5D-EE4C993FE6C3}.Release|x64.Build.0 = Release|x64
		{895FCBFB-73B4-46F3-8A89-76C236F01BF4}.Debug|Any CPU.ActiveCfg = Debug|Any CPU
		{895FCBFB-73B4-46F3-8A89-76C236F01BF4}.Debug|Any CPU.Build.0 = Debug|Any CPU
		{895FCBFB-73B4-46F3-8A89-76C236F01BF4}.Debug|x64.ActiveCfg = Debug|x64
		{895FCBFB-73B4-46F3-8A89-76C236F01BF4}.Debug|x64.Build.0 = Debug|x64
		{895FCBFB-73B4-46F3-8A89-76C236F01BF4}.Release|Any CPU.ActiveCfg = Release|Any CPU
		{895FCBFB-73B4-46F3-8A89-76C236F01BF4}.Release|Any CPU.Build.0 = Release|Any CPU
		{895FCBFB-73B4-46F3-8A89-76C236F01BF4}.Release|x64.ActiveCfg = Release|x64
		{895FCBFB-73B4-46F3-8A89-76C236F01BF4}.Release|x64.Build.0 = Release|x64
		{2C3936C7-4850-41D7-9497-9040BE302328}.Debug|Any CPU.ActiveCfg = Debug|Any CPU
		{2C3936C7-4850-41D7-9497-9040BE302328}.Debug|Any CPU.Build.0 = Debug|Any CPU
		{2C3936C7-4850-41D7-9497-9040BE302328}.Debug|x64.ActiveCfg = Debug|x64
		{2C3936C7-4850-41D7-9497-9040BE302328}.Debug|x64.Build.0 = Debug|x64
		{2C3936C7-4850-41D7-9497-9040BE302328}.Release|Any CPU.ActiveCfg = Release|Any CPU
		{2C3936C7-4850-41D7-9497-9040BE302328}.Release|Any CPU.Build.0 = Release|Any CPU
		{2C3936C7-4850-41D7-9497-9040BE302328}.Release|x64.ActiveCfg = Release|x64
		{2C3936C7-4850-41D7-9497-9040BE302328}.Release|x64.Build.0 = Release|x64
		{4AF1BD71-310F-434B-918A-EA10234BF2E1}.Debug|Any CPU.ActiveCfg = Debug|x64
		{4AF1BD71-310F-434B-918A-EA10234BF2E1}.Debug|x64.ActiveCfg = Debug|x64
		{4AF1BD71-310F-434B-918A-EA10234BF2E1}.Debug|x64.Build.0 = Debug|x64
		{4AF1BD71-310F-434B-918A-EA10234BF2E1}.Release|Any CPU.ActiveCfg = Debug|x64
		{4AF1BD71-310F-434B-918A-EA10234BF2E1}.Release|x64.ActiveCfg = Debug|x64
		{15F3514E-1657-4F05-A176-BA714699C243}.Debug|Any CPU.ActiveCfg = Debug|x64
		{15F3514E-1657-4F05-A176-BA714699C243}.Debug|x64.ActiveCfg = Debug|x64
		{15F3514E-1657-4F05-A176-BA714699C243}.Debug|x64.Build.0 = Debug|x64
		{15F3514E-1657-4F05-A176-BA714699C243}.Release|Any CPU.ActiveCfg = Debug|x64
		{15F3514E-1657-4F05-A176-BA714699C243}.Release|x64.ActiveCfg = Debug|x64
		{FC648818-7E85-4B13-BB4F-B6BC0DC1369F}.Debug|Any CPU.ActiveCfg = Debug|x64
		{FC648818-7E85-4B13-BB4F-B6BC0DC1369F}.Debug|x64.ActiveCfg = Debug|x64
		{FC648818-7E85-4B13-BB4F-B6BC0DC1369F}.Debug|x64.Build.0 = Debug|x64
		{FC648818-7E85-4B13-BB4F-B6BC0DC1369F}.Release|Any CPU.ActiveCfg = Debug|x64
		{FC648818-7E85-4B13-BB4F-B6BC0DC1369F}.Release|x64.ActiveCfg = Debug|x64
		{1EC8C462-B773-4548-A2A8-439DFD95A897}.Debug|Any CPU.ActiveCfg = Debug|x64
		{1EC8C462-B773-4548-A2A8-439DFD95A897}.Debug|x64.ActiveCfg = Debug|x64
		{1EC8C462-B773-4548-A2A8-439DFD95A897}.Debug|x64.Build.0 = Debug|x64
		{1EC8C462-B773-4548-A2A8-439DFD95A897}.Release|Any CPU.ActiveCfg = Debug|x64
		{1EC8C462-B773-4548-A2A8-439DFD95A897}.Release|x64.ActiveCfg = Debug|x64
		{E247C010-0B6F-43F1-B52C-12168CE5A70F}.Debug|Any CPU.ActiveCfg = Debug|x64
		{E247C010-0B6F-43F1-B52C-12168CE5A70F}.Debug|x64.ActiveCfg = Debug|x64
		{E247C010-0B6F-43F1-B52C-12168CE5A70F}.Debug|x64.Build.0 = Debug|x64
		{E247C010-0B6F-43F1-B52C-12168CE5A70F}.Release|Any CPU.ActiveCfg = Debug|x64
		{E247C010-0B6F-43F1-B52C-12168CE5A70F}.Release|x64.ActiveCfg = Debug|x64
		{E4B43673-7C1A-4E6E-96F5-6C53704BEAC0}.Debug|Any CPU.ActiveCfg = Debug|x64
		{E4B43673-7C1A-4E6E-96F5-6C53704BEAC0}.Debug|x64.ActiveCfg = Debug|x64
		{E4B43673-7C1A-4E6E-96F5-6C53704BEAC0}.Debug|x64.Build.0 = Debug|x64
		{E4B43673-7C1A-4E6E-96F5-6C53704BEAC0}.Release|Any CPU.ActiveCfg = Debug|x64
		{E4B43673-7C1A-4E6E-96F5-6C53704BEAC0}.Release|x64.ActiveCfg = Debug|x64
		{551F6A2B-3EAB-47BA-BCF1-EAE30B99BBD5}.Debug|Any CPU.ActiveCfg = Debug|x64
		{551F6A2B-3EAB-47BA-BCF1-EAE30B99BBD5}.Debug|x64.ActiveCfg = Debug|x64
		{551F6A2B-3EAB-47BA-BCF1-EAE30B99BBD5}.Debug|x64.Build.0 = Debug|x64
		{551F6A2B-3EAB-47BA-BCF1-EAE30B99BBD5}.Release|Any CPU.ActiveCfg = Debug|x64
		{551F6A2B-3EAB-47BA-BCF1-EAE30B99BBD5}.Release|x64.ActiveCfg = Debug|x64
		{61844849-3D26-4003-8146-5AE86985DB3A}.Debug|Any CPU.ActiveCfg = Debug|Any CPU
		{61844849-3D26-4003-8146-5AE86985DB3A}.Debug|Any CPU.Build.0 = Debug|Any CPU
		{61844849-3D26-4003-8146-5AE86985DB3A}.Debug|x64.ActiveCfg = Debug|x64
		{61844849-3D26-4003-8146-5AE86985DB3A}.Debug|x64.Build.0 = Debug|x64
		{61844849-3D26-4003-8146-5AE86985DB3A}.Release|Any CPU.ActiveCfg = Release|Any CPU
		{61844849-3D26-4003-8146-5AE86985DB3A}.Release|Any CPU.Build.0 = Release|Any CPU
		{61844849-3D26-4003-8146-5AE86985DB3A}.Release|x64.ActiveCfg = Release|x64
		{61844849-3D26-4003-8146-5AE86985DB3A}.Release|x64.Build.0 = Release|x64
		{82F72B8B-372E-4A1C-8139-714AE932EBCB}.Debug|Any CPU.ActiveCfg = Debug|Any CPU
		{82F72B8B-372E-4A1C-8139-714AE932EBCB}.Debug|Any CPU.Build.0 = Debug|Any CPU
		{82F72B8B-372E-4A1C-8139-714AE932EBCB}.Debug|x64.ActiveCfg = Debug|x64
		{82F72B8B-372E-4A1C-8139-714AE932EBCB}.Debug|x64.Build.0 = Debug|x64
		{82F72B8B-372E-4A1C-8139-714AE932EBCB}.Release|Any CPU.ActiveCfg = Release|Any CPU
		{82F72B8B-372E-4A1C-8139-714AE932EBCB}.Release|Any CPU.Build.0 = Release|Any CPU
		{82F72B8B-372E-4A1C-8139-714AE932EBCB}.Release|x64.ActiveCfg = Release|x64
		{82F72B8B-372E-4A1C-8139-714AE932EBCB}.Release|x64.Build.0 = Release|x64
		{E73BE019-72F1-42F3-BB00-2F401B8DC1A5}.Debug|Any CPU.ActiveCfg = Debug|x64
		{E73BE019-72F1-42F3-BB00-2F401B8DC1A5}.Debug|x64.ActiveCfg = Debug|x64
		{E73BE019-72F1-42F3-BB00-2F401B8DC1A5}.Debug|x64.Build.0 = Debug|x64
		{E73BE019-72F1-42F3-BB00-2F401B8DC1A5}.Release|Any CPU.ActiveCfg = Debug|x64
		{E73BE019-72F1-42F3-BB00-2F401B8DC1A5}.Release|x64.ActiveCfg = Debug|x64
		{304336BE-E9EA-461A-AC9E-C1A2CFC4983F}.Debug|Any CPU.ActiveCfg = Debug|x64
		{304336BE-E9EA-461A-AC9E-C1A2CFC4983F}.Debug|x64.ActiveCfg = Debug|x64
		{304336BE-E9EA-461A-AC9E-C1A2CFC4983F}.Debug|x64.Build.0 = Debug|x64
		{304336BE-E9EA-461A-AC9E-C1A2CFC4983F}.Release|Any CPU.ActiveCfg = Debug|x64
		{304336BE-E9EA-461A-AC9E-C1A2CFC4983F}.Release|x64.ActiveCfg = Debug|x64
		{A4F62320-B863-4134-BBBB-B2D3788A2B80}.Debug|Any CPU.ActiveCfg = Debug|x64
		{A4F62320-B863-4134-BBBB-B2D3788A2B80}.Debug|x64.ActiveCfg = Debug|x64
		{A4F62320-B863-4134-BBBB-B2D3788A2B80}.Debug|x64.Build.0 = Debug|x64
		{A4F62320-B863-4134-BBBB-B2D3788A2B80}.Release|Any CPU.ActiveCfg = Debug|x64
		{A4F62320-B863-4134-BBBB-B2D3788A2B80}.Release|x64.ActiveCfg = Debug|x64
		{4DD8B25B-A5CF-40FE-99F7-13AAD2BABCAD}.Debug|Any CPU.ActiveCfg = Debug|x64
		{4DD8B25B-A5CF-40FE-99F7-13AAD2BABCAD}.Debug|x64.ActiveCfg = Debug|x64
		{4DD8B25B-A5CF-40FE-99F7-13AAD2BABCAD}.Debug|x64.Build.0 = Debug|x64
		{4DD8B25B-A5CF-40FE-99F7-13AAD2BABCAD}.Release|Any CPU.ActiveCfg = Debug|x64
		{4DD8B25B-A5CF-40FE-99F7-13AAD2BABCAD}.Release|x64.ActiveCfg = Debug|x64
		{FA8C6D5A-6BDD-4F21-87F4-671D00534068}.Debug|Any CPU.ActiveCfg = Debug|x64
		{FA8C6D5A-6BDD-4F21-87F4-671D00534068}.Debug|x64.ActiveCfg = Debug|x64
		{FA8C6D5A-6BDD-4F21-87F4-671D00534068}.Debug|x64.Build.0 = Debug|x64
		{FA8C6D5A-6BDD-4F21-87F4-671D00534068}.Release|Any CPU.ActiveCfg = Debug|x64
		{FA8C6D5A-6BDD-4F21-87F4-671D00534068}.Release|x64.ActiveCfg = Debug|x64
		{102F0140-AB4E-40E8-A54D-96719BABBD51}.Debug|Any CPU.ActiveCfg = Debug|x64
		{102F0140-AB4E-40E8-A54D-96719BABBD51}.Debug|x64.ActiveCfg = Debug|x64
		{102F0140-AB4E-40E8-A54D-96719BABBD51}.Debug|x64.Build.0 = Debug|x64
		{102F0140-AB4E-40E8-A54D-96719BABBD51}.Release|Any CPU.ActiveCfg = Debug|x64
		{102F0140-AB4E-40E8-A54D-96719BABBD51}.Release|x64.ActiveCfg = Debug|x64
		{0F05A9F0-2F16-47C8-BF70-DE6A5F7A6EF9}.Debug|Any CPU.ActiveCfg = Debug|x64
		{0F05A9F0-2F16-47C8-BF70-DE6A5F7A6EF9}.Debug|x64.ActiveCfg = Debug|x64
		{0F05A9F0-2F16-47C8-BF70-DE6A5F7A6EF9}.Debug|x64.Build.0 = Debug|x64
		{0F05A9F0-2F16-47C8-BF70-DE6A5F7A6EF9}.Release|Any CPU.ActiveCfg = Debug|x64
		{0F05A9F0-2F16-47C8-BF70-DE6A5F7A6EF9}.Release|x64.ActiveCfg = Debug|x64
		{1E70D458-57A3-4BC6-B7F8-253378D2116E}.Debug|Any CPU.ActiveCfg = Debug|x64
		{1E70D458-57A3-4BC6-B7F8-253378D2116E}.Debug|x64.ActiveCfg = Debug|x64
		{1E70D458-57A3-4BC6-B7F8-253378D2116E}.Debug|x64.Build.0 = Debug|x64
		{1E70D458-57A3-4BC6-B7F8-253378D2116E}.Release|Any CPU.ActiveCfg = Debug|x64
		{1E70D458-57A3-4BC6-B7F8-253378D2116E}.Release|x64.ActiveCfg = Debug|x64
		{CA5B073E-24BA-46A2-ABE1-8260B714D618}.Debug|Any CPU.ActiveCfg = Debug|x64
		{CA5B073E-24BA-46A2-ABE1-8260B714D618}.Debug|x64.ActiveCfg = Debug|x64
		{CA5B073E-24BA-46A2-ABE1-8260B714D618}.Debug|x64.Build.0 = Debug|x64
		{CA5B073E-24BA-46A2-ABE1-8260B714D618}.Release|Any CPU.ActiveCfg = Debug|x64
		{CA5B073E-24BA-46A2-ABE1-8260B714D618}.Release|x64.ActiveCfg = Debug|x64
		{2170E547-D1F4-42A2-B217-BC413F0A5A27}.Debug|Any CPU.ActiveCfg = Debug|x64
		{2170E547-D1F4-42A2-B217-BC413F0A5A27}.Debug|x64.ActiveCfg = Debug|x64
		{2170E547-D1F4-42A2-B217-BC413F0A5A27}.Debug|x64.Build.0 = Debug|x64
		{2170E547-D1F4-42A2-B217-BC413F0A5A27}.Release|Any CPU.ActiveCfg = Debug|x64
		{2170E547-D1F4-42A2-B217-BC413F0A5A27}.Release|x64.ActiveCfg = Debug|x64
		{75DC44BE-A4A4-4A9F-B8B3-DF62C81BCEAC}.Debug|Any CPU.ActiveCfg = Debug|x64
		{75DC44BE-A4A4-4A9F-B8B3-DF62C81BCEAC}.Debug|x64.ActiveCfg = Debug|x64
		{75DC44BE-A4A4-4A9F-B8B3-DF62C81BCEAC}.Debug|x64.Build.0 = Debug|x64
		{75DC44BE-A4A4-4A9F-B8B3-DF62C81BCEAC}.Release|Any CPU.ActiveCfg = Debug|x64
		{75DC44BE-A4A4-4A9F-B8B3-DF62C81BCEAC}.Release|x64.ActiveCfg = Debug|x64
		{27A80925-9007-466A-93EC-973A0FAA9FAF}.Debug|Any CPU.ActiveCfg = Debug|x64
		{27A80925-9007-466A-93EC-973A0FAA9FAF}.Debug|x64.ActiveCfg = Debug|x64
		{27A80925-9007-466A-93EC-973A0FAA9FAF}.Debug|x64.Build.0 = Debug|x64
		{27A80925-9007-466A-93EC-973A0FAA9FAF}.Release|Any CPU.ActiveCfg = Debug|x64
		{27A80925-9007-466A-93EC-973A0FAA9FAF}.Release|x64.ActiveCfg = Debug|x64
		{D887D5ED-5128-4376-947C-E8FFDC5C0BAE}.Debug|Any CPU.ActiveCfg = Debug|x64
		{D887D5ED-5128-4376-947C-E8FFDC5C0BAE}.Debug|x64.ActiveCfg = Debug|x64
		{D887D5ED-5128-4376-947C-E8FFDC5C0BAE}.Debug|x64.Build.0 = Debug|x64
		{D887D5ED-5128-4376-947C-E8FFDC5C0BAE}.Release|Any CPU.ActiveCfg = Debug|x64
		{D887D5ED-5128-4376-947C-E8FFDC5C0BAE}.Release|x64.ActiveCfg = Debug|x64
		{52A16BD4-2466-4D43-A5CF-F845D0617589}.Debug|Any CPU.ActiveCfg = Debug|x64
		{52A16BD4-2466-4D43-A5CF-F845D0617589}.Debug|x64.ActiveCfg = Debug|x64
		{52A16BD4-2466-4D43-A5CF-F845D0617589}.Debug|x64.Build.0 = Debug|x64
		{52A16BD4-2466-4D43-A5CF-F845D0617589}.Release|Any CPU.ActiveCfg = Debug|x64
		{52A16BD4-2466-4D43-A5CF-F845D0617589}.Release|x64.ActiveCfg = Debug|x64
		{C65A3756-4816-478B-9D03-22A782FBD083}.Debug|Any CPU.ActiveCfg = Debug|x64
		{C65A3756-4816-478B-9D03-22A782FBD083}.Debug|x64.ActiveCfg = Debug|x64
		{C65A3756-4816-478B-9D03-22A782FBD083}.Debug|x64.Build.0 = Debug|x64
		{C65A3756-4816-478B-9D03-22A782FBD083}.Release|Any CPU.ActiveCfg = Debug|x64
		{C65A3756-4816-478B-9D03-22A782FBD083}.Release|x64.ActiveCfg = Debug|x64
		{DC95BCCE-D419-464A-AF88-CB90CAFABE60}.Debug|Any CPU.ActiveCfg = Debug|x64
		{DC95BCCE-D419-464A-AF88-CB90CAFABE60}.Debug|x64.ActiveCfg = Debug|x64
		{DC95BCCE-D419-464A-AF88-CB90CAFABE60}.Debug|x64.Build.0 = Debug|x64
		{DC95BCCE-D419-464A-AF88-CB90CAFABE60}.Release|Any CPU.ActiveCfg = Debug|x64
		{DC95BCCE-D419-464A-AF88-CB90CAFABE60}.Release|x64.ActiveCfg = Debug|x64
		{78E5E61B-DD12-475A-845B-7DA3F6B0F987}.Debug|Any CPU.ActiveCfg = Debug|Any CPU
		{78E5E61B-DD12-475A-845B-7DA3F6B0F987}.Debug|Any CPU.Build.0 = Debug|Any CPU
		{78E5E61B-DD12-475A-845B-7DA3F6B0F987}.Debug|x64.ActiveCfg = Debug|x64
		{78E5E61B-DD12-475A-845B-7DA3F6B0F987}.Debug|x64.Build.0 = Debug|x64
		{78E5E61B-DD12-475A-845B-7DA3F6B0F987}.Release|Any CPU.ActiveCfg = Release|Any CPU
		{78E5E61B-DD12-475A-845B-7DA3F6B0F987}.Release|Any CPU.Build.0 = Release|Any CPU
		{78E5E61B-DD12-475A-845B-7DA3F6B0F987}.Release|x64.ActiveCfg = Release|x64
		{78E5E61B-DD12-475A-845B-7DA3F6B0F987}.Release|x64.Build.0 = Release|x64
		{EFDBE309-2C73-40F3-AB7D-20ED4FA213C4}.Debug|Any CPU.ActiveCfg = Debug|Any CPU
		{EFDBE309-2C73-40F3-AB7D-20ED4FA213C4}.Debug|Any CPU.Build.0 = Debug|Any CPU
		{EFDBE309-2C73-40F3-AB7D-20ED4FA213C4}.Debug|x64.ActiveCfg = Debug|x64
		{EFDBE309-2C73-40F3-AB7D-20ED4FA213C4}.Debug|x64.Build.0 = Debug|x64
		{EFDBE309-2C73-40F3-AB7D-20ED4FA213C4}.Release|Any CPU.ActiveCfg = Release|Any CPU
		{EFDBE309-2C73-40F3-AB7D-20ED4FA213C4}.Release|Any CPU.Build.0 = Release|Any CPU
		{EFDBE309-2C73-40F3-AB7D-20ED4FA213C4}.Release|x64.ActiveCfg = Release|x64
		{EFDBE309-2C73-40F3-AB7D-20ED4FA213C4}.Release|x64.Build.0 = Release|x64
		{F0A3E1B7-6C6F-4357-99EE-49210440FFFD}.Debug|Any CPU.ActiveCfg = Debug|Any CPU
		{F0A3E1B7-6C6F-4357-99EE-49210440FFFD}.Debug|Any CPU.Build.0 = Debug|Any CPU
		{F0A3E1B7-6C6F-4357-99EE-49210440FFFD}.Debug|x64.ActiveCfg = Debug|x64
		{F0A3E1B7-6C6F-4357-99EE-49210440FFFD}.Debug|x64.Build.0 = Debug|x64
		{F0A3E1B7-6C6F-4357-99EE-49210440FFFD}.Release|Any CPU.ActiveCfg = Release|Any CPU
		{F0A3E1B7-6C6F-4357-99EE-49210440FFFD}.Release|Any CPU.Build.0 = Release|Any CPU
		{F0A3E1B7-6C6F-4357-99EE-49210440FFFD}.Release|x64.ActiveCfg = Release|x64
		{F0A3E1B7-6C6F-4357-99EE-49210440FFFD}.Release|x64.Build.0 = Release|x64
		{3F01D480-4CDE-4F46-99EA-95CEDA05063E}.Debug|Any CPU.ActiveCfg = Debug|Any CPU
		{3F01D480-4CDE-4F46-99EA-95CEDA05063E}.Debug|Any CPU.Build.0 = Debug|Any CPU
		{3F01D480-4CDE-4F46-99EA-95CEDA05063E}.Debug|x64.ActiveCfg = Debug|x64
		{3F01D480-4CDE-4F46-99EA-95CEDA05063E}.Debug|x64.Build.0 = Debug|x64
		{3F01D480-4CDE-4F46-99EA-95CEDA05063E}.Release|Any CPU.ActiveCfg = Release|Any CPU
		{3F01D480-4CDE-4F46-99EA-95CEDA05063E}.Release|Any CPU.Build.0 = Release|Any CPU
		{3F01D480-4CDE-4F46-99EA-95CEDA05063E}.Release|x64.ActiveCfg = Release|x64
		{3F01D480-4CDE-4F46-99EA-95CEDA05063E}.Release|x64.Build.0 = Release|x64
		{2629DC89-F12C-489D-8CF6-E0A6046B6863}.Debug|Any CPU.ActiveCfg = Debug|Any CPU
		{2629DC89-F12C-489D-8CF6-E0A6046B6863}.Debug|Any CPU.Build.0 = Debug|Any CPU
		{2629DC89-F12C-489D-8CF6-E0A6046B6863}.Debug|x64.ActiveCfg = Debug|x64
		{2629DC89-F12C-489D-8CF6-E0A6046B6863}.Debug|x64.Build.0 = Debug|x64
		{2629DC89-F12C-489D-8CF6-E0A6046B6863}.Release|Any CPU.ActiveCfg = Release|Any CPU
		{2629DC89-F12C-489D-8CF6-E0A6046B6863}.Release|Any CPU.Build.0 = Release|Any CPU
		{2629DC89-F12C-489D-8CF6-E0A6046B6863}.Release|x64.ActiveCfg = Release|x64
		{2629DC89-F12C-489D-8CF6-E0A6046B6863}.Release|x64.Build.0 = Release|x64
		{72FC4EEA-C32B-444B-80B7-0E2B137C05C7}.Debug|Any CPU.ActiveCfg = Debug|Any CPU
		{72FC4EEA-C32B-444B-80B7-0E2B137C05C7}.Debug|Any CPU.Build.0 = Debug|Any CPU
		{72FC4EEA-C32B-444B-80B7-0E2B137C05C7}.Debug|x64.ActiveCfg = Debug|x64
		{72FC4EEA-C32B-444B-80B7-0E2B137C05C7}.Debug|x64.Build.0 = Debug|x64
		{72FC4EEA-C32B-444B-80B7-0E2B137C05C7}.Release|Any CPU.ActiveCfg = Release|Any CPU
		{72FC4EEA-C32B-444B-80B7-0E2B137C05C7}.Release|Any CPU.Build.0 = Release|Any CPU
		{72FC4EEA-C32B-444B-80B7-0E2B137C05C7}.Release|x64.ActiveCfg = Release|x64
		{72FC4EEA-C32B-444B-80B7-0E2B137C05C7}.Release|x64.Build.0 = Release|x64
		{8F4412AA-A6E0-49E5-A331-1B1047E2159D}.Debug|Any CPU.ActiveCfg = Debug|Any CPU
		{8F4412AA-A6E0-49E5-A331-1B1047E2159D}.Debug|Any CPU.Build.0 = Debug|Any CPU
		{8F4412AA-A6E0-49E5-A331-1B1047E2159D}.Debug|x64.ActiveCfg = Debug|x64
		{8F4412AA-A6E0-49E5-A331-1B1047E2159D}.Debug|x64.Build.0 = Debug|x64
		{8F4412AA-A6E0-49E5-A331-1B1047E2159D}.Release|Any CPU.ActiveCfg = Release|Any CPU
		{8F4412AA-A6E0-49E5-A331-1B1047E2159D}.Release|Any CPU.Build.0 = Release|Any CPU
		{8F4412AA-A6E0-49E5-A331-1B1047E2159D}.Release|x64.ActiveCfg = Release|x64
		{8F4412AA-A6E0-49E5-A331-1B1047E2159D}.Release|x64.Build.0 = Release|x64
		{3AB56212-E9D3-44E3-AA80-EBD1B29A228F}.Debug|Any CPU.ActiveCfg = Debug|Any CPU
		{3AB56212-E9D3-44E3-AA80-EBD1B29A228F}.Debug|Any CPU.Build.0 = Debug|Any CPU
		{3AB56212-E9D3-44E3-AA80-EBD1B29A228F}.Debug|x64.ActiveCfg = Debug|x64
		{3AB56212-E9D3-44E3-AA80-EBD1B29A228F}.Debug|x64.Build.0 = Debug|x64
		{3AB56212-E9D3-44E3-AA80-EBD1B29A228F}.Release|Any CPU.ActiveCfg = Release|Any CPU
		{3AB56212-E9D3-44E3-AA80-EBD1B29A228F}.Release|Any CPU.Build.0 = Release|Any CPU
		{3AB56212-E9D3-44E3-AA80-EBD1B29A228F}.Release|x64.ActiveCfg = Release|x64
		{3AB56212-E9D3-44E3-AA80-EBD1B29A228F}.Release|x64.Build.0 = Release|x64
		{BF0B4020-9934-466C-AF35-9F97B4CF18AC}.Debug|Any CPU.ActiveCfg = Debug|Any CPU
		{BF0B4020-9934-466C-AF35-9F97B4CF18AC}.Debug|Any CPU.Build.0 = Debug|Any CPU
		{BF0B4020-9934-466C-AF35-9F97B4CF18AC}.Debug|x64.ActiveCfg = Debug|x64
		{BF0B4020-9934-466C-AF35-9F97B4CF18AC}.Debug|x64.Build.0 = Debug|x64
		{BF0B4020-9934-466C-AF35-9F97B4CF18AC}.Release|Any CPU.ActiveCfg = Release|Any CPU
		{BF0B4020-9934-466C-AF35-9F97B4CF18AC}.Release|Any CPU.Build.0 = Release|Any CPU
		{BF0B4020-9934-466C-AF35-9F97B4CF18AC}.Release|x64.ActiveCfg = Release|x64
		{BF0B4020-9934-466C-AF35-9F97B4CF18AC}.Release|x64.Build.0 = Release|x64
		{9AD369C0-F404-4591-AE7A-6DFF3D2D99A2}.Debug|Any CPU.ActiveCfg = Debug|Any CPU
		{9AD369C0-F404-4591-AE7A-6DFF3D2D99A2}.Debug|Any CPU.Build.0 = Debug|Any CPU
		{9AD369C0-F404-4591-AE7A-6DFF3D2D99A2}.Debug|x64.ActiveCfg = Debug|x64
		{9AD369C0-F404-4591-AE7A-6DFF3D2D99A2}.Debug|x64.Build.0 = Debug|x64
		{9AD369C0-F404-4591-AE7A-6DFF3D2D99A2}.Release|Any CPU.ActiveCfg = Release|Any CPU
		{9AD369C0-F404-4591-AE7A-6DFF3D2D99A2}.Release|Any CPU.Build.0 = Release|Any CPU
		{9AD369C0-F404-4591-AE7A-6DFF3D2D99A2}.Release|x64.ActiveCfg = Release|x64
		{9AD369C0-F404-4591-AE7A-6DFF3D2D99A2}.Release|x64.Build.0 = Release|x64
		{B78E95E1-6FD0-497A-A793-BC14D681A805}.Debug|Any CPU.ActiveCfg = Debug|x64
		{B78E95E1-6FD0-497A-A793-BC14D681A805}.Debug|x64.ActiveCfg = Debug|x64
		{B78E95E1-6FD0-497A-A793-BC14D681A805}.Debug|x64.Build.0 = Debug|x64
		{B78E95E1-6FD0-497A-A793-BC14D681A805}.Release|Any CPU.ActiveCfg = Debug|x64
		{B78E95E1-6FD0-497A-A793-BC14D681A805}.Release|x64.ActiveCfg = Debug|x64
		{F597BC1C-D3D0-4443-ABF0-A1D74F3121EB}.Debug|Any CPU.ActiveCfg = Debug|x64
		{F597BC1C-D3D0-4443-ABF0-A1D74F3121EB}.Debug|x64.ActiveCfg = Debug|x64
		{F597BC1C-D3D0-4443-ABF0-A1D74F3121EB}.Debug|x64.Build.0 = Debug|x64
		{F597BC1C-D3D0-4443-ABF0-A1D74F3121EB}.Release|Any CPU.ActiveCfg = Debug|x64
		{F597BC1C-D3D0-4443-ABF0-A1D74F3121EB}.Release|x64.ActiveCfg = Debug|x64
		{4E060B7C-887D-4AA6-9A50-37E1CC1D5A1A}.Debug|Any CPU.ActiveCfg = Debug|x64
		{4E060B7C-887D-4AA6-9A50-37E1CC1D5A1A}.Debug|x64.ActiveCfg = Debug|x64
		{4E060B7C-887D-4AA6-9A50-37E1CC1D5A1A}.Debug|x64.Build.0 = Debug|x64
		{4E060B7C-887D-4AA6-9A50-37E1CC1D5A1A}.Release|Any CPU.ActiveCfg = Debug|x64
		{4E060B7C-887D-4AA6-9A50-37E1CC1D5A1A}.Release|x64.ActiveCfg = Debug|x64
		{1C30BEC9-13DA-4CBD-870F-EE55BD7FC748}.Debug|Any CPU.ActiveCfg = Debug|Any CPU
		{1C30BEC9-13DA-4CBD-870F-EE55BD7FC748}.Debug|Any CPU.Build.0 = Debug|Any CPU
		{1C30BEC9-13DA-4CBD-870F-EE55BD7FC748}.Debug|x64.ActiveCfg = Debug|Any CPU
		{1C30BEC9-13DA-4CBD-870F-EE55BD7FC748}.Debug|x64.Build.0 = Debug|Any CPU
		{1C30BEC9-13DA-4CBD-870F-EE55BD7FC748}.Release|Any CPU.ActiveCfg = Release|Any CPU
		{1C30BEC9-13DA-4CBD-870F-EE55BD7FC748}.Release|Any CPU.Build.0 = Release|Any CPU
		{1C30BEC9-13DA-4CBD-870F-EE55BD7FC748}.Release|x64.ActiveCfg = Release|Any CPU
		{1C30BEC9-13DA-4CBD-870F-EE55BD7FC748}.Release|x64.Build.0 = Release|Any CPU
		{8965BC50-986A-4286-BE93-AD4B535E518A}.Debug|Any CPU.ActiveCfg = Debug|Any CPU
		{8965BC50-986A-4286-BE93-AD4B535E518A}.Debug|Any CPU.Build.0 = Debug|Any CPU
		{8965BC50-986A-4286-BE93-AD4B535E518A}.Debug|x64.ActiveCfg = Debug|Any CPU
		{8965BC50-986A-4286-BE93-AD4B535E518A}.Debug|x64.Build.0 = Debug|Any CPU
		{8965BC50-986A-4286-BE93-AD4B535E518A}.Release|Any CPU.ActiveCfg = Release|Any CPU
		{8965BC50-986A-4286-BE93-AD4B535E518A}.Release|Any CPU.Build.0 = Release|Any CPU
		{8965BC50-986A-4286-BE93-AD4B535E518A}.Release|x64.ActiveCfg = Release|Any CPU
		{8965BC50-986A-4286-BE93-AD4B535E518A}.Release|x64.Build.0 = Release|Any CPU
	EndGlobalSection
	GlobalSection(SolutionProperties) = preSolution
		HideSolutionNode = FALSE
	EndGlobalSection
	GlobalSection(NestedProjects) = preSolution
		{895FCBFB-73B4-46F3-8A89-76C236F01BF4} = {17E224AB-E65A-4195-AE70-E8FFBEEEB816}
		{17E224AB-E65A-4195-AE70-E8FFBEEEB816} = {DC699703-0274-4598-9017-D621224F3E97}
		{2C3936C7-4850-41D7-9497-9040BE302328} = {30A0E8F1-D21D-4346-B9BE-C7B49EBB1AEE}
		{30A0E8F1-D21D-4346-B9BE-C7B49EBB1AEE} = {DC699703-0274-4598-9017-D621224F3E97}
		{4AF1BD71-310F-434B-918A-EA10234BF2E1} = {30FF3132-C3EF-41B3-9E82-F49B2CA5B237}
		{B95C2D00-ECAA-4313-8A21-7559D3A8CB4C} = {DC699703-0274-4598-9017-D621224F3E97}
		{30FF3132-C3EF-41B3-9E82-F49B2CA5B237} = {B95C2D00-ECAA-4313-8A21-7559D3A8CB4C}
		{15F3514E-1657-4F05-A176-BA714699C243} = {B09F1D1C-5133-49A2-A3AE-F7407F814B3E}
		{572024D2-ABED-4FD3-99C4-D33E4B4926AA} = {DC699703-0274-4598-9017-D621224F3E97}
		{B09F1D1C-5133-49A2-A3AE-F7407F814B3E} = {572024D2-ABED-4FD3-99C4-D33E4B4926AA}
		{FC648818-7E85-4B13-BB4F-B6BC0DC1369F} = {C49CAD5C-90BC-4229-A056-63C3C6E0F856}
		{CA900067-BD9F-46F9-80DA-A57A227921AB} = {DC699703-0274-4598-9017-D621224F3E97}
		{C49CAD5C-90BC-4229-A056-63C3C6E0F856} = {CA900067-BD9F-46F9-80DA-A57A227921AB}
		{1EC8C462-B773-4548-A2A8-439DFD95A897} = {DF6109ED-D6EA-43D9-9090-FF28DBC54B5A}
		{DF6109ED-D6EA-43D9-9090-FF28DBC54B5A} = {572024D2-ABED-4FD3-99C4-D33E4B4926AA}
		{E247C010-0B6F-43F1-B52C-12168CE5A70F} = {67681985-89BB-4032-BCB4-6C338EC96B79}
		{08141B22-ECB6-4873-A926-F18AF91D7D69} = {DC699703-0274-4598-9017-D621224F3E97}
		{67681985-89BB-4032-BCB4-6C338EC96B79} = {08141B22-ECB6-4873-A926-F18AF91D7D69}
		{E4B43673-7C1A-4E6E-96F5-6C53704BEAC0} = {0504DB1D-C7AF-49E8-A792-19CCA2C61235}
		{0504DB1D-C7AF-49E8-A792-19CCA2C61235} = {08141B22-ECB6-4873-A926-F18AF91D7D69}
		{551F6A2B-3EAB-47BA-BCF1-EAE30B99BBD5} = {A7C3542A-D50A-4D14-8354-064D3A76CBAB}
		{AABFAAB1-6A30-44B8-BB16-A9F98D2F18DA} = {DC699703-0274-4598-9017-D621224F3E97}
		{A7C3542A-D50A-4D14-8354-064D3A76CBAB} = {AABFAAB1-6A30-44B8-BB16-A9F98D2F18DA}
		{61844849-3D26-4003-8146-5AE86985DB3A} = {548FDEAD-9395-4BC0-9DA9-74F7817F32D4}
		{548FDEAD-9395-4BC0-9DA9-74F7817F32D4} = {AABFAAB1-6A30-44B8-BB16-A9F98D2F18DA}
		{82F72B8B-372E-4A1C-8139-714AE932EBCB} = {901271DE-A798-4C41-B31C-7C658FF24E9B}
		{901271DE-A798-4C41-B31C-7C658FF24E9B} = {AABFAAB1-6A30-44B8-BB16-A9F98D2F18DA}
		{E73BE019-72F1-42F3-BB00-2F401B8DC1A5} = {C3449F15-BFB5-4A3F-A466-2A8F15F78F96}
		{066D14F1-9AA7-4580-A872-851D6C2BA1F1} = {B95C2D00-ECAA-4313-8A21-7559D3A8CB4C}
		{C3449F15-BFB5-4A3F-A466-2A8F15F78F96} = {066D14F1-9AA7-4580-A872-851D6C2BA1F1}
		{304336BE-E9EA-461A-AC9E-C1A2CFC4983F} = {1497A2C1-5A55-4481-A56F-06DBD11A8E91}
		{1497A2C1-5A55-4481-A56F-06DBD11A8E91} = {B95C2D00-ECAA-4313-8A21-7559D3A8CB4C}
		{A4F62320-B863-4134-BBBB-B2D3788A2B80} = {DD4126FC-28E7-4CF5-A0AB-7733FDE95E06}
		{DD4126FC-28E7-4CF5-A0AB-7733FDE95E06} = {B95C2D00-ECAA-4313-8A21-7559D3A8CB4C}
		{4DD8B25B-A5CF-40FE-99F7-13AAD2BABCAD} = {CE80151B-FCDD-47A6-87FB-7B348200A348}
		{CE80151B-FCDD-47A6-87FB-7B348200A348} = {B95C2D00-ECAA-4313-8A21-7559D3A8CB4C}
		{FA8C6D5A-6BDD-4F21-87F4-671D00534068} = {639522CE-24D2-4D66-B7C2-8AF9803AC28A}
		{BB6CA98C-195D-4F21-8399-E33CC88D7DBD} = {B95C2D00-ECAA-4313-8A21-7559D3A8CB4C}
		{639522CE-24D2-4D66-B7C2-8AF9803AC28A} = {BB6CA98C-195D-4F21-8399-E33CC88D7DBD}
		{102F0140-AB4E-40E8-A54D-96719BABBD51} = {9BB4D5B6-EB10-473B-B025-ECF2AE6895EC}
		{9BB4D5B6-EB10-473B-B025-ECF2AE6895EC} = {BB6CA98C-195D-4F21-8399-E33CC88D7DBD}
		{0F05A9F0-2F16-47C8-BF70-DE6A5F7A6EF9} = {D2C2FAE5-45FC-4058-9B13-356540DD9EBC}
		{D2C2FAE5-45FC-4058-9B13-356540DD9EBC} = {08141B22-ECB6-4873-A926-F18AF91D7D69}
		{1E70D458-57A3-4BC6-B7F8-253378D2116E} = {46F24AAC-C2F6-4735-B785-75A5516DB48C}
		{46F24AAC-C2F6-4735-B785-75A5516DB48C} = {BB6CA98C-195D-4F21-8399-E33CC88D7DBD}
		{CA5B073E-24BA-46A2-ABE1-8260B714D618} = {EEA9C9F9-EC56-498D-9D01-1BC70C63245A}
		{EEA9C9F9-EC56-498D-9D01-1BC70C63245A} = {BB6CA98C-195D-4F21-8399-E33CC88D7DBD}
		{2170E547-D1F4-42A2-B217-BC413F0A5A27} = {482EAF48-0185-4ED9-A743-45F3C1ACE78F}
		{482EAF48-0185-4ED9-A743-45F3C1ACE78F} = {B95C2D00-ECAA-4313-8A21-7559D3A8CB4C}
		{75DC44BE-A4A4-4A9F-B8B3-DF62C81BCEAC} = {5633184A-3007-4138-BF52-253310E72A62}
		{5633184A-3007-4138-BF52-253310E72A62} = {B95C2D00-ECAA-4313-8A21-7559D3A8CB4C}
		{27A80925-9007-466A-93EC-973A0FAA9FAF} = {BFB86195-CDED-4F5C-B37D-D64CFA00CBC7}
		{BFB86195-CDED-4F5C-B37D-D64CFA00CBC7} = {066D14F1-9AA7-4580-A872-851D6C2BA1F1}
		{D887D5ED-5128-4376-947C-E8FFDC5C0BAE} = {B0953F13-10FC-4615-B8FB-F845476AB72C}
		{B0953F13-10FC-4615-B8FB-F845476AB72C} = {B95C2D00-ECAA-4313-8A21-7559D3A8CB4C}
		{52A16BD4-2466-4D43-A5CF-F845D0617589} = {EB76D123-532B-4C08-B550-E24FEF93ADDB}
		{EB76D123-532B-4C08-B550-E24FEF93ADDB} = {B95C2D00-ECAA-4313-8A21-7559D3A8CB4C}
		{C65A3756-4816-478B-9D03-22A782FBD083} = {DB7EF3B7-A332-4928-AC05-2981A06A822D}
		{4F8B5FB5-E453-42F5-84E5-FF7AE17F0DFC} = {B95C2D00-ECAA-4313-8A21-7559D3A8CB4C}
		{DB7EF3B7-A332-4928-AC05-2981A06A822D} = {4F8B5FB5-E453-42F5-84E5-FF7AE17F0DFC}
		{DC95BCCE-D419-464A-AF88-CB90CAFABE60} = {8582E40B-65CA-4548-A2B2-06594F745611}
		{8582E40B-65CA-4548-A2B2-06594F745611} = {4F8B5FB5-E453-42F5-84E5-FF7AE17F0DFC}
		{78E5E61B-DD12-475A-845B-7DA3F6B0F987} = {1180C344-8785-40C3-81E8-3F0DB0031627}
		{1180C344-8785-40C3-81E8-3F0DB0031627} = {AABFAAB1-6A30-44B8-BB16-A9F98D2F18DA}
		{EFDBE309-2C73-40F3-AB7D-20ED4FA213C4} = {45DDFD56-6915-40BF-B7DB-C65ABA7E6392}
		{45DDFD56-6915-40BF-B7DB-C65ABA7E6392} = {08141B22-ECB6-4873-A926-F18AF91D7D69}
		{F0A3E1B7-6C6F-4357-99EE-49210440FFFD} = {713BB55E-767D-4429-A70E-FA41BDFE2FA1}
		{0F68DD25-9EB4-4936-A80D-F6E7508A4C90} = {AA6F7163-C2B0-49A5-A1E6-E5F9D82849F4}
		{713BB55E-767D-4429-A70E-FA41BDFE2FA1} = {0F68DD25-9EB4-4936-A80D-F6E7508A4C90}
		{3F01D480-4CDE-4F46-99EA-95CEDA05063E} = {6626D335-7E96-4CD7-A16E-274F4558C098}
		{6626D335-7E96-4CD7-A16E-274F4558C098} = {AA6F7163-C2B0-49A5-A1E6-E5F9D82849F4}
		{2629DC89-F12C-489D-8CF6-E0A6046B6863} = {D7589796-6226-42B4-9D8E-B4C4E3A85BF6}
		{D7589796-6226-42B4-9D8E-B4C4E3A85BF6} = {AA6F7163-C2B0-49A5-A1E6-E5F9D82849F4}
		{72FC4EEA-C32B-444B-80B7-0E2B137C05C7} = {F7F1CC85-B772-42D9-BAB8-62375711A733}
		{F7F1CC85-B772-42D9-BAB8-62375711A733} = {AA6F7163-C2B0-49A5-A1E6-E5F9D82849F4}
		{8F4412AA-A6E0-49E5-A331-1B1047E2159D} = {AB00B239-60D8-45A1-8896-A4743E55B58C}
		{AB00B239-60D8-45A1-8896-A4743E55B58C} = {DC699703-0274-4598-9017-D621224F3E97}
		{3AB56212-E9D3-44E3-AA80-EBD1B29A228F} = {A928B228-9822-4CF1-A4DA-4BD9C18BCD97}
		{A928B228-9822-4CF1-A4DA-4BD9C18BCD97} = {AA6F7163-C2B0-49A5-A1E6-E5F9D82849F4}
		{BF0B4020-9934-466C-AF35-9F97B4CF18AC} = {B0221780-D024-42F7-BC1B-C6C8D9688309}
		{B0221780-D024-42F7-BC1B-C6C8D9688309} = {AA6F7163-C2B0-49A5-A1E6-E5F9D82849F4}
		{9AD369C0-F404-4591-AE7A-6DFF3D2D99A2} = {A60F9561-972F-4C45-B238-60B038C415F3}
		{A60F9561-972F-4C45-B238-60B038C415F3} = {AA6F7163-C2B0-49A5-A1E6-E5F9D82849F4}
		{B78E95E1-6FD0-497A-A793-BC14D681A805} = {B3D1C927-39F9-463B-BB40-3C0A4A5381F2}
		{B3D1C927-39F9-463B-BB40-3C0A4A5381F2} = {AA6F7163-C2B0-49A5-A1E6-E5F9D82849F4}
		{F597BC1C-D3D0-4443-ABF0-A1D74F3121EB} = {ABF877B0-D20D-4139-B41B-9513487D1103}
		{8E24C6A0-5CAB-46C9-AFDF-90C373F76798} = {AA6F7163-C2B0-49A5-A1E6-E5F9D82849F4}
		{ABF877B0-D20D-4139-B41B-9513487D1103} = {8E24C6A0-5CAB-46C9-AFDF-90C373F76798}
		{4E060B7C-887D-4AA6-9A50-37E1CC1D5A1A} = {04F0AA74-3EF6-4E56-9C0E-CDD5CFAFABB7}
		{04F0AA74-3EF6-4E56-9C0E-CDD5CFAFABB7} = {AA6F7163-C2B0-49A5-A1E6-E5F9D82849F4}
		{8965BC50-986A-4286-BE93-AD4B535E518A} = {F7F1CC85-B772-42D9-BAB8-62375711A733}
	EndGlobalSection
	GlobalSection(ExtensibilityGlobals) = postSolution
		SolutionGuid = {DBBE1876-E56A-445C-91C8-5DD5B2DCEC27}
	EndGlobalSection
EndGlobal
