Microsoft Visual Studio Solution File, Format Version 12.00
# Visual Studio Version 16
VisualStudioVersion = 16.0.28803.156
MinimumVisualStudioVersion = 10.0.40219.1
Project("{FAE04EC0-301F-11D3-BF4B-00C04F79EFBC}") = "EchoSvcLib", "EchoSvcLib.csproj", "{CD35A5B5-EB2B-4093-BBC1-AFCD61C42EF1}"
EndProject
Project("{FAE04EC0-301F-11D3-BF4B-00C04F79EFBC}") = "Session", "..\SessionAPI\Session.csproj", "{72FC4EEA-C32B-444B-80B7-0E2B137C05C7}"
EndProject
Project("{2150E333-8FDC-42A3-9474-1A3956D46DE8}") = "soa", "soa", "{8AC5AF5E-90BD-46AC-B8B9-E6BD2E5823C2}"
EndProject
Project("{2150E333-8FDC-42A3-9474-1A3956D46DE8}") = "SessionAPI", "SessionAPI", "{4AB6BCA9-EF36-46ED-870D-7DA701749D47}"
EndProject
Project("{FAE04EC0-301F-11D3-BF4B-00C04F79EFBC}") = "AADAuthUtil", "..\..\AADAuthUtil\AADAuthUtil.csproj", "{895FCBFB-73B4-46F3-8A89-76C236F01BF4}"
EndProject
Project("{2150E333-8FDC-42A3-9474-1A3956D46DE8}") = "src", "src", "{63BFC812-940C-41A7-AAF9-309F55B5A621}"
EndProject
Project("{2150E333-8FDC-42A3-9474-1A3956D46DE8}") = "AADAuthUtil", "AADAuthUtil", "{E08A6FD3-32C5-427D-A8BC-3C9F25B61578}"
EndProject
Project("{FAE04EC0-301F-11D3-BF4B-00C04F79EFBC}") = "HpcCommon", "..\..\HpcCommon\HpcCommon.csproj", "{2C3936C7-4850-41D7-9497-9040BE302328}"
EndProject
Project("{2150E333-8FDC-42A3-9474-1A3956D46DE8}") = "HpcCommon", "HpcCommon", "{A228B6E1-6D93-43DF-A48B-46F35BA072F4}"
EndProject
Project("{FAE04EC0-301F-11D3-BF4B-00C04F79EFBC}") = "Properties", "..\..\StoreAPI\Property\Properties.csproj", "{61844849-3D26-4003-8146-5AE86985DB3A}"
EndProject
Project("{2150E333-8FDC-42A3-9474-1A3956D46DE8}") = "StoreAPI", "StoreAPI", "{957B9E20-3378-4E24-A189-42098A2B4985}"
EndProject
Project("{2150E333-8FDC-42A3-9474-1A3956D46DE8}") = "Property", "Property", "{A210B0A9-F0E2-41B5-B0A5-60231D40D6CD}"
EndProject
Project("{FAE04EC0-301F-11D3-BF4B-00C04F79EFBC}") = "Scheduler", "..\..\StoreAPI\Scheduler\Scheduler.csproj", "{78E5E61B-DD12-475A-845B-7DA3F6B0F987}"
EndProject
Project("{2150E333-8FDC-42A3-9474-1A3956D46DE8}") = "Scheduler", "Scheduler", "{2ADC26ED-2621-487A-9D35-8B9C10FFBC27}"
EndProject
Project("{FAE04EC0-301F-11D3-BF4B-00C04F79EFBC}") = "FileStagingClient", "..\..\Scheduler\FileStagingClient\FileStagingClient.csproj", "{EFDBE309-2C73-40F3-AB7D-20ED4FA213C4}"
EndProject
Project("{2150E333-8FDC-42A3-9474-1A3956D46DE8}") = "Scheduler", "Scheduler", "{48AF7BBB-CC01-49F1-8704-4F50BEB7DEF7}"
EndProject
Project("{2150E333-8FDC-42A3-9474-1A3956D46DE8}") = "FileStagingClient", "FileStagingClient", "{B01C5E84-9671-4CB1-883D-18ABE25D35D7}"
EndProject
Project("{FAE04EC0-301F-11D3-BF4B-00C04F79EFBC}") = "DataMovement", "..\HpcDeploy\DataMovement\DataMovement.csproj", "{F0A3E1B7-6C6F-4357-99EE-49210440FFFD}"
EndProject
Project("{2150E333-8FDC-42A3-9474-1A3956D46DE8}") = "HpcDeploy", "HpcDeploy", "{89FC08E1-3E8B-4DA2-BBD9-7AD82397D543}"
EndProject
Project("{2150E333-8FDC-42A3-9474-1A3956D46DE8}") = "DataMovement", "DataMovement", "{72EFF076-8E66-4912-B256-A15CEE01006F}"
EndProject
Project("{FAE04EC0-301F-11D3-BF4B-00C04F79EFBC}") = "Store", "..\..\StoreAPI\Store\Store.csproj", "{82F72B8B-372E-4A1C-8139-714AE932EBCB}"
EndProject
Project("{2150E333-8FDC-42A3-9474-1A3956D46DE8}") = "Store", "Store", "{568DCEBB-45E2-4836-A15D-BE8678B9E10D}"
EndProject
Project("{FAE04EC0-301F-11D3-BF4B-00C04F79EFBC}") = "StandaloneDataClient", "..\..\StandaloneDataClient\StandaloneDataClient.csproj", "{8F4412AA-A6E0-49E5-A331-1B1047E2159D}"
EndProject
Project("{2150E333-8FDC-42A3-9474-1A3956D46DE8}") = "StandaloneDataClient", "StandaloneDataClient", "{9BF6F96C-F8DB-406A-9BCA-0EF5A3B5942D}"
EndProject
Project("{FAE04EC0-301F-11D3-BF4B-00C04F79EFBC}") = "SessionAPI.HpcPack", "..\SessionAPI.HpcPack\SessionAPI.HpcPack.csproj", "{23638265-A3F6-4DEE-8FD0-65C75A52BFF6}"
EndProject
Project("{FAE04EC0-301F-11D3-BF4B-00C04F79EFBC}") = "SessionAPI.Data", "..\SessionAPI.Data\SessionAPI.Data.csproj", "{40FC3EBB-D692-4D69-B6A9-6CBD46F19025}"
EndProject
Global
	GlobalSection(SolutionConfigurationPlatforms) = preSolution
		Debug|Any CPU = Debug|Any CPU
		Debug|x64 = Debug|x64
		Release|Any CPU = Release|Any CPU
		Release|x64 = Release|x64
	EndGlobalSection
	GlobalSection(ProjectConfigurationPlatforms) = postSolution
		{CD35A5B5-EB2B-4093-BBC1-AFCD61C42EF1}.Debug|Any CPU.ActiveCfg = Debug|Any CPU
		{CD35A5B5-EB2B-4093-BBC1-AFCD61C42EF1}.Debug|Any CPU.Build.0 = Debug|Any CPU
		{CD35A5B5-EB2B-4093-BBC1-AFCD61C42EF1}.Debug|x64.ActiveCfg = Debug|x64
		{CD35A5B5-EB2B-4093-BBC1-AFCD61C42EF1}.Debug|x64.Build.0 = Debug|x64
		{CD35A5B5-EB2B-4093-BBC1-AFCD61C42EF1}.Release|Any CPU.ActiveCfg = Release|x64
		{CD35A5B5-EB2B-4093-BBC1-AFCD61C42EF1}.Release|x64.ActiveCfg = Release|x64
		{CD35A5B5-EB2B-4093-BBC1-AFCD61C42EF1}.Release|x64.Build.0 = Release|x64
		{72FC4EEA-C32B-444B-80B7-0E2B137C05C7}.Debug|Any CPU.ActiveCfg = Debug|Any CPU
		{72FC4EEA-C32B-444B-80B7-0E2B137C05C7}.Debug|Any CPU.Build.0 = Debug|Any CPU
		{72FC4EEA-C32B-444B-80B7-0E2B137C05C7}.Debug|x64.ActiveCfg = Debug|x64
		{72FC4EEA-C32B-444B-80B7-0E2B137C05C7}.Debug|x64.Build.0 = Debug|x64
		{72FC4EEA-C32B-444B-80B7-0E2B137C05C7}.Release|Any CPU.ActiveCfg = Release|Any CPU
		{72FC4EEA-C32B-444B-80B7-0E2B137C05C7}.Release|Any CPU.Build.0 = Release|Any CPU
		{72FC4EEA-C32B-444B-80B7-0E2B137C05C7}.Release|x64.ActiveCfg = Release|x64
		{72FC4EEA-C32B-444B-80B7-0E2B137C05C7}.Release|x64.Build.0 = Release|x64
		{895FCBFB-73B4-46F3-8A89-76C236F01BF4}.Debug|Any CPU.ActiveCfg = Debug|Any CPU
		{895FCBFB-73B4-46F3-8A89-76C236F01BF4}.Debug|Any CPU.Build.0 = Debug|Any CPU
		{895FCBFB-73B4-46F3-8A89-76C236F01BF4}.Debug|x64.ActiveCfg = Debug|x64
		{895FCBFB-73B4-46F3-8A89-76C236F01BF4}.Debug|x64.Build.0 = Debug|x64
		{895FCBFB-73B4-46F3-8A89-76C236F01BF4}.Release|Any CPU.ActiveCfg = Release|Any CPU
		{895FCBFB-73B4-46F3-8A89-76C236F01BF4}.Release|Any CPU.Build.0 = Release|Any CPU
		{895FCBFB-73B4-46F3-8A89-76C236F01BF4}.Release|x64.ActiveCfg = Release|x64
		{895FCBFB-73B4-46F3-8A89-76C236F01BF4}.Release|x64.Build.0 = Release|x64
		{2C3936C7-4850-41D7-9497-9040BE302328}.Debug|Any CPU.ActiveCfg = Debug|Any CPU
		{2C3936C7-4850-41D7-9497-9040BE302328}.Debug|Any CPU.Build.0 = Debug|Any CPU
		{2C3936C7-4850-41D7-9497-9040BE302328}.Debug|x64.ActiveCfg = Debug|x64
		{2C3936C7-4850-41D7-9497-9040BE302328}.Debug|x64.Build.0 = Debug|x64
		{2C3936C7-4850-41D7-9497-9040BE302328}.Release|Any CPU.ActiveCfg = Release|Any CPU
		{2C3936C7-4850-41D7-9497-9040BE302328}.Release|Any CPU.Build.0 = Release|Any CPU
		{2C3936C7-4850-41D7-9497-9040BE302328}.Release|x64.ActiveCfg = Release|x64
		{2C3936C7-4850-41D7-9497-9040BE302328}.Release|x64.Build.0 = Release|x64
		{61844849-3D26-4003-8146-5AE86985DB3A}.Debug|Any CPU.ActiveCfg = Debug|Any CPU
		{61844849-3D26-4003-8146-5AE86985DB3A}.Debug|Any CPU.Build.0 = Debug|Any CPU
		{61844849-3D26-4003-8146-5AE86985DB3A}.Debug|x64.ActiveCfg = Debug|x64
		{61844849-3D26-4003-8146-5AE86985DB3A}.Debug|x64.Build.0 = Debug|x64
		{61844849-3D26-4003-8146-5AE86985DB3A}.Release|Any CPU.ActiveCfg = Release|Any CPU
		{61844849-3D26-4003-8146-5AE86985DB3A}.Release|Any CPU.Build.0 = Release|Any CPU
		{61844849-3D26-4003-8146-5AE86985DB3A}.Release|x64.ActiveCfg = Release|x64
		{61844849-3D26-4003-8146-5AE86985DB3A}.Release|x64.Build.0 = Release|x64
		{78E5E61B-DD12-475A-845B-7DA3F6B0F987}.Debug|Any CPU.ActiveCfg = Debug|Any CPU
		{78E5E61B-DD12-475A-845B-7DA3F6B0F987}.Debug|Any CPU.Build.0 = Debug|Any CPU
		{78E5E61B-DD12-475A-845B-7DA3F6B0F987}.Debug|x64.ActiveCfg = Debug|x64
		{78E5E61B-DD12-475A-845B-7DA3F6B0F987}.Debug|x64.Build.0 = Debug|x64
		{78E5E61B-DD12-475A-845B-7DA3F6B0F987}.Release|Any CPU.ActiveCfg = Release|Any CPU
		{78E5E61B-DD12-475A-845B-7DA3F6B0F987}.Release|Any CPU.Build.0 = Release|Any CPU
		{78E5E61B-DD12-475A-845B-7DA3F6B0F987}.Release|x64.ActiveCfg = Release|x64
		{78E5E61B-DD12-475A-845B-7DA3F6B0F987}.Release|x64.Build.0 = Release|x64
		{EFDBE309-2C73-40F3-AB7D-20ED4FA213C4}.Debug|Any CPU.ActiveCfg = Debug|Any CPU
		{EFDBE309-2C73-40F3-AB7D-20ED4FA213C4}.Debug|Any CPU.Build.0 = Debug|Any CPU
		{EFDBE309-2C73-40F3-AB7D-20ED4FA213C4}.Debug|x64.ActiveCfg = Debug|x64
		{EFDBE309-2C73-40F3-AB7D-20ED4FA213C4}.Debug|x64.Build.0 = Debug|x64
		{EFDBE309-2C73-40F3-AB7D-20ED4FA213C4}.Release|Any CPU.ActiveCfg = Release|Any CPU
		{EFDBE309-2C73-40F3-AB7D-20ED4FA213C4}.Release|Any CPU.Build.0 = Release|Any CPU
		{EFDBE309-2C73-40F3-AB7D-20ED4FA213C4}.Release|x64.ActiveCfg = Release|x64
		{EFDBE309-2C73-40F3-AB7D-20ED4FA213C4}.Release|x64.Build.0 = Release|x64
		{F0A3E1B7-6C6F-4357-99EE-49210440FFFD}.Debug|Any CPU.ActiveCfg = Debug|Any CPU
		{F0A3E1B7-6C6F-4357-99EE-49210440FFFD}.Debug|Any CPU.Build.0 = Debug|Any CPU
		{F0A3E1B7-6C6F-4357-99EE-49210440FFFD}.Debug|x64.ActiveCfg = Debug|x64
		{F0A3E1B7-6C6F-4357-99EE-49210440FFFD}.Debug|x64.Build.0 = Debug|x64
		{F0A3E1B7-6C6F-4357-99EE-49210440FFFD}.Release|Any CPU.ActiveCfg = Release|Any CPU
		{F0A3E1B7-6C6F-4357-99EE-49210440FFFD}.Release|Any CPU.Build.0 = Release|Any CPU
		{F0A3E1B7-6C6F-4357-99EE-49210440FFFD}.Release|x64.ActiveCfg = Release|x64
		{F0A3E1B7-6C6F-4357-99EE-49210440FFFD}.Release|x64.Build.0 = Release|x64
		{82F72B8B-372E-4A1C-8139-714AE932EBCB}.Debug|Any CPU.ActiveCfg = Debug|Any CPU
		{82F72B8B-372E-4A1C-8139-714AE932EBCB}.Debug|Any CPU.Build.0 = Debug|Any CPU
		{82F72B8B-372E-4A1C-8139-714AE932EBCB}.Debug|x64.ActiveCfg = Debug|x64
		{82F72B8B-372E-4A1C-8139-714AE932EBCB}.Debug|x64.Build.0 = Debug|x64
		{82F72B8B-372E-4A1C-8139-714AE932EBCB}.Release|Any CPU.ActiveCfg = Release|Any CPU
		{82F72B8B-372E-4A1C-8139-714AE932EBCB}.Release|Any CPU.Build.0 = Release|Any CPU
		{82F72B8B-372E-4A1C-8139-714AE932EBCB}.Release|x64.ActiveCfg = Release|x64
		{82F72B8B-372E-4A1C-8139-714AE932EBCB}.Release|x64.Build.0 = Release|x64
		{8F4412AA-A6E0-49E5-A331-1B1047E2159D}.Debug|Any CPU.ActiveCfg = Debug|Any CPU
		{8F4412AA-A6E0-49E5-A331-1B1047E2159D}.Debug|Any CPU.Build.0 = Debug|Any CPU
		{8F4412AA-A6E0-49E5-A331-1B1047E2159D}.Debug|x64.ActiveCfg = Debug|x64
		{8F4412AA-A6E0-49E5-A331-1B1047E2159D}.Debug|x64.Build.0 = Debug|x64
		{8F4412AA-A6E0-49E5-A331-1B1047E2159D}.Release|Any CPU.ActiveCfg = Release|Any CPU
		{8F4412AA-A6E0-49E5-A331-1B1047E2159D}.Release|Any CPU.Build.0 = Release|Any CPU
		{8F4412AA-A6E0-49E5-A331-1B1047E2159D}.Release|x64.ActiveCfg = Release|x64
		{8F4412AA-A6E0-49E5-A331-1B1047E2159D}.Release|x64.Build.0 = Release|x64
		{23638265-A3F6-4DEE-8FD0-65C75A52BFF6}.Debug|Any CPU.ActiveCfg = Debug|Any CPU
		{23638265-A3F6-4DEE-8FD0-65C75A52BFF6}.Debug|Any CPU.Build.0 = Debug|Any CPU
		{23638265-A3F6-4DEE-8FD0-65C75A52BFF6}.Debug|x64.ActiveCfg = Debug|Any CPU
		{23638265-A3F6-4DEE-8FD0-65C75A52BFF6}.Debug|x64.Build.0 = Debug|Any CPU
		{23638265-A3F6-4DEE-8FD0-65C75A52BFF6}.Release|Any CPU.ActiveCfg = Release|Any CPU
		{23638265-A3F6-4DEE-8FD0-65C75A52BFF6}.Release|Any CPU.Build.0 = Release|Any CPU
		{23638265-A3F6-4DEE-8FD0-65C75A52BFF6}.Release|x64.ActiveCfg = Release|Any CPU
		{23638265-A3F6-4DEE-8FD0-65C75A52BFF6}.Release|x64.Build.0 = Release|Any CPU
		{40FC3EBB-D692-4D69-B6A9-6CBD46F19025}.Debug|Any CPU.ActiveCfg = Debug|Any CPU
		{40FC3EBB-D692-4D69-B6A9-6CBD46F19025}.Debug|Any CPU.Build.0 = Debug|Any CPU
		{40FC3EBB-D692-4D69-B6A9-6CBD46F19025}.Debug|x64.ActiveCfg = Debug|Any CPU
		{40FC3EBB-D692-4D69-B6A9-6CBD46F19025}.Debug|x64.Build.0 = Debug|Any CPU
		{40FC3EBB-D692-4D69-B6A9-6CBD46F19025}.Release|Any CPU.ActiveCfg = Release|Any CPU
		{40FC3EBB-D692-4D69-B6A9-6CBD46F19025}.Release|Any CPU.Build.0 = Release|Any CPU
		{40FC3EBB-D692-4D69-B6A9-6CBD46F19025}.Release|x64.ActiveCfg = Release|Any CPU
		{40FC3EBB-D692-4D69-B6A9-6CBD46F19025}.Release|x64.Build.0 = Release|Any CPU
	EndGlobalSection
	GlobalSection(SolutionProperties) = preSolution
		HideSolutionNode = FALSE
	EndGlobalSection
	GlobalSection(NestedProjects) = preSolution
		{72FC4EEA-C32B-444B-80B7-0E2B137C05C7} = {4AB6BCA9-EF36-46ED-870D-7DA701749D47}
		{4AB6BCA9-EF36-46ED-870D-7DA701749D47} = {8AC5AF5E-90BD-46AC-B8B9-E6BD2E5823C2}
		{895FCBFB-73B4-46F3-8A89-76C236F01BF4} = {E08A6FD3-32C5-427D-A8BC-3C9F25B61578}
		{E08A6FD3-32C5-427D-A8BC-3C9F25B61578} = {63BFC812-940C-41A7-AAF9-309F55B5A621}
		{2C3936C7-4850-41D7-9497-9040BE302328} = {A228B6E1-6D93-43DF-A48B-46F35BA072F4}
		{A228B6E1-6D93-43DF-A48B-46F35BA072F4} = {63BFC812-940C-41A7-AAF9-309F55B5A621}
		{61844849-3D26-4003-8146-5AE86985DB3A} = {A210B0A9-F0E2-41B5-B0A5-60231D40D6CD}
		{957B9E20-3378-4E24-A189-42098A2B4985} = {63BFC812-940C-41A7-AAF9-309F55B5A621}
		{A210B0A9-F0E2-41B5-B0A5-60231D40D6CD} = {957B9E20-3378-4E24-A189-42098A2B4985}
		{78E5E61B-DD12-475A-845B-7DA3F6B0F987} = {2ADC26ED-2621-487A-9D35-8B9C10FFBC27}
		{2ADC26ED-2621-487A-9D35-8B9C10FFBC27} = {957B9E20-3378-4E24-A189-42098A2B4985}
		{EFDBE309-2C73-40F3-AB7D-20ED4FA213C4} = {B01C5E84-9671-4CB1-883D-18ABE25D35D7}
		{48AF7BBB-CC01-49F1-8704-4F50BEB7DEF7} = {63BFC812-940C-41A7-AAF9-309F55B5A621}
		{B01C5E84-9671-4CB1-883D-18ABE25D35D7} = {48AF7BBB-CC01-49F1-8704-4F50BEB7DEF7}
		{F0A3E1B7-6C6F-4357-99EE-49210440FFFD} = {72EFF076-8E66-4912-B256-A15CEE01006F}
		{89FC08E1-3E8B-4DA2-BBD9-7AD82397D543} = {8AC5AF5E-90BD-46AC-B8B9-E6BD2E5823C2}
		{72EFF076-8E66-4912-B256-A15CEE01006F} = {89FC08E1-3E8B-4DA2-BBD9-7AD82397D543}
		{82F72B8B-372E-4A1C-8139-714AE932EBCB} = {568DCEBB-45E2-4836-A15D-BE8678B9E10D}
		{568DCEBB-45E2-4836-A15D-BE8678B9E10D} = {957B9E20-3378-4E24-A189-42098A2B4985}
		{8F4412AA-A6E0-49E5-A331-1B1047E2159D} = {9BF6F96C-F8DB-406A-9BCA-0EF5A3B5942D}
		{9BF6F96C-F8DB-406A-9BCA-0EF5A3B5942D} = {63BFC812-940C-41A7-AAF9-309F55B5A621}
		{23638265-A3F6-4DEE-8FD0-65C75A52BFF6} = {4AB6BCA9-EF36-46ED-870D-7DA701749D47}
		{40FC3EBB-D692-4D69-B6A9-6CBD46F19025} = {4AB6BCA9-EF36-46ED-870D-7DA701749D47}
	EndGlobalSection
	GlobalSection(ExtensibilityGlobals) = postSolution
		SolutionGuid = {BB3E62BF-1607-4ACD-90DD-C2D746E144CA}
	EndGlobalSection
EndGlobal
