Microsoft Visual Studio Solution File, Format Version 12.00
# Visual Studio Version 16
VisualStudioVersion = 16.0.28803.156
MinimumVisualStudioVersion = 10.0.40219.1
Project("{FAE04EC0-301F-11D3-BF4B-00C04F79EFBC}") = "TestService", "TestService.csproj", "{E255E8BA-55D7-4424-BC5C-46DCB6C02856}"
EndProject
Project("{2150E333-8FDC-42A3-9474-1A3956D46DE8}") = "src", "src", "{660C0F8F-F5F7-40AD-851D-206E0EBEA3A9}"
EndProject
Project("{2150E333-8FDC-42A3-9474-1A3956D46DE8}") = "soa", "soa", "{D297EF68-BCEA-455F-AD6A-A2604804B1F8}"
EndProject
Project("{2150E333-8FDC-42A3-9474-1A3956D46DE8}") = "SessionAPI", "SessionAPI", "{C672DC5F-98C6-45DE-9565-BDFC5CAAD722}"
EndProject
Project("{2150E333-8FDC-42A3-9474-1A3956D46DE8}") = "AADAuthUtil", "AADAuthUtil", "{848C123A-A6AD-4891-B46B-F0480DB9112D}"
EndProject
Project("{2150E333-8FDC-42A3-9474-1A3956D46DE8}") = "HpcCommon", "HpcCommon", "{EFA0B726-E4E3-4AC1-A8EE-45E6EE447EAD}"
EndProject
Project("{2150E333-8FDC-42A3-9474-1A3956D46DE8}") = "StoreAPI", "StoreAPI", "{1EFD30A0-66B7-4DAA-9975-1C3C580115FC}"
EndProject
Project("{2150E333-8FDC-42A3-9474-1A3956D46DE8}") = "Property", "Property", "{3AA6FC4D-5508-415B-BEE3-941198E0FD43}"
EndProject
Project("{2150E333-8FDC-42A3-9474-1A3956D46DE8}") = "Scheduler", "Scheduler", "{377A9B4D-9FDC-42D4-BD15-719747CDCB5B}"
EndProject
Project("{2150E333-8FDC-42A3-9474-1A3956D46DE8}") = "Scheduler", "Scheduler", "{6722CB5E-420A-4D6D-BCAE-E1D632902646}"
EndProject
Project("{2150E333-8FDC-42A3-9474-1A3956D46DE8}") = "FileStagingClient", "FileStagingClient", "{88ACAC09-512B-4470-A719-C9A9952749F3}"
EndProject
Project("{2150E333-8FDC-42A3-9474-1A3956D46DE8}") = "HpcDeploy", "HpcDeploy", "{877B714D-B859-4A45-B0A8-F8AB512E8079}"
EndProject
Project("{2150E333-8FDC-42A3-9474-1A3956D46DE8}") = "DataMovement", "DataMovement", "{3832F1EB-913E-4B32-89F4-2B50013092AF}"
EndProject
Project("{2150E333-8FDC-42A3-9474-1A3956D46DE8}") = "Store", "Store", "{D50612A8-A8EE-4F28-9DCD-B517FFAD98F3}"
EndProject
Project("{FAE04EC0-301F-11D3-BF4B-00C04F79EFBC}") = "HpcCommon", "..\..\src\HpcCommon\HpcCommon.csproj", "{2C3936C7-4850-41D7-9497-9040BE302328}"
EndProject
Project("{FAE04EC0-301F-11D3-BF4B-00C04F79EFBC}") = "AADAuthUtil", "..\..\src\AADAuthUtil\AADAuthUtil.csproj", "{895FCBFB-73B4-46F3-8A89-76C236F01BF4}"
EndProject
Project("{FAE04EC0-301F-11D3-BF4B-00C04F79EFBC}") = "FileStagingClient", "..\..\src\Scheduler\FileStagingClient\FileStagingClient.csproj", "{EFDBE309-2C73-40F3-AB7D-20ED4FA213C4}"
EndProject
Project("{FAE04EC0-301F-11D3-BF4B-00C04F79EFBC}") = "DataMovement", "..\..\src\soa\HpcDeploy\DataMovement\DataMovement.csproj", "{F0A3E1B7-6C6F-4357-99EE-49210440FFFD}"
EndProject
Project("{FAE04EC0-301F-11D3-BF4B-00C04F79EFBC}") = "Session", "..\..\src\soa\SessionAPI\Session.csproj", "{72FC4EEA-C32B-444B-80B7-0E2B137C05C7}"
EndProject
Project("{FAE04EC0-301F-11D3-BF4B-00C04F79EFBC}") = "Properties", "..\..\src\StoreAPI\Property\Properties.csproj", "{61844849-3D26-4003-8146-5AE86985DB3A}"
EndProject
Project("{FAE04EC0-301F-11D3-BF4B-00C04F79EFBC}") = "Scheduler", "..\..\src\StoreAPI\Scheduler\Scheduler.csproj", "{78E5E61B-DD12-475A-845B-7DA3F6B0F987}"
EndProject
Project("{FAE04EC0-301F-11D3-BF4B-00C04F79EFBC}") = "Store", "..\..\src\StoreAPI\Store\Store.csproj", "{82F72B8B-372E-4A1C-8139-714AE932EBCB}"
EndProject
Project("{FAE04EC0-301F-11D3-BF4B-00C04F79EFBC}") = "SessionAPI.Data", "..\..\src\soa\SessionAPI.Data\SessionAPI.Data.csproj", "{40FC3EBB-D692-4D69-B6A9-6CBD46F19025}"
EndProject
Project("{FAE04EC0-301F-11D3-BF4B-00C04F79EFBC}") = "SessionAPI.HpcPack", "..\..\src\soa\SessionAPI.HpcPack\SessionAPI.HpcPack.csproj", "{23638265-A3F6-4DEE-8FD0-65C75A52BFF6}"
EndProject
Project("{FAE04EC0-301F-11D3-BF4B-00C04F79EFBC}") = "SessionAPI.SchedulerPort", "..\..\src\soa\SessionAPI.SchedulerPort\SessionAPI.SchedulerPort.csproj", "{48F16289-58ED-47CC-8437-375306D2080C}"
EndProject
Global
	GlobalSection(SolutionConfigurationPlatforms) = preSolution
		Debug|amd64 = Debug|amd64
		Debug|Any CPU = Debug|Any CPU
		Debug|x64 = Debug|x64
		Release|amd64 = Release|amd64
		Release|Any CPU = Release|Any CPU
		Release|x64 = Release|x64
	EndGlobalSection
	GlobalSection(ProjectConfigurationPlatforms) = postSolution
		{E255E8BA-55D7-4424-BC5C-46DCB6C02856}.Debug|amd64.ActiveCfg = Debug|x64
		{E255E8BA-55D7-4424-BC5C-46DCB6C02856}.Debug|Any CPU.ActiveCfg = Debug|Any CPU
		{E255E8BA-55D7-4424-BC5C-46DCB6C02856}.Debug|Any CPU.Build.0 = Debug|Any CPU
		{E255E8BA-55D7-4424-BC5C-46DCB6C02856}.Debug|x64.ActiveCfg = Debug|x64
		{E255E8BA-55D7-4424-BC5C-46DCB6C02856}.Debug|x64.Build.0 = Debug|x64
		{E255E8BA-55D7-4424-BC5C-46DCB6C02856}.Release|amd64.ActiveCfg = Release|x64
		{E255E8BA-55D7-4424-BC5C-46DCB6C02856}.Release|Any CPU.ActiveCfg = Release|x64
		{E255E8BA-55D7-4424-BC5C-46DCB6C02856}.Release|Any CPU.Build.0 = Release|x64
		{E255E8BA-55D7-4424-BC5C-46DCB6C02856}.Release|x64.ActiveCfg = Release|x64
		{E255E8BA-55D7-4424-BC5C-46DCB6C02856}.Release|x64.Build.0 = Release|x64
		{2C3936C7-4850-41D7-9497-9040BE302328}.Debug|amd64.ActiveCfg = Debug|Any CPU
		{2C3936C7-4850-41D7-9497-9040BE302328}.Debug|amd64.Build.0 = Debug|Any CPU
		{2C3936C7-4850-41D7-9497-9040BE302328}.Debug|Any CPU.ActiveCfg = Debug|Any CPU
		{2C3936C7-4850-41D7-9497-9040BE302328}.Debug|Any CPU.Build.0 = Debug|Any CPU
		{2C3936C7-4850-41D7-9497-9040BE302328}.Debug|x64.ActiveCfg = Debug|x64
		{2C3936C7-4850-41D7-9497-9040BE302328}.Debug|x64.Build.0 = Debug|x64
		{2C3936C7-4850-41D7-9497-9040BE302328}.Release|amd64.ActiveCfg = Release|Any CPU
		{2C3936C7-4850-41D7-9497-9040BE302328}.Release|amd64.Build.0 = Release|Any CPU
		{2C3936C7-4850-41D7-9497-9040BE302328}.Release|Any CPU.ActiveCfg = Release|Any CPU
		{2C3936C7-4850-41D7-9497-9040BE302328}.Release|Any CPU.Build.0 = Release|Any CPU
		{2C3936C7-4850-41D7-9497-9040BE302328}.Release|x64.ActiveCfg = Release|x64
		{2C3936C7-4850-41D7-9497-9040BE302328}.Release|x64.Build.0 = Release|x64
		{895FCBFB-73B4-46F3-8A89-76C236F01BF4}.Debug|amd64.ActiveCfg = Debug|Any CPU
		{895FCBFB-73B4-46F3-8A89-76C236F01BF4}.Debug|amd64.Build.0 = Debug|Any CPU
		{895FCBFB-73B4-46F3-8A89-76C236F01BF4}.Debug|Any CPU.ActiveCfg = Debug|Any CPU
		{895FCBFB-73B4-46F3-8A89-76C236F01BF4}.Debug|Any CPU.Build.0 = Debug|Any CPU
		{895FCBFB-73B4-46F3-8A89-76C236F01BF4}.Debug|x64.ActiveCfg = Debug|x64
		{895FCBFB-73B4-46F3-8A89-76C236F01BF4}.Debug|x64.Build.0 = Debug|x64
		{895FCBFB-73B4-46F3-8A89-76C236F01BF4}.Release|amd64.ActiveCfg = Release|Any CPU
		{895FCBFB-73B4-46F3-8A89-76C236F01BF4}.Release|amd64.Build.0 = Release|Any CPU
		{895FCBFB-73B4-46F3-8A89-76C236F01BF4}.Release|Any CPU.ActiveCfg = Release|Any CPU
		{895FCBFB-73B4-46F3-8A89-76C236F01BF4}.Release|Any CPU.Build.0 = Release|Any CPU
		{895FCBFB-73B4-46F3-8A89-76C236F01BF4}.Release|x64.ActiveCfg = Release|x64
		{895FCBFB-73B4-46F3-8A89-76C236F01BF4}.Release|x64.Build.0 = Release|x64
		{EFDBE309-2C73-40F3-AB7D-20ED4FA213C4}.Debug|amd64.ActiveCfg = Debug|Any CPU
		{EFDBE309-2C73-40F3-AB7D-20ED4FA213C4}.Debug|amd64.Build.0 = Debug|Any CPU
		{EFDBE309-2C73-40F3-AB7D-20ED4FA213C4}.Debug|Any CPU.ActiveCfg = Debug|Any CPU
		{EFDBE309-2C73-40F3-AB7D-20ED4FA213C4}.Debug|Any CPU.Build.0 = Debug|Any CPU
		{EFDBE309-2C73-40F3-AB7D-20ED4FA213C4}.Debug|x64.ActiveCfg = Debug|x64
		{EFDBE309-2C73-40F3-AB7D-20ED4FA213C4}.Debug|x64.Build.0 = Debug|x64
		{EFDBE309-2C73-40F3-AB7D-20ED4FA213C4}.Release|amd64.ActiveCfg = Release|Any CPU
		{EFDBE309-2C73-40F3-AB7D-20ED4FA213C4}.Release|amd64.Build.0 = Release|Any CPU
		{EFDBE309-2C73-40F3-AB7D-20ED4FA213C4}.Release|Any CPU.ActiveCfg = Release|Any CPU
		{EFDBE309-2C73-40F3-AB7D-20ED4FA213C4}.Release|Any CPU.Build.0 = Release|Any CPU
		{EFDBE309-2C73-40F3-AB7D-20ED4FA213C4}.Release|x64.ActiveCfg = Release|x64
		{EFDBE309-2C73-40F3-AB7D-20ED4FA213C4}.Release|x64.Build.0 = Release|x64
		{F0A3E1B7-6C6F-4357-99EE-49210440FFFD}.Debug|amd64.ActiveCfg = Debug|amd64
		{F0A3E1B7-6C6F-4357-99EE-49210440FFFD}.Debug|amd64.Build.0 = Debug|amd64
		{F0A3E1B7-6C6F-4357-99EE-49210440FFFD}.Debug|Any CPU.ActiveCfg = Debug|Any CPU
		{F0A3E1B7-6C6F-4357-99EE-49210440FFFD}.Debug|Any CPU.Build.0 = Debug|Any CPU
		{F0A3E1B7-6C6F-4357-99EE-49210440FFFD}.Debug|x64.ActiveCfg = Debug|x64
		{F0A3E1B7-6C6F-4357-99EE-49210440FFFD}.Debug|x64.Build.0 = Debug|x64
		{F0A3E1B7-6C6F-4357-99EE-49210440FFFD}.Release|amd64.ActiveCfg = Release|amd64
		{F0A3E1B7-6C6F-4357-99EE-49210440FFFD}.Release|amd64.Build.0 = Release|amd64
		{F0A3E1B7-6C6F-4357-99EE-49210440FFFD}.Release|Any CPU.ActiveCfg = Release|Any CPU
		{F0A3E1B7-6C6F-4357-99EE-49210440FFFD}.Release|Any CPU.Build.0 = Release|Any CPU
		{F0A3E1B7-6C6F-4357-99EE-49210440FFFD}.Release|x64.ActiveCfg = Release|x64
		{F0A3E1B7-6C6F-4357-99EE-49210440FFFD}.Release|x64.Build.0 = Release|x64
		{72FC4EEA-C32B-444B-80B7-0E2B137C05C7}.Debug|amd64.ActiveCfg = Debug|Any CPU
		{72FC4EEA-C32B-444B-80B7-0E2B137C05C7}.Debug|amd64.Build.0 = Debug|Any CPU
		{72FC4EEA-C32B-444B-80B7-0E2B137C05C7}.Debug|Any CPU.ActiveCfg = Debug|Any CPU
		{72FC4EEA-C32B-444B-80B7-0E2B137C05C7}.Debug|Any CPU.Build.0 = Debug|Any CPU
		{72FC4EEA-C32B-444B-80B7-0E2B137C05C7}.Debug|x64.ActiveCfg = Debug|x64
		{72FC4EEA-C32B-444B-80B7-0E2B137C05C7}.Debug|x64.Build.0 = Debug|x64
		{72FC4EEA-C32B-444B-80B7-0E2B137C05C7}.Release|amd64.ActiveCfg = Release|Any CPU
		{72FC4EEA-C32B-444B-80B7-0E2B137C05C7}.Release|amd64.Build.0 = Release|Any CPU
		{72FC4EEA-C32B-444B-80B7-0E2B137C05C7}.Release|Any CPU.ActiveCfg = Release|Any CPU
		{72FC4EEA-C32B-444B-80B7-0E2B137C05C7}.Release|Any CPU.Build.0 = Release|Any CPU
		{72FC4EEA-C32B-444B-80B7-0E2B137C05C7}.Release|x64.ActiveCfg = Release|x64
		{72FC4EEA-C32B-444B-80B7-0E2B137C05C7}.Release|x64.Build.0 = Release|x64
		{61844849-3D26-4003-8146-5AE86985DB3A}.Debug|amd64.ActiveCfg = Debug|Any CPU
		{61844849-3D26-4003-8146-5AE86985DB3A}.Debug|amd64.Build.0 = Debug|Any CPU
		{61844849-3D26-4003-8146-5AE86985DB3A}.Debug|Any CPU.ActiveCfg = Debug|Any CPU
		{61844849-3D26-4003-8146-5AE86985DB3A}.Debug|Any CPU.Build.0 = Debug|Any CPU
		{61844849-3D26-4003-8146-5AE86985DB3A}.Debug|x64.ActiveCfg = Debug|x64
		{61844849-3D26-4003-8146-5AE86985DB3A}.Debug|x64.Build.0 = Debug|x64
		{61844849-3D26-4003-8146-5AE86985DB3A}.Release|amd64.ActiveCfg = Release|Any CPU
		{61844849-3D26-4003-8146-5AE86985DB3A}.Release|amd64.Build.0 = Release|Any CPU
		{61844849-3D26-4003-8146-5AE86985DB3A}.Release|Any CPU.ActiveCfg = Release|Any CPU
		{61844849-3D26-4003-8146-5AE86985DB3A}.Release|Any CPU.Build.0 = Release|Any CPU
		{61844849-3D26-4003-8146-5AE86985DB3A}.Release|x64.ActiveCfg = Release|x64
		{61844849-3D26-4003-8146-5AE86985DB3A}.Release|x64.Build.0 = Release|x64
		{78E5E61B-DD12-475A-845B-7DA3F6B0F987}.Debug|amd64.ActiveCfg = Debug|Any CPU
		{78E5E61B-DD12-475A-845B-7DA3F6B0F987}.Debug|amd64.Build.0 = Debug|Any CPU
		{78E5E61B-DD12-475A-845B-7DA3F6B0F987}.Debug|Any CPU.ActiveCfg = Debug|Any CPU
		{78E5E61B-DD12-475A-845B-7DA3F6B0F987}.Debug|Any CPU.Build.0 = Debug|Any CPU
		{78E5E61B-DD12-475A-845B-7DA3F6B0F987}.Debug|x64.ActiveCfg = Debug|x64
		{78E5E61B-DD12-475A-845B-7DA3F6B0F987}.Debug|x64.Build.0 = Debug|x64
		{78E5E61B-DD12-475A-845B-7DA3F6B0F987}.Release|amd64.ActiveCfg = Release|Any CPU
		{78E5E61B-DD12-475A-845B-7DA3F6B0F987}.Release|amd64.Build.0 = Release|Any CPU
		{78E5E61B-DD12-475A-845B-7DA3F6B0F987}.Release|Any CPU.ActiveCfg = Release|Any CPU
		{78E5E61B-DD12-475A-845B-7DA3F6B0F987}.Release|Any CPU.Build.0 = Release|Any CPU
		{78E5E61B-DD12-475A-845B-7DA3F6B0F987}.Release|x64.ActiveCfg = Release|x64
		{78E5E61B-DD12-475A-845B-7DA3F6B0F987}.Release|x64.Build.0 = Release|x64
		{82F72B8B-372E-4A1C-8139-714AE932EBCB}.Debug|amd64.ActiveCfg = Debug|Any CPU
		{82F72B8B-372E-4A1C-8139-714AE932EBCB}.Debug|amd64.Build.0 = Debug|Any CPU
		{82F72B8B-372E-4A1C-8139-714AE932EBCB}.Debug|Any CPU.ActiveCfg = Debug|Any CPU
		{82F72B8B-372E-4A1C-8139-714AE932EBCB}.Debug|Any CPU.Build.0 = Debug|Any CPU
		{82F72B8B-372E-4A1C-8139-714AE932EBCB}.Debug|x64.ActiveCfg = Debug|x64
		{82F72B8B-372E-4A1C-8139-714AE932EBCB}.Debug|x64.Build.0 = Debug|x64
		{82F72B8B-372E-4A1C-8139-714AE932EBCB}.Release|amd64.ActiveCfg = Release|Any CPU
		{82F72B8B-372E-4A1C-8139-714AE932EBCB}.Release|amd64.Build.0 = Release|Any CPU
		{82F72B8B-372E-4A1C-8139-714AE932EBCB}.Release|Any CPU.ActiveCfg = Release|Any CPU
		{82F72B8B-372E-4A1C-8139-714AE932EBCB}.Release|Any CPU.Build.0 = Release|Any CPU
		{82F72B8B-372E-4A1C-8139-714AE932EBCB}.Release|x64.ActiveCfg = Release|x64
		{82F72B8B-372E-4A1C-8139-714AE932EBCB}.Release|x64.Build.0 = Release|x64
		{40FC3EBB-D692-4D69-B6A9-6CBD46F19025}.Debug|amd64.ActiveCfg = Debug|Any CPU
		{40FC3EBB-D692-4D69-B6A9-6CBD46F19025}.Debug|amd64.Build.0 = Debug|Any CPU
		{40FC3EBB-D692-4D69-B6A9-6CBD46F19025}.Debug|Any CPU.ActiveCfg = Debug|Any CPU
		{40FC3EBB-D692-4D69-B6A9-6CBD46F19025}.Debug|Any CPU.Build.0 = Debug|Any CPU
		{40FC3EBB-D692-4D69-B6A9-6CBD46F19025}.Debug|x64.ActiveCfg = Debug|Any CPU
		{40FC3EBB-D692-4D69-B6A9-6CBD46F19025}.Debug|x64.Build.0 = Debug|Any CPU
		{40FC3EBB-D692-4D69-B6A9-6CBD46F19025}.Release|amd64.ActiveCfg = Release|Any CPU
		{40FC3EBB-D692-4D69-B6A9-6CBD46F19025}.Release|amd64.Build.0 = Release|Any CPU
		{40FC3EBB-D692-4D69-B6A9-6CBD46F19025}.Release|Any CPU.ActiveCfg = Release|Any CPU
		{40FC3EBB-D692-4D69-B6A9-6CBD46F19025}.Release|Any CPU.Build.0 = Release|Any CPU
		{40FC3EBB-D692-4D69-B6A9-6CBD46F19025}.Release|x64.ActiveCfg = Release|Any CPU
		{40FC3EBB-D692-4D69-B6A9-6CBD46F19025}.Release|x64.Build.0 = Release|Any CPU
		{23638265-A3F6-4DEE-8FD0-65C75A52BFF6}.Debug|amd64.ActiveCfg = Debug|Any CPU
		{23638265-A3F6-4DEE-8FD0-65C75A52BFF6}.Debug|amd64.Build.0 = Debug|Any CPU
		{23638265-A3F6-4DEE-8FD0-65C75A52BFF6}.Debug|Any CPU.ActiveCfg = Debug|Any CPU
		{23638265-A3F6-4DEE-8FD0-65C75A52BFF6}.Debug|Any CPU.Build.0 = Debug|Any CPU
		{23638265-A3F6-4DEE-8FD0-65C75A52BFF6}.Debug|x64.ActiveCfg = Debug|Any CPU
		{23638265-A3F6-4DEE-8FD0-65C75A52BFF6}.Debug|x64.Build.0 = Debug|Any CPU
		{23638265-A3F6-4DEE-8FD0-65C75A52BFF6}.Release|amd64.ActiveCfg = Release|Any CPU
		{23638265-A3F6-4DEE-8FD0-65C75A52BFF6}.Release|amd64.Build.0 = Release|Any CPU
		{23638265-A3F6-4DEE-8FD0-65C75A52BFF6}.Release|Any CPU.ActiveCfg = Release|Any CPU
		{23638265-A3F6-4DEE-8FD0-65C75A52BFF6}.Release|Any CPU.Build.0 = Release|Any CPU
		{23638265-A3F6-4DEE-8FD0-65C75A52BFF6}.Release|x64.ActiveCfg = Release|Any CPU
		{23638265-A3F6-4DEE-8FD0-65C75A52BFF6}.Release|x64.Build.0 = Release|Any CPU
		{48F16289-58ED-47CC-8437-375306D2080C}.Debug|amd64.ActiveCfg = Debug|Any CPU
		{48F16289-58ED-47CC-8437-375306D2080C}.Debug|amd64.Build.0 = Debug|Any CPU
		{48F16289-58ED-47CC-8437-375306D2080C}.Debug|Any CPU.ActiveCfg = Debug|Any CPU
		{48F16289-58ED-47CC-8437-375306D2080C}.Debug|Any CPU.Build.0 = Debug|Any CPU
		{48F16289-58ED-47CC-8437-375306D2080C}.Debug|x64.ActiveCfg = Debug|Any CPU
		{48F16289-58ED-47CC-8437-375306D2080C}.Debug|x64.Build.0 = Debug|Any CPU
		{48F16289-58ED-47CC-8437-375306D2080C}.Release|amd64.ActiveCfg = Release|Any CPU
		{48F16289-58ED-47CC-8437-375306D2080C}.Release|amd64.Build.0 = Release|Any CPU
		{48F16289-58ED-47CC-8437-375306D2080C}.Release|Any CPU.ActiveCfg = Release|Any CPU
		{48F16289-58ED-47CC-8437-375306D2080C}.Release|Any CPU.Build.0 = Release|Any CPU
		{48F16289-58ED-47CC-8437-375306D2080C}.Release|x64.ActiveCfg = Release|Any CPU
		{48F16289-58ED-47CC-8437-375306D2080C}.Release|x64.Build.0 = Release|Any CPU
	EndGlobalSection
	GlobalSection(SolutionProperties) = preSolution
		HideSolutionNode = FALSE
	EndGlobalSection
	GlobalSection(NestedProjects) = preSolution
		{D297EF68-BCEA-455F-AD6A-A2604804B1F8} = {660C0F8F-F5F7-40AD-851D-206E0EBEA3A9}
		{C672DC5F-98C6-45DE-9565-BDFC5CAAD722} = {D297EF68-BCEA-455F-AD6A-A2604804B1F8}
		{848C123A-A6AD-4891-B46B-F0480DB9112D} = {660C0F8F-F5F7-40AD-851D-206E0EBEA3A9}
		{EFA0B726-E4E3-4AC1-A8EE-45E6EE447EAD} = {660C0F8F-F5F7-40AD-851D-206E0EBEA3A9}
		{1EFD30A0-66B7-4DAA-9975-1C3C580115FC} = {660C0F8F-F5F7-40AD-851D-206E0EBEA3A9}
		{3AA6FC4D-5508-415B-BEE3-941198E0FD43} = {1EFD30A0-66B7-4DAA-9975-1C3C580115FC}
		{377A9B4D-9FDC-42D4-BD15-719747CDCB5B} = {1EFD30A0-66B7-4DAA-9975-1C3C580115FC}
		{6722CB5E-420A-4D6D-BCAE-E1D632902646} = {660C0F8F-F5F7-40AD-851D-206E0EBEA3A9}
		{88ACAC09-512B-4470-A719-C9A9952749F3} = {6722CB5E-420A-4D6D-BCAE-E1D632902646}
		{877B714D-B859-4A45-B0A8-F8AB512E8079} = {D297EF68-BCEA-455F-AD6A-A2604804B1F8}
		{3832F1EB-913E-4B32-89F4-2B50013092AF} = {877B714D-B859-4A45-B0A8-F8AB512E8079}
		{D50612A8-A8EE-4F28-9DCD-B517FFAD98F3} = {1EFD30A0-66B7-4DAA-9975-1C3C580115FC}
		{2C3936C7-4850-41D7-9497-9040BE302328} = {EFA0B726-E4E3-4AC1-A8EE-45E6EE447EAD}
		{895FCBFB-73B4-46F3-8A89-76C236F01BF4} = {848C123A-A6AD-4891-B46B-F0480DB9112D}
		{EFDBE309-2C73-40F3-AB7D-20ED4FA213C4} = {88ACAC09-512B-4470-A719-C9A9952749F3}
		{F0A3E1B7-6C6F-4357-99EE-49210440FFFD} = {3832F1EB-913E-4B32-89F4-2B50013092AF}
		{72FC4EEA-C32B-444B-80B7-0E2B137C05C7} = {C672DC5F-98C6-45DE-9565-BDFC5CAAD722}
		{61844849-3D26-4003-8146-5AE86985DB3A} = {3AA6FC4D-5508-415B-BEE3-941198E0FD43}
		{78E5E61B-DD12-475A-845B-7DA3F6B0F987} = {377A9B4D-9FDC-42D4-BD15-719747CDCB5B}
		{82F72B8B-372E-4A1C-8139-714AE932EBCB} = {D50612A8-A8EE-4F28-9DCD-B517FFAD98F3}
		{40FC3EBB-D692-4D69-B6A9-6CBD46F19025} = {C672DC5F-98C6-45DE-9565-BDFC5CAAD722}
		{23638265-A3F6-4DEE-8FD0-65C75A52BFF6} = {C672DC5F-98C6-45DE-9565-BDFC5CAAD722}
		{48F16289-58ED-47CC-8437-375306D2080C} = {C672DC5F-98C6-45DE-9565-BDFC5CAAD722}
	EndGlobalSection
	GlobalSection(ExtensibilityGlobals) = postSolution
		SolutionGuid = {62A24974-3384-492F-8596-13F9D1971D20}
	EndGlobalSection
EndGlobal
