Microsoft Visual Studio Solution File, Format Version 12.00
# Visual Studio 15
VisualStudioVersion = 15.0.28010.2026
MinimumVisualStudioVersion = 10.0.40219.1
Project("{FAE04EC0-301F-11D3-BF4B-00C04F79EFBC}") = "CcpServiceHost", "CcpServiceHost.csproj", "{BE6C6D6F-E240-4676-AFB9-46DBF008EFAB}"
EndProject
Project("{FAE04EC0-301F-11D3-BF4B-00C04F79EFBC}") = "HpcCommon", "..\..\HpcCommon\HpcCommon.csproj", "{2C3936C7-4850-41D7-9497-9040BE302328}"
EndProject
Project("{2150E333-8FDC-42A3-9474-1A3956D46DE8}") = "src", "src", "{262C0EC2-EA4D-41D6-9FD7-C9719FD200E5}"
EndProject
Project("{2150E333-8FDC-42A3-9474-1A3956D46DE8}") = "HpcCommon", "HpcCommon", "{9D97F09D-0440-4421-831F-4CD75E058ECC}"
EndProject
Project("{FAE04EC0-301F-11D3-BF4B-00C04F79EFBC}") = "Properties", "..\..\StoreAPI\Property\Properties.csproj", "{61844849-3D26-4003-8146-5AE86985DB3A}"
EndProject
Project("{2150E333-8FDC-42A3-9474-1A3956D46DE8}") = "StoreAPI", "StoreAPI", "{2699F109-AC4F-41DB-9F51-0562DF1CC074}"
EndProject
Project("{2150E333-8FDC-42A3-9474-1A3956D46DE8}") = "Property", "Property", "{54680A13-CAC2-42E0-910B-7347C83CE6C3}"
EndProject
Project("{FAE04EC0-301F-11D3-BF4B-00C04F79EFBC}") = "Scheduler", "..\..\StoreAPI\Scheduler\Scheduler.csproj", "{78E5E61B-DD12-475A-845B-7DA3F6B0F987}"
EndProject
Project("{2150E333-8FDC-42A3-9474-1A3956D46DE8}") = "Scheduler", "Scheduler", "{5825A6F5-D90B-483B-8B4C-98B4C8E80851}"
EndProject
Project("{FAE04EC0-301F-11D3-BF4B-00C04F79EFBC}") = "FileStagingClient", "..\..\Scheduler\FileStagingClient\FileStagingClient.csproj", "{EFDBE309-2C73-40F3-AB7D-20ED4FA213C4}"
EndProject
Project("{2150E333-8FDC-42A3-9474-1A3956D46DE8}") = "Scheduler", "Scheduler", "{38DBCACB-3BC7-493B-AC5A-4F2E27E109EC}"
EndProject
Project("{2150E333-8FDC-42A3-9474-1A3956D46DE8}") = "FileStagingClient", "FileStagingClient", "{CD9744DA-7A4F-4570-ACF1-9E0D9476CE04}"
EndProject
Project("{FAE04EC0-301F-11D3-BF4B-00C04F79EFBC}") = "DataMovement", "..\HpcDeploy\DataMovement\DataMovement.csproj", "{F0A3E1B7-6C6F-4357-99EE-49210440FFFD}"
EndProject
Project("{2150E333-8FDC-42A3-9474-1A3956D46DE8}") = "soa", "soa", "{0EEF79A6-1EA7-435D-A703-6872E8182F95}"
EndProject
Project("{2150E333-8FDC-42A3-9474-1A3956D46DE8}") = "HpcDeploy", "HpcDeploy", "{6935DA09-CF75-40AE-B4B7-9AAA86266C90}"
EndProject
Project("{2150E333-8FDC-42A3-9474-1A3956D46DE8}") = "DataMovement", "DataMovement", "{45CBB69E-8E8C-47CB-A0FB-8FB0E31FFBEE}"
EndProject
Project("{FAE04EC0-301F-11D3-BF4B-00C04F79EFBC}") = "Store", "..\..\StoreAPI\Store\Store.csproj", "{82F72B8B-372E-4A1C-8139-714AE932EBCB}"
EndProject
Project("{2150E333-8FDC-42A3-9474-1A3956D46DE8}") = "Store", "Store", "{CB0F53BC-73C3-4CAD-96FE-F941701E9C7E}"
EndProject
Project("{FAE04EC0-301F-11D3-BF4B-00C04F79EFBC}") = "AADAuthUtil", "..\..\AADAuthUtil\AADAuthUtil.csproj", "{895FCBFB-73B4-46F3-8A89-76C236F01BF4}"
EndProject
Project("{2150E333-8FDC-42A3-9474-1A3956D46DE8}") = "AADAuthUtil", "AADAuthUtil", "{690C2CA0-E4B0-4344-B3AE-5187D7B6F3F6}"
EndProject
Project("{FAE04EC0-301F-11D3-BF4B-00C04F79EFBC}") = "BrokerBase", "..\base\BrokerBase.csproj", "{3F01D480-4CDE-4F46-99EA-95CEDA05063E}"
EndProject
Project("{2150E333-8FDC-42A3-9474-1A3956D46DE8}") = "base", "base", "{00A2973C-2265-4505-B3FE-C9408D0A64C1}"
EndProject
Project("{2150E333-8FDC-42A3-9474-1A3956D46DE8}") = "CosmosTracing", "CosmosTracing", "{CD8A390D-51DF-4A21-A3D2-7C9D94DD8686}"
EndProject
Project("{2150E333-8FDC-42A3-9474-1A3956D46DE8}") = "TraceListener", "TraceListener", "{85EB13FF-7093-45D8-B7AD-A317B2165F6A}"
EndProject
Project("{FAE04EC0-301F-11D3-BF4B-00C04F79EFBC}") = "Session", "..\SessionAPI\Session.csproj", "{72FC4EEA-C32B-444B-80B7-0E2B137C05C7}"
EndProject
Project("{2150E333-8FDC-42A3-9474-1A3956D46DE8}") = "SessionAPI", "SessionAPI", "{DFDE435E-0769-477C-9E58-FD76036B985D}"
EndProject
Project("{FAE04EC0-301F-11D3-BF4B-00C04F79EFBC}") = "StandaloneDataClient", "..\..\StandaloneDataClient\StandaloneDataClient.csproj", "{8F4412AA-A6E0-49E5-A331-1B1047E2159D}"
EndProject
Project("{2150E333-8FDC-42A3-9474-1A3956D46DE8}") = "StandaloneDataClient", "StandaloneDataClient", "{07F00223-345F-4E30-9D9C-3C43F3179735}"
EndProject
Project("{FAE04EC0-301F-11D3-BF4B-00C04F79EFBC}") = "HpcRestServerCommon", "..\..\HpcRestServerCommon\HpcRestServerCommon.csproj", "{8720315F-7BA8-4923-BD1E-DC2AF7690A72}"
EndProject
Project("{2150E333-8FDC-42A3-9474-1A3956D46DE8}") = "HpcRestServerCommon", "HpcRestServerCommon", "{EBA46667-15C2-466B-BDF8-6E22F1A06476}"
EndProject
Project("{2150E333-8FDC-42A3-9474-1A3956D46DE8}") = "SvcHostRestServer", "SvcHostRestServer", "{E8E5ABEE-A7AC-4EC8-B560-87A888CD7899}"
EndProject
Project("{2150E333-8FDC-42A3-9474-1A3956D46DE8}") = "SoaAmbientConfig", "SoaAmbientConfig", "{ED86DA5F-AB2A-4C09-BD46-3FBED8143FBA}"
EndProject
Project("{FAE04EC0-301F-11D3-BF4B-00C04F79EFBC}") = "SoaAmbientConfig", "..\SoaAmbientConfig\SoaAmbientConfig.csproj", "{9AD369C0-F404-4591-AE7A-6DFF3D2D99A2}"
EndProject
Project("{FAE04EC0-301F-11D3-BF4B-00C04F79EFBC}") = "SvcHostRestServer", "..\SvcHostRestServer\SvcHostRestServer.csproj", "{602B999E-6203-432C-AF7C-2C31DDDDE60A}"
EndProject
Project("{FAE04EC0-301F-11D3-BF4B-00C04F79EFBC}") = "SessionAPI.HpcPack", "..\SessionAPI.HpcPack\SessionAPI.HpcPack.csproj", "{23638265-A3F6-4DEE-8FD0-65C75A52BFF6}"
EndProject
Project("{FAE04EC0-301F-11D3-BF4B-00C04F79EFBC}") = "SessionAPI.Data", "..\SessionAPI.Data\SessionAPI.Data.csproj", "{40FC3EBB-D692-4D69-B6A9-6CBD46F19025}"
EndProject
Global
	GlobalSection(SolutionConfigurationPlatforms) = preSolution
		Debug|Any CPU = Debug|Any CPU
		Debug|x64 = Debug|x64
		Release|Any CPU = Release|Any CPU
		Release|x64 = Release|x64
	EndGlobalSection
	GlobalSection(ProjectConfigurationPlatforms) = postSolution
		{BE6C6D6F-E240-4676-AFB9-46DBF008EFAB}.Debug|Any CPU.ActiveCfg = Debug|Any CPU
		{BE6C6D6F-E240-4676-AFB9-46DBF008EFAB}.Debug|Any CPU.Build.0 = Debug|Any CPU
		{BE6C6D6F-E240-4676-AFB9-46DBF008EFAB}.Debug|x64.ActiveCfg = Debug|x64
		{BE6C6D6F-E240-4676-AFB9-46DBF008EFAB}.Debug|x64.Build.0 = Debug|x64
		{BE6C6D6F-E240-4676-AFB9-46DBF008EFAB}.Release|Any CPU.ActiveCfg = Release|x64
		{BE6C6D6F-E240-4676-AFB9-46DBF008EFAB}.Release|x64.ActiveCfg = Release|x64
		{BE6C6D6F-E240-4676-AFB9-46DBF008EFAB}.Release|x64.Build.0 = Release|x64
		{2C3936C7-4850-41D7-9497-9040BE302328}.Debug|Any CPU.ActiveCfg = Debug|Any CPU
		{2C3936C7-4850-41D7-9497-9040BE302328}.Debug|Any CPU.Build.0 = Debug|Any CPU
		{2C3936C7-4850-41D7-9497-9040BE302328}.Debug|x64.ActiveCfg = Debug|x64
		{2C3936C7-4850-41D7-9497-9040BE302328}.Debug|x64.Build.0 = Debug|x64
		{2C3936C7-4850-41D7-9497-9040BE302328}.Release|Any CPU.ActiveCfg = Release|x64
		{2C3936C7-4850-41D7-9497-9040BE302328}.Release|x64.ActiveCfg = Release|x64
		{2C3936C7-4850-41D7-9497-9040BE302328}.Release|x64.Build.0 = Release|x64
		{61844849-3D26-4003-8146-5AE86985DB3A}.Debug|Any CPU.ActiveCfg = Debug|Any CPU
		{61844849-3D26-4003-8146-5AE86985DB3A}.Debug|Any CPU.Build.0 = Debug|Any CPU
		{61844849-3D26-4003-8146-5AE86985DB3A}.Debug|x64.ActiveCfg = Debug|x64
		{61844849-3D26-4003-8146-5AE86985DB3A}.Debug|x64.Build.0 = Debug|x64
		{61844849-3D26-4003-8146-5AE86985DB3A}.Release|Any CPU.ActiveCfg = Release|x64
		{61844849-3D26-4003-8146-5AE86985DB3A}.Release|x64.ActiveCfg = Release|x64
		{61844849-3D26-4003-8146-5AE86985DB3A}.Release|x64.Build.0 = Release|x64
		{78E5E61B-DD12-475A-845B-7DA3F6B0F987}.Debug|Any CPU.ActiveCfg = Debug|Any CPU
		{78E5E61B-DD12-475A-845B-7DA3F6B0F987}.Debug|Any CPU.Build.0 = Debug|Any CPU
		{78E5E61B-DD12-475A-845B-7DA3F6B0F987}.Debug|x64.ActiveCfg = Debug|x64
		{78E5E61B-DD12-475A-845B-7DA3F6B0F987}.Debug|x64.Build.0 = Debug|x64
		{78E5E61B-DD12-475A-845B-7DA3F6B0F987}.Release|Any CPU.ActiveCfg = Release|x64
		{78E5E61B-DD12-475A-845B-7DA3F6B0F987}.Release|x64.ActiveCfg = Release|x64
		{78E5E61B-DD12-475A-845B-7DA3F6B0F987}.Release|x64.Build.0 = Release|x64
		{EFDBE309-2C73-40F3-AB7D-20ED4FA213C4}.Debug|Any CPU.ActiveCfg = Debug|Any CPU
		{EFDBE309-2C73-40F3-AB7D-20ED4FA213C4}.Debug|Any CPU.Build.0 = Debug|Any CPU
		{EFDBE309-2C73-40F3-AB7D-20ED4FA213C4}.Debug|x64.ActiveCfg = Debug|x64
		{EFDBE309-2C73-40F3-AB7D-20ED4FA213C4}.Debug|x64.Build.0 = Debug|x64
		{EFDBE309-2C73-40F3-AB7D-20ED4FA213C4}.Release|Any CPU.ActiveCfg = Release|x64
		{EFDBE309-2C73-40F3-AB7D-20ED4FA213C4}.Release|x64.ActiveCfg = Release|x64
		{EFDBE309-2C73-40F3-AB7D-20ED4FA213C4}.Release|x64.Build.0 = Release|x64
		{F0A3E1B7-6C6F-4357-99EE-49210440FFFD}.Debug|Any CPU.ActiveCfg = Debug|Any CPU
		{F0A3E1B7-6C6F-4357-99EE-49210440FFFD}.Debug|Any CPU.Build.0 = Debug|Any CPU
		{F0A3E1B7-6C6F-4357-99EE-49210440FFFD}.Debug|x64.ActiveCfg = Debug|x64
		{F0A3E1B7-6C6F-4357-99EE-49210440FFFD}.Debug|x64.Build.0 = Debug|x64
		{F0A3E1B7-6C6F-4357-99EE-49210440FFFD}.Release|Any CPU.ActiveCfg = Release|x64
		{F0A3E1B7-6C6F-4357-99EE-49210440FFFD}.Release|x64.ActiveCfg = Release|x64
		{F0A3E1B7-6C6F-4357-99EE-49210440FFFD}.Release|x64.Build.0 = Release|x64
		{82F72B8B-372E-4A1C-8139-714AE932EBCB}.Debug|Any CPU.ActiveCfg = Debug|Any CPU
		{82F72B8B-372E-4A1C-8139-714AE932EBCB}.Debug|Any CPU.Build.0 = Debug|Any CPU
		{82F72B8B-372E-4A1C-8139-714AE932EBCB}.Debug|x64.ActiveCfg = Debug|x64
		{82F72B8B-372E-4A1C-8139-714AE932EBCB}.Debug|x64.Build.0 = Debug|x64
		{82F72B8B-372E-4A1C-8139-714AE932EBCB}.Release|Any CPU.ActiveCfg = Release|x64
		{82F72B8B-372E-4A1C-8139-714AE932EBCB}.Release|x64.ActiveCfg = Release|x64
		{82F72B8B-372E-4A1C-8139-714AE932EBCB}.Release|x64.Build.0 = Release|x64
		{895FCBFB-73B4-46F3-8A89-76C236F01BF4}.Debug|Any CPU.ActiveCfg = Debug|Any CPU
		{895FCBFB-73B4-46F3-8A89-76C236F01BF4}.Debug|Any CPU.Build.0 = Debug|Any CPU
		{895FCBFB-73B4-46F3-8A89-76C236F01BF4}.Debug|x64.ActiveCfg = Debug|x64
		{895FCBFB-73B4-46F3-8A89-76C236F01BF4}.Debug|x64.Build.0 = Debug|x64
		{895FCBFB-73B4-46F3-8A89-76C236F01BF4}.Release|Any CPU.ActiveCfg = Release|x64
		{895FCBFB-73B4-46F3-8A89-76C236F01BF4}.Release|x64.ActiveCfg = Release|x64
		{895FCBFB-73B4-46F3-8A89-76C236F01BF4}.Release|x64.Build.0 = Release|x64
		{3F01D480-4CDE-4F46-99EA-95CEDA05063E}.Debug|Any CPU.ActiveCfg = Debug|Any CPU
		{3F01D480-4CDE-4F46-99EA-95CEDA05063E}.Debug|Any CPU.Build.0 = Debug|Any CPU
		{3F01D480-4CDE-4F46-99EA-95CEDA05063E}.Debug|x64.ActiveCfg = Debug|x64
		{3F01D480-4CDE-4F46-99EA-95CEDA05063E}.Debug|x64.Build.0 = Debug|x64
		{3F01D480-4CDE-4F46-99EA-95CEDA05063E}.Release|Any CPU.ActiveCfg = Release|x64
		{3F01D480-4CDE-4F46-99EA-95CEDA05063E}.Release|x64.ActiveCfg = Release|x64
		{3F01D480-4CDE-4F46-99EA-95CEDA05063E}.Release|x64.Build.0 = Release|x64
		{72FC4EEA-C32B-444B-80B7-0E2B137C05C7}.Debug|Any CPU.ActiveCfg = Debug|Any CPU
		{72FC4EEA-C32B-444B-80B7-0E2B137C05C7}.Debug|Any CPU.Build.0 = Debug|Any CPU
		{72FC4EEA-C32B-444B-80B7-0E2B137C05C7}.Debug|x64.ActiveCfg = Debug|x64
		{72FC4EEA-C32B-444B-80B7-0E2B137C05C7}.Debug|x64.Build.0 = Debug|x64
		{72FC4EEA-C32B-444B-80B7-0E2B137C05C7}.Release|Any CPU.ActiveCfg = Release|x64
		{72FC4EEA-C32B-444B-80B7-0E2B137C05C7}.Release|x64.ActiveCfg = Release|x64
		{72FC4EEA-C32B-444B-80B7-0E2B137C05C7}.Release|x64.Build.0 = Release|x64
		{8F4412AA-A6E0-49E5-A331-1B1047E2159D}.Debug|Any CPU.ActiveCfg = Debug|Any CPU
		{8F4412AA-A6E0-49E5-A331-1B1047E2159D}.Debug|Any CPU.Build.0 = Debug|Any CPU
		{8F4412AA-A6E0-49E5-A331-1B1047E2159D}.Debug|x64.ActiveCfg = Debug|x64
		{8F4412AA-A6E0-49E5-A331-1B1047E2159D}.Debug|x64.Build.0 = Debug|x64
		{8F4412AA-A6E0-49E5-A331-1B1047E2159D}.Release|Any CPU.ActiveCfg = Release|Any CPU
		{8F4412AA-A6E0-49E5-A331-1B1047E2159D}.Release|Any CPU.Build.0 = Release|Any CPU
		{8F4412AA-A6E0-49E5-A331-1B1047E2159D}.Release|x64.ActiveCfg = Release|x64
		{8F4412AA-A6E0-49E5-A331-1B1047E2159D}.Release|x64.Build.0 = Release|x64
		{8720315F-7BA8-4923-BD1E-DC2AF7690A72}.Debug|Any CPU.ActiveCfg = Debug|Any CPU
		{8720315F-7BA8-4923-BD1E-DC2AF7690A72}.Debug|Any CPU.Build.0 = Debug|Any CPU
		{8720315F-7BA8-4923-BD1E-DC2AF7690A72}.Debug|x64.ActiveCfg = Debug|x64
		{8720315F-7BA8-4923-BD1E-DC2AF7690A72}.Debug|x64.Build.0 = Debug|x64
		{8720315F-7BA8-4923-BD1E-DC2AF7690A72}.Release|Any CPU.ActiveCfg = Release|x64
		{8720315F-7BA8-4923-BD1E-DC2AF7690A72}.Release|x64.ActiveCfg = Release|x64
		{8720315F-7BA8-4923-BD1E-DC2AF7690A72}.Release|x64.Build.0 = Release|x64
		{9AD369C0-F404-4591-AE7A-6DFF3D2D99A2}.Debug|Any CPU.ActiveCfg = Debug|Any CPU
		{9AD369C0-F404-4591-AE7A-6DFF3D2D99A2}.Debug|Any CPU.Build.0 = Debug|Any CPU
		{9AD369C0-F404-4591-AE7A-6DFF3D2D99A2}.Debug|x64.ActiveCfg = Debug|x64
		{9AD369C0-F404-4591-AE7A-6DFF3D2D99A2}.Debug|x64.Build.0 = Debug|x64
		{9AD369C0-F404-4591-AE7A-6DFF3D2D99A2}.Release|Any CPU.ActiveCfg = Release|x64
		{9AD369C0-F404-4591-AE7A-6DFF3D2D99A2}.Release|x64.ActiveCfg = Release|x64
		{9AD369C0-F404-4591-AE7A-6DFF3D2D99A2}.Release|x64.Build.0 = Release|x64
		{602B999E-6203-432C-AF7C-2C31DDDDE60A}.Debug|Any CPU.ActiveCfg = Debug|Any CPU
		{602B999E-6203-432C-AF7C-2C31DDDDE60A}.Debug|Any CPU.Build.0 = Debug|Any CPU
		{602B999E-6203-432C-AF7C-2C31DDDDE60A}.Debug|x64.ActiveCfg = Debug|x64
		{602B999E-6203-432C-AF7C-2C31DDDDE60A}.Debug|x64.Build.0 = Debug|x64
		{602B999E-6203-432C-AF7C-2C31DDDDE60A}.Release|Any CPU.ActiveCfg = Debug|Any CPU
		{602B999E-6203-432C-AF7C-2C31DDDDE60A}.Release|Any CPU.Build.0 = Debug|Any CPU
		{602B999E-6203-432C-AF7C-2C31DDDDE60A}.Release|x64.ActiveCfg = Debug|Any CPU
		{602B999E-6203-432C-AF7C-2C31DDDDE60A}.Release|x64.Build.0 = Debug|Any CPU
		{23638265-A3F6-4DEE-8FD0-65C75A52BFF6}.Debug|Any CPU.ActiveCfg = Debug|Any CPU
		{23638265-A3F6-4DEE-8FD0-65C75A52BFF6}.Debug|Any CPU.Build.0 = Debug|Any CPU
		{23638265-A3F6-4DEE-8FD0-65C75A52BFF6}.Debug|x64.ActiveCfg = Debug|Any CPU
		{23638265-A3F6-4DEE-8FD0-65C75A52BFF6}.Debug|x64.Build.0 = Debug|Any CPU
		{23638265-A3F6-4DEE-8FD0-65C75A52BFF6}.Release|Any CPU.ActiveCfg = Release|Any CPU
		{23638265-A3F6-4DEE-8FD0-65C75A52BFF6}.Release|Any CPU.Build.0 = Release|Any CPU
		{23638265-A3F6-4DEE-8FD0-65C75A52BFF6}.Release|x64.ActiveCfg = Release|Any CPU
		{23638265-A3F6-4DEE-8FD0-65C75A52BFF6}.Release|x64.Build.0 = Release|Any CPU
		{40FC3EBB-D692-4D69-B6A9-6CBD46F19025}.Debug|Any CPU.ActiveCfg = Debug|Any CPU
		{40FC3EBB-D692-4D69-B6A9-6CBD46F19025}.Debug|Any CPU.Build.0 = Debug|Any CPU
		{40FC3EBB-D692-4D69-B6A9-6CBD46F19025}.Debug|x64.ActiveCfg = Debug|Any CPU
		{40FC3EBB-D692-4D69-B6A9-6CBD46F19025}.Debug|x64.Build.0 = Debug|Any CPU
		{40FC3EBB-D692-4D69-B6A9-6CBD46F19025}.Release|Any CPU.ActiveCfg = Release|Any CPU
		{40FC3EBB-D692-4D69-B6A9-6CBD46F19025}.Release|Any CPU.Build.0 = Release|Any CPU
		{40FC3EBB-D692-4D69-B6A9-6CBD46F19025}.Release|x64.ActiveCfg = Release|Any CPU
		{40FC3EBB-D692-4D69-B6A9-6CBD46F19025}.Release|x64.Build.0 = Release|Any CPU
	EndGlobalSection
	GlobalSection(SolutionProperties) = preSolution
		HideSolutionNode = FALSE
	EndGlobalSection
	GlobalSection(NestedProjects) = preSolution
		{2C3936C7-4850-41D7-9497-9040BE302328} = {9D97F09D-0440-4421-831F-4CD75E058ECC}
		{9D97F09D-0440-4421-831F-4CD75E058ECC} = {262C0EC2-EA4D-41D6-9FD7-C9719FD200E5}
		{61844849-3D26-4003-8146-5AE86985DB3A} = {54680A13-CAC2-42E0-910B-7347C83CE6C3}
		{2699F109-AC4F-41DB-9F51-0562DF1CC074} = {262C0EC2-EA4D-41D6-9FD7-C9719FD200E5}
		{54680A13-CAC2-42E0-910B-7347C83CE6C3} = {2699F109-AC4F-41DB-9F51-0562DF1CC074}
		{78E5E61B-DD12-475A-845B-7DA3F6B0F987} = {5825A6F5-D90B-483B-8B4C-98B4C8E80851}
		{5825A6F5-D90B-483B-8B4C-98B4C8E80851} = {2699F109-AC4F-41DB-9F51-0562DF1CC074}
		{EFDBE309-2C73-40F3-AB7D-20ED4FA213C4} = {CD9744DA-7A4F-4570-ACF1-9E0D9476CE04}
		{38DBCACB-3BC7-493B-AC5A-4F2E27E109EC} = {262C0EC2-EA4D-41D6-9FD7-C9719FD200E5}
		{CD9744DA-7A4F-4570-ACF1-9E0D9476CE04} = {38DBCACB-3BC7-493B-AC5A-4F2E27E109EC}
		{F0A3E1B7-6C6F-4357-99EE-49210440FFFD} = {45CBB69E-8E8C-47CB-A0FB-8FB0E31FFBEE}
		{6935DA09-CF75-40AE-B4B7-9AAA86266C90} = {0EEF79A6-1EA7-435D-A703-6872E8182F95}
		{45CBB69E-8E8C-47CB-A0FB-8FB0E31FFBEE} = {6935DA09-CF75-40AE-B4B7-9AAA86266C90}
		{82F72B8B-372E-4A1C-8139-714AE932EBCB} = {CB0F53BC-73C3-4CAD-96FE-F941701E9C7E}
		{CB0F53BC-73C3-4CAD-96FE-F941701E9C7E} = {2699F109-AC4F-41DB-9F51-0562DF1CC074}
		{895FCBFB-73B4-46F3-8A89-76C236F01BF4} = {690C2CA0-E4B0-4344-B3AE-5187D7B6F3F6}
		{690C2CA0-E4B0-4344-B3AE-5187D7B6F3F6} = {262C0EC2-EA4D-41D6-9FD7-C9719FD200E5}
		{3F01D480-4CDE-4F46-99EA-95CEDA05063E} = {00A2973C-2265-4505-B3FE-C9408D0A64C1}
		{00A2973C-2265-4505-B3FE-C9408D0A64C1} = {0EEF79A6-1EA7-435D-A703-6872E8182F95}
		{CD8A390D-51DF-4A21-A3D2-7C9D94DD8686} = {262C0EC2-EA4D-41D6-9FD7-C9719FD200E5}
		{85EB13FF-7093-45D8-B7AD-A317B2165F6A} = {CD8A390D-51DF-4A21-A3D2-7C9D94DD8686}
		{72FC4EEA-C32B-444B-80B7-0E2B137C05C7} = {DFDE435E-0769-477C-9E58-FD76036B985D}
		{DFDE435E-0769-477C-9E58-FD76036B985D} = {0EEF79A6-1EA7-435D-A703-6872E8182F95}
		{8F4412AA-A6E0-49E5-A331-1B1047E2159D} = {07F00223-345F-4E30-9D9C-3C43F3179735}
		{07F00223-345F-4E30-9D9C-3C43F3179735} = {262C0EC2-EA4D-41D6-9FD7-C9719FD200E5}
		{8720315F-7BA8-4923-BD1E-DC2AF7690A72} = {EBA46667-15C2-466B-BDF8-6E22F1A06476}
		{EBA46667-15C2-466B-BDF8-6E22F1A06476} = {262C0EC2-EA4D-41D6-9FD7-C9719FD200E5}
		{E8E5ABEE-A7AC-4EC8-B560-87A888CD7899} = {0EEF79A6-1EA7-435D-A703-6872E8182F95}
		{ED86DA5F-AB2A-4C09-BD46-3FBED8143FBA} = {0EEF79A6-1EA7-435D-A703-6872E8182F95}
		{9AD369C0-F404-4591-AE7A-6DFF3D2D99A2} = {ED86DA5F-AB2A-4C09-BD46-3FBED8143FBA}
		{602B999E-6203-432C-AF7C-2C31DDDDE60A} = {E8E5ABEE-A7AC-4EC8-B560-87A888CD7899}
		{23638265-A3F6-4DEE-8FD0-65C75A52BFF6} = {DFDE435E-0769-477C-9E58-FD76036B985D}
		{40FC3EBB-D692-4D69-B6A9-6CBD46F19025} = {DFDE435E-0769-477C-9E58-FD76036B985D}
	EndGlobalSection
	GlobalSection(ExtensibilityGlobals) = postSolution
		SolutionGuid = {EFD4D7F9-1629-4EB3-8FD2-808055BFAF3A}
	EndGlobalSection
EndGlobal
