Microsoft Visual Studio Solution File, Format Version 12.00
# Visual Studio 15
VisualStudioVersion = 15.0.28010.2046
MinimumVisualStudioVersion = 10.0.40219.1
Project("{FAE04EC0-301F-11D3-BF4B-00C04F79EFBC}") = "HpcBrokerWorker", "HpcBrokerWorker.csproj", "{6D59B36E-FB92-40B0-9CB8-9230A6ADFFC1}"
EndProject
Project("{FAE04EC0-301F-11D3-BF4B-00C04F79EFBC}") = "HpcCommon", "..\..\HpcCommon\HpcCommon.csproj", "{2C3936C7-4850-41D7-9497-9040BE302328}"
EndProject
Project("{2150E333-8FDC-42A3-9474-1A3956D46DE8}") = "src", "src", "{88F462B0-773D-44C1-AD94-0F341784EA44}"
EndProject
Project("{2150E333-8FDC-42A3-9474-1A3956D46DE8}") = "HpcCommon", "HpcCommon", "{2CE7F66C-0935-4D4B-A0CD-9FF0D5FF7EAF}"
EndProject
Project("{FAE04EC0-301F-11D3-BF4B-00C04F79EFBC}") = "______CosmosTracing_TraceListener_HpcTrace_csproj", "..\..\CosmosTracing\TraceListener\HpcTrace.csproj", "{FC648818-7E85-4B13-BB4F-B6BC0DC1369F}"
EndProject
Project("{2150E333-8FDC-42A3-9474-1A3956D46DE8}") = "CosmosTracing", "CosmosTracing", "{5F2275D0-76E3-48EC-91D9-57FC185D859D}"
EndProject
Project("{2150E333-8FDC-42A3-9474-1A3956D46DE8}") = "TraceListener", "TraceListener", "{49D8E474-5F5B-48AC-95E3-BC149777350A}"
EndProject
Project("{FAE04EC0-301F-11D3-BF4B-00C04F79EFBC}") = "Properties", "..\..\StoreAPI\Property\Properties.csproj", "{61844849-3D26-4003-8146-5AE86985DB3A}"
EndProject
Project("{2150E333-8FDC-42A3-9474-1A3956D46DE8}") = "StoreAPI", "StoreAPI", "{E286D0B2-CE85-4C36-88F5-5637EA7BE277}"
EndProject
Project("{2150E333-8FDC-42A3-9474-1A3956D46DE8}") = "Property", "Property", "{911F9059-1197-45E8-A1DD-8547CBB8742E}"
EndProject
Project("{FAE04EC0-301F-11D3-BF4B-00C04F79EFBC}") = "Scheduler", "..\..\StoreAPI\Scheduler\Scheduler.csproj", "{78E5E61B-DD12-475A-845B-7DA3F6B0F987}"
EndProject
Project("{2150E333-8FDC-42A3-9474-1A3956D46DE8}") = "Scheduler", "Scheduler", "{EB67B713-678A-4E87-B6CB-B9D55718E63F}"
EndProject
Project("{FAE04EC0-301F-11D3-BF4B-00C04F79EFBC}") = "FileStagingClient", "..\..\Scheduler\FileStagingClient\FileStagingClient.csproj", "{EFDBE309-2C73-40F3-AB7D-20ED4FA213C4}"
EndProject
Project("{2150E333-8FDC-42A3-9474-1A3956D46DE8}") = "Scheduler", "Scheduler", "{1D5A3E77-8F52-492A-9D3D-00F57E8E5AE3}"
EndProject
Project("{2150E333-8FDC-42A3-9474-1A3956D46DE8}") = "FileStagingClient", "FileStagingClient", "{9DD03894-DE7D-45A4-BBD9-5638B68AFE1E}"
EndProject
Project("{FAE04EC0-301F-11D3-BF4B-00C04F79EFBC}") = "DataMovement", "..\HpcDeploy\DataMovement\DataMovement.csproj", "{F0A3E1B7-6C6F-4357-99EE-49210440FFFD}"
EndProject
Project("{2150E333-8FDC-42A3-9474-1A3956D46DE8}") = "soa", "soa", "{9944477E-D7C0-49A3-AC61-BFD09BBA7DC5}"
EndProject
Project("{2150E333-8FDC-42A3-9474-1A3956D46DE8}") = "HpcDeploy", "HpcDeploy", "{7518C243-681D-4517-82A5-AA902DAAF14E}"
EndProject
Project("{2150E333-8FDC-42A3-9474-1A3956D46DE8}") = "DataMovement", "DataMovement", "{F54008F6-E433-4EA4-9ECC-D538B4149632}"
EndProject
Project("{FAE04EC0-301F-11D3-BF4B-00C04F79EFBC}") = "Store", "..\..\StoreAPI\Store\Store.csproj", "{82F72B8B-372E-4A1C-8139-714AE932EBCB}"
EndProject
Project("{2150E333-8FDC-42A3-9474-1A3956D46DE8}") = "Store", "Store", "{E58B0E63-4E28-4313-9712-9137BBD76710}"
EndProject
Project("{FAE04EC0-301F-11D3-BF4B-00C04F79EFBC}") = "AADAuthUtil", "..\..\AADAuthUtil\AADAuthUtil.csproj", "{895FCBFB-73B4-46F3-8A89-76C236F01BF4}"
EndProject
Project("{2150E333-8FDC-42A3-9474-1A3956D46DE8}") = "AADAuthUtil", "AADAuthUtil", "{1083B552-D26E-4E76-9B13-6AEACFF06DB8}"
EndProject
Project("{FAE04EC0-301F-11D3-BF4B-00C04F79EFBC}") = "BrokerBase", "..\base\BrokerBase.csproj", "{3F01D480-4CDE-4F46-99EA-95CEDA05063E}"
EndProject
Project("{2150E333-8FDC-42A3-9474-1A3956D46DE8}") = "base", "base", "{91212109-7D34-45D2-A479-EE5B0534C1F7}"
EndProject
Project("{FAE04EC0-301F-11D3-BF4B-00C04F79EFBC}") = "CcpWSLB", "..\CcpWSLB\CcpWSLB.csproj", "{2629DC89-F12C-489D-8CF6-E0A6046B6863}"
EndProject
Project("{2150E333-8FDC-42A3-9474-1A3956D46DE8}") = "CcpWSLB", "CcpWSLB", "{DB1D4B61-4937-4072-88FE-39A25017F9CB}"
EndProject
Project("{FAE04EC0-301F-11D3-BF4B-00C04F79EFBC}") = "______Management_ClusterModel_ClusterModel_corext_csproj", "..\..\Management\ClusterModel\ClusterModel.corext.csproj", "{4AF1BD71-310F-434B-918A-EA10234BF2E1}"
EndProject
Project("{2150E333-8FDC-42A3-9474-1A3956D46DE8}") = "Management", "Management", "{85521F71-2EAB-4CCB-A9B4-B66E9230273D}"
EndProject
Project("{2150E333-8FDC-42A3-9474-1A3956D46DE8}") = "ClusterModel", "ClusterModel", "{9FAEE94A-4DBA-4F90-B6BF-1C3D589DA750}"
EndProject
Project("{FAE04EC0-301F-11D3-BF4B-00C04F79EFBC}") = "______Diagnostics_DiagnosticsAPI_DiagnosticsAPI_csproj", "..\..\Diagnostics\DiagnosticsAPI\DiagnosticsAPI.csproj", "{15F3514E-1657-4F05-A176-BA714699C243}"
EndProject
Project("{2150E333-8FDC-42A3-9474-1A3956D46DE8}") = "Diagnostics", "Diagnostics", "{F07AACB6-55D6-4F52-A8DD-35E50E7870B1}"
EndProject
Project("{2150E333-8FDC-42A3-9474-1A3956D46DE8}") = "DiagnosticsAPI", "DiagnosticsAPI", "{09EFE007-9978-41B3-9998-44348A7D4631}"
EndProject
Project("{FAE04EC0-301F-11D3-BF4B-00C04F79EFBC}") = "______Diagnostics_DiagnosticsHelpers_DiagnosticsHelpers_csproj", "..\..\Diagnostics\DiagnosticsHelpers\DiagnosticsHelpers.csproj", "{1EC8C462-B773-4548-A2A8-439DFD95A897}"
EndProject
Project("{2150E333-8FDC-42A3-9474-1A3956D46DE8}") = "DiagnosticsHelpers", "DiagnosticsHelpers", "{C8E5E285-0A07-42D0-A5CA-25BD63A2E27B}"
EndProject
Project("{FAE04EC0-301F-11D3-BF4B-00C04F79EFBC}") = "______Scheduler_activate_CcpActivate_csproj", "..\..\Scheduler\activate\CcpActivate.csproj", "{E247C010-0B6F-43F1-B52C-12168CE5A70F}"
EndProject
Project("{2150E333-8FDC-42A3-9474-1A3956D46DE8}") = "activate", "activate", "{D27BC46F-6D20-4F4D-AB42-8663A0EC8728}"
EndProject
Project("{FAE04EC0-301F-11D3-BF4B-00C04F79EFBC}") = "______Scheduler_AzureSchedulerCommon_AzureSchedulerCommon_csproj", "..\..\Scheduler\AzureSchedulerCommon\AzureSchedulerCommon.csproj", "{E4B43673-7C1A-4E6E-96F5-6C53704BEAC0}"
EndProject
Project("{2150E333-8FDC-42A3-9474-1A3956D46DE8}") = "AzureSchedulerCommon", "AzureSchedulerCommon", "{E7B8112A-5FBF-4910-A065-EAEFE5A7FF68}"
EndProject
Project("{FAE04EC0-301F-11D3-BF4B-00C04F79EFBC}") = "______StoreAPI_NodeMgt_NodeMgtClient_csproj", "..\..\StoreAPI\NodeMgt\NodeMgtClient.csproj", "{551F6A2B-3EAB-47BA-BCF1-EAE30B99BBD5}"
EndProject
Project("{2150E333-8FDC-42A3-9474-1A3956D46DE8}") = "NodeMgt", "NodeMgt", "{F6644B16-C6C0-4A74-B8C2-AD520508DF66}"
EndProject
Project("{FAE04EC0-301F-11D3-BF4B-00C04F79EFBC}") = "______Management_Azure_AzureManagementBroker_AzureManagementBroker_MSBuild_csproj", "..\..\Management\Azure\AzureManagementBroker\AzureManagementBroker.MSBuild.csproj", "{E73BE019-72F1-42F3-BB00-2F401B8DC1A5}"
EndProject
Project("{2150E333-8FDC-42A3-9474-1A3956D46DE8}") = "Azure", "Azure", "{B2D8A19B-9B1C-45B4-9CD7-091C30349610}"
EndProject
Project("{2150E333-8FDC-42A3-9474-1A3956D46DE8}") = "AzureManagementBroker", "AzureManagementBroker", "{9AFA44DE-113B-4508-BDA4-E56E69C1B642}"
EndProject
Project("{FAE04EC0-301F-11D3-BF4B-00C04F79EFBC}") = "______Management_CceManagementInterfaces_CceManagementInterfaces_MSBuild_csproj", "..\..\Management\CceManagementInterfaces\CceManagementInterfaces.MSBuild.csproj", "{304336BE-E9EA-461A-AC9E-C1A2CFC4983F}"
EndProject
Project("{2150E333-8FDC-42A3-9474-1A3956D46DE8}") = "CceManagementInterfaces", "CceManagementInterfaces", "{9B283958-BD8B-4F39-A693-F06CF1DF156E}"
EndProject
Project("{FAE04EC0-301F-11D3-BF4B-00C04F79EFBC}") = "______Management_TemplateModel_TemplateModel_corext_csproj", "..\..\Management\TemplateModel\TemplateModel.corext.csproj", "{A4F62320-B863-4134-BBBB-B2D3788A2B80}"
EndProject
Project("{2150E333-8FDC-42A3-9474-1A3956D46DE8}") = "TemplateModel", "TemplateModel", "{F0AE9DD2-0435-4677-BE9E-B9A674AE8DDC}"
EndProject
Project("{FAE04EC0-301F-11D3-BF4B-00C04F79EFBC}") = "______Management_ComputerModel_ComputerModel_corext_csproj", "..\..\Management\ComputerModel\ComputerModel.corext.csproj", "{4DD8B25B-A5CF-40FE-99F7-13AAD2BABCAD}"
EndProject
Project("{2150E333-8FDC-42A3-9474-1A3956D46DE8}") = "ComputerModel", "ComputerModel", "{E8D23411-CBA0-4337-95A3-5F1D8AFED2A5}"
EndProject
Project("{FAE04EC0-301F-11D3-BF4B-00C04F79EFBC}") = "______Management_Sdm_ManagerInterfaces_ManagerInterfaces_corext_csproj", "..\..\Management\Sdm\ManagerInterfaces\ManagerInterfaces.corext.csproj", "{FA8C6D5A-6BDD-4F21-87F4-671D00534068}"
EndProject
Project("{2150E333-8FDC-42A3-9474-1A3956D46DE8}") = "Sdm", "Sdm", "{9350B774-29A1-49AC-B6C7-ADB2587208AA}"
EndProject
Project("{2150E333-8FDC-42A3-9474-1A3956D46DE8}") = "ManagerInterfaces", "ManagerInterfaces", "{9C51D4AE-7678-4F1F-9451-5E6A0C42542C}"
EndProject
Project("{FAE04EC0-301F-11D3-BF4B-00C04F79EFBC}") = "______Management_Sdm_sdmcore_SdmCore_corext_csproj", "..\..\Management\Sdm\sdmcore\SdmCore.corext.csproj", "{102F0140-AB4E-40E8-A54D-96719BABBD51}"
EndProject
Project("{2150E333-8FDC-42A3-9474-1A3956D46DE8}") = "sdmcore", "sdmcore", "{96468E2E-07A2-40E6-BF4D-90A98A1CADFD}"
EndProject
Project("{FAE04EC0-301F-11D3-BF4B-00C04F79EFBC}") = "______Scheduler_CredentialHelpers_CredentialHelpers_csproj", "..\..\Scheduler\CredentialHelpers\CredentialHelpers.csproj", "{0F05A9F0-2F16-47C8-BF70-DE6A5F7A6EF9}"
EndProject
Project("{2150E333-8FDC-42A3-9474-1A3956D46DE8}") = "CredentialHelpers", "CredentialHelpers", "{4C665D53-613A-43B9-9CD2-2F8A9F3F8E77}"
EndProject
Project("{FAE04EC0-301F-11D3-BF4B-00C04F79EFBC}") = "______Management_Sdm_StoreInterface_StoreInterface_corext_csproj", "..\..\Management\Sdm\StoreInterface\StoreInterface.corext.csproj", "{1E70D458-57A3-4BC6-B7F8-253378D2116E}"
EndProject
Project("{2150E333-8FDC-42A3-9474-1A3956D46DE8}") = "StoreInterface", "StoreInterface", "{5FB4D146-7B23-4BFE-9787-AA2CFA225E40}"
EndProject
Project("{FAE04EC0-301F-11D3-BF4B-00C04F79EFBC}") = "______Management_Sdm_SystemModel_SystemModel_corext_csproj", "..\..\Management\Sdm\SystemModel\SystemModel.corext.csproj", "{CA5B073E-24BA-46A2-ABE1-8260B714D618}"
EndProject
Project("{2150E333-8FDC-42A3-9474-1A3956D46DE8}") = "SystemModel", "SystemModel", "{F7DFC249-CE2C-4BA0-ACB2-9232DAD0D0B6}"
EndProject
Project("{FAE04EC0-301F-11D3-BF4B-00C04F79EFBC}") = "______Management_NetworkModel_NetworkModel_corext_csproj", "..\..\Management\NetworkModel\NetworkModel.corext.csproj", "{2170E547-D1F4-42A2-B217-BC413F0A5A27}"
EndProject
Project("{2150E333-8FDC-42A3-9474-1A3956D46DE8}") = "NetworkModel", "NetworkModel", "{0E1FE87A-5238-4074-A001-AFB0E90E50B1}"
EndProject
Project("{FAE04EC0-301F-11D3-BF4B-00C04F79EFBC}") = "______Management_WdsModel_WdsModel_corext_csproj", "..\..\Management\WdsModel\WdsModel.corext.csproj", "{75DC44BE-A4A4-4A9F-B8B3-DF62C81BCEAC}"
EndProject
Project("{2150E333-8FDC-42A3-9474-1A3956D46DE8}") = "WdsModel", "WdsModel", "{264577F2-C5AA-430A-908E-2B17608D4C0D}"
EndProject
Project("{FAE04EC0-301F-11D3-BF4B-00C04F79EFBC}") = "______Management_Azure_CloudUploadClient_CloudUploadClient_MSBuild_csproj", "..\..\Management\Azure\CloudUploadClient\CloudUploadClient.MSBuild.csproj", "{27A80925-9007-466A-93EC-973A0FAA9FAF}"
EndProject
Project("{2150E333-8FDC-42A3-9474-1A3956D46DE8}") = "CloudUploadClient", "CloudUploadClient", "{1D43D807-2F16-4912-9189-213130096D0F}"
EndProject
Project("{FAE04EC0-301F-11D3-BF4B-00C04F79EFBC}") = "______Management_ManagementAPI_ManagementAPI_MSBuild_csproj", "..\..\Management\ManagementAPI\ManagementAPI.MSBuild.csproj", "{52A16BD4-2466-4D43-A5CF-F845D0617589}"
EndProject
Project("{2150E333-8FDC-42A3-9474-1A3956D46DE8}") = "ManagementAPI", "ManagementAPI", "{991B938F-F2B8-4805-996B-EABE4D478B71}"
EndProject
Project("{FAE04EC0-301F-11D3-BF4B-00C04F79EFBC}") = "______Management_NetBoot_NetBootModel_NetBootModel_corext_csproj", "..\..\Management\NetBoot\NetBootModel\NetBootModel.corext.csproj", "{C65A3756-4816-478B-9D03-22A782FBD083}"
EndProject
Project("{2150E333-8FDC-42A3-9474-1A3956D46DE8}") = "NetBoot", "NetBoot", "{4E628CC0-8779-4B9C-BED2-97FDBAC0D30F}"
EndProject
Project("{2150E333-8FDC-42A3-9474-1A3956D46DE8}") = "NetBootModel", "NetBootModel", "{F0E597D2-9894-45D3-A0C4-C69FD4A2CE6C}"
EndProject
Project("{FAE04EC0-301F-11D3-BF4B-00C04F79EFBC}") = "______Management_NetBoot_StorageManagementInterface_StorageManagementInterface_corext_csproj", "..\..\Management\NetBoot\StorageManagementInterface\StorageManagementInterface.corext.csproj", "{DC95BCCE-D419-464A-AF88-CB90CAFABE60}"
EndProject
Project("{2150E333-8FDC-42A3-9474-1A3956D46DE8}") = "StorageManagementInterface", "StorageManagementInterface", "{79B6B774-1A1F-4A9E-9EDA-3E25BF6D3076}"
EndProject
Project("{FAE04EC0-301F-11D3-BF4B-00C04F79EFBC}") = "Session", "..\SessionAPI\Session.csproj", "{72FC4EEA-C32B-444B-80B7-0E2B137C05C7}"
EndProject
Project("{2150E333-8FDC-42A3-9474-1A3956D46DE8}") = "SessionAPI", "SessionAPI", "{3E9034B8-BAFC-4654-ABF0-204A4777F50B}"
EndProject
Project("{FAE04EC0-301F-11D3-BF4B-00C04F79EFBC}") = "StandaloneDataClient", "..\..\StandaloneDataClient\StandaloneDataClient.csproj", "{8F4412AA-A6E0-49E5-A331-1B1047E2159D}"
EndProject
Project("{2150E333-8FDC-42A3-9474-1A3956D46DE8}") = "StandaloneDataClient", "StandaloneDataClient", "{8F0E42BE-61EC-425C-BE25-D154278FCA01}"
EndProject
Project("{FAE04EC0-301F-11D3-BF4B-00C04F79EFBC}") = "SOABurst", "..\SOABurst\SOABurst.csproj", "{3AB56212-E9D3-44E3-AA80-EBD1B29A228F}"
EndProject
Project("{2150E333-8FDC-42A3-9474-1A3956D46DE8}") = "SOABurst", "SOABurst", "{58393370-CC36-4F2F-BC0B-FF6EA376FB08}"
EndProject
Project("{FAE04EC0-301F-11D3-BF4B-00C04F79EFBC}") = "SoaCommonUtility", "..\SoaCommonUtility\SoaCommonUtility.csproj", "{BF0B4020-9934-466C-AF35-9F97B4CF18AC}"
EndProject
Project("{2150E333-8FDC-42A3-9474-1A3956D46DE8}") = "SoaCommonUtility", "SoaCommonUtility", "{AC1451BF-7DFC-4A77-952F-574BF9A11786}"
EndProject
Project("{FAE04EC0-301F-11D3-BF4B-00C04F79EFBC}") = "SoaAmbientConfig", "..\SoaAmbientConfig\SoaAmbientConfig.csproj", "{9AD369C0-F404-4591-AE7A-6DFF3D2D99A2}"
EndProject
Project("{2150E333-8FDC-42A3-9474-1A3956D46DE8}") = "SoaAmbientConfig", "SoaAmbientConfig", "{15CABA9C-E91C-4248-AEE4-3D4AEC5DF03F}"
EndProject
Project("{FAE04EC0-301F-11D3-BF4B-00C04F79EFBC}") = "CcpWSLB.UnitTest", "..\CcpWSLB.UnitTest\CcpWSLB.UnitTest.csproj", "{6022E67F-D8AC-4F8B-870E-2C3837FA300E}"
EndProject
Project("{2150E333-8FDC-42A3-9474-1A3956D46DE8}") = "WcfUtil", "WcfUtil", "{C4B531E4-1DB1-40CD-A876-9EDACFD8E98B}"
EndProject
Project("{2150E333-8FDC-42A3-9474-1A3956D46DE8}") = "AzureStorageBinding", "AzureStorageBinding", "{7D5CBE97-EAD1-4DE2-8837-AA549FAC213D}"
EndProject
Project("{FAE04EC0-301F-11D3-BF4B-00C04F79EFBC}") = "AzureStorageBinding", "..\..\WcfUtil\AzureStorageBinding\AzureStorageBinding.csproj", "{5FDAE262-06FD-49C6-B44F-EC1AF1F326E5}"
EndProject
Global
	GlobalSection(SolutionConfigurationPlatforms) = preSolution
		Debug|Any CPU = Debug|Any CPU
		Debug|x64 = Debug|x64
		Release|Any CPU = Release|Any CPU
		Release|x64 = Release|x64
	EndGlobalSection
	GlobalSection(ProjectConfigurationPlatforms) = postSolution
		{6D59B36E-FB92-40B0-9CB8-9230A6ADFFC1}.Debug|Any CPU.ActiveCfg = Debug|Any CPU
		{6D59B36E-FB92-40B0-9CB8-9230A6ADFFC1}.Debug|Any CPU.Build.0 = Debug|Any CPU
		{6D59B36E-FB92-40B0-9CB8-9230A6ADFFC1}.Debug|x64.ActiveCfg = Debug|x64
		{6D59B36E-FB92-40B0-9CB8-9230A6ADFFC1}.Debug|x64.Build.0 = Debug|x64
		{6D59B36E-FB92-40B0-9CB8-9230A6ADFFC1}.Release|Any CPU.ActiveCfg = Release|Any CPU
		{6D59B36E-FB92-40B0-9CB8-9230A6ADFFC1}.Release|Any CPU.Build.0 = Release|Any CPU
		{6D59B36E-FB92-40B0-9CB8-9230A6ADFFC1}.Release|x64.ActiveCfg = Release|x64
		{6D59B36E-FB92-40B0-9CB8-9230A6ADFFC1}.Release|x64.Build.0 = Release|x64
		{2C3936C7-4850-41D7-9497-9040BE302328}.Debug|Any CPU.ActiveCfg = Debug|Any CPU
		{2C3936C7-4850-41D7-9497-9040BE302328}.Debug|Any CPU.Build.0 = Debug|Any CPU
		{2C3936C7-4850-41D7-9497-9040BE302328}.Debug|x64.ActiveCfg = Debug|x64
		{2C3936C7-4850-41D7-9497-9040BE302328}.Debug|x64.Build.0 = Debug|x64
		{2C3936C7-4850-41D7-9497-9040BE302328}.Release|Any CPU.ActiveCfg = Release|Any CPU
		{2C3936C7-4850-41D7-9497-9040BE302328}.Release|Any CPU.Build.0 = Release|Any CPU
		{2C3936C7-4850-41D7-9497-9040BE302328}.Release|x64.ActiveCfg = Release|x64
		{2C3936C7-4850-41D7-9497-9040BE302328}.Release|x64.Build.0 = Release|x64
		{FC648818-7E85-4B13-BB4F-B6BC0DC1369F}.Debug|Any CPU.ActiveCfg = Debug|Any CPU
		{FC648818-7E85-4B13-BB4F-B6BC0DC1369F}.Debug|x64.ActiveCfg = Debug|Any CPU
		{FC648818-7E85-4B13-BB4F-B6BC0DC1369F}.Debug|x64.Build.0 = Debug|Any CPU
		{FC648818-7E85-4B13-BB4F-B6BC0DC1369F}.Release|Any CPU.ActiveCfg = Debug|Any CPU
		{FC648818-7E85-4B13-BB4F-B6BC0DC1369F}.Release|x64.ActiveCfg = Debug|Any CPU
		{61844849-3D26-4003-8146-5AE86985DB3A}.Debug|Any CPU.ActiveCfg = Debug|Any CPU
		{61844849-3D26-4003-8146-5AE86985DB3A}.Debug|Any CPU.Build.0 = Debug|Any CPU
		{61844849-3D26-4003-8146-5AE86985DB3A}.Debug|x64.ActiveCfg = Debug|x64
		{61844849-3D26-4003-8146-5AE86985DB3A}.Debug|x64.Build.0 = Debug|x64
		{61844849-3D26-4003-8146-5AE86985DB3A}.Release|Any CPU.ActiveCfg = Release|Any CPU
		{61844849-3D26-4003-8146-5AE86985DB3A}.Release|Any CPU.Build.0 = Release|Any CPU
		{61844849-3D26-4003-8146-5AE86985DB3A}.Release|x64.ActiveCfg = Release|x64
		{61844849-3D26-4003-8146-5AE86985DB3A}.Release|x64.Build.0 = Release|x64
		{78E5E61B-DD12-475A-845B-7DA3F6B0F987}.Debug|Any CPU.ActiveCfg = Debug|Any CPU
		{78E5E61B-DD12-475A-845B-7DA3F6B0F987}.Debug|Any CPU.Build.0 = Debug|Any CPU
		{78E5E61B-DD12-475A-845B-7DA3F6B0F987}.Debug|x64.ActiveCfg = Debug|x64
		{78E5E61B-DD12-475A-845B-7DA3F6B0F987}.Debug|x64.Build.0 = Debug|x64
		{78E5E61B-DD12-475A-845B-7DA3F6B0F987}.Release|Any CPU.ActiveCfg = Release|Any CPU
		{78E5E61B-DD12-475A-845B-7DA3F6B0F987}.Release|Any CPU.Build.0 = Release|Any CPU
		{78E5E61B-DD12-475A-845B-7DA3F6B0F987}.Release|x64.ActiveCfg = Release|x64
		{78E5E61B-DD12-475A-845B-7DA3F6B0F987}.Release|x64.Build.0 = Release|x64
		{EFDBE309-2C73-40F3-AB7D-20ED4FA213C4}.Debug|Any CPU.ActiveCfg = Debug|Any CPU
		{EFDBE309-2C73-40F3-AB7D-20ED4FA213C4}.Debug|Any CPU.Build.0 = Debug|Any CPU
		{EFDBE309-2C73-40F3-AB7D-20ED4FA213C4}.Debug|x64.ActiveCfg = Debug|x64
		{EFDBE309-2C73-40F3-AB7D-20ED4FA213C4}.Debug|x64.Build.0 = Debug|x64
		{EFDBE309-2C73-40F3-AB7D-20ED4FA213C4}.Release|Any CPU.ActiveCfg = Release|Any CPU
		{EFDBE309-2C73-40F3-AB7D-20ED4FA213C4}.Release|Any CPU.Build.0 = Release|Any CPU
		{EFDBE309-2C73-40F3-AB7D-20ED4FA213C4}.Release|x64.ActiveCfg = Release|x64
		{EFDBE309-2C73-40F3-AB7D-20ED4FA213C4}.Release|x64.Build.0 = Release|x64
		{F0A3E1B7-6C6F-4357-99EE-49210440FFFD}.Debug|Any CPU.ActiveCfg = Debug|Any CPU
		{F0A3E1B7-6C6F-4357-99EE-49210440FFFD}.Debug|Any CPU.Build.0 = Debug|Any CPU
		{F0A3E1B7-6C6F-4357-99EE-49210440FFFD}.Debug|x64.ActiveCfg = Debug|x64
		{F0A3E1B7-6C6F-4357-99EE-49210440FFFD}.Debug|x64.Build.0 = Debug|x64
		{F0A3E1B7-6C6F-4357-99EE-49210440FFFD}.Release|Any CPU.ActiveCfg = Release|Any CPU
		{F0A3E1B7-6C6F-4357-99EE-49210440FFFD}.Release|Any CPU.Build.0 = Release|Any CPU
		{F0A3E1B7-6C6F-4357-99EE-49210440FFFD}.Release|x64.ActiveCfg = Release|x64
		{F0A3E1B7-6C6F-4357-99EE-49210440FFFD}.Release|x64.Build.0 = Release|x64
		{82F72B8B-372E-4A1C-8139-714AE932EBCB}.Debug|Any CPU.ActiveCfg = Debug|Any CPU
		{82F72B8B-372E-4A1C-8139-714AE932EBCB}.Debug|Any CPU.Build.0 = Debug|Any CPU
		{82F72B8B-372E-4A1C-8139-714AE932EBCB}.Debug|x64.ActiveCfg = Debug|x64
		{82F72B8B-372E-4A1C-8139-714AE932EBCB}.Debug|x64.Build.0 = Debug|x64
		{82F72B8B-372E-4A1C-8139-714AE932EBCB}.Release|Any CPU.ActiveCfg = Release|Any CPU
		{82F72B8B-372E-4A1C-8139-714AE932EBCB}.Release|Any CPU.Build.0 = Release|Any CPU
		{82F72B8B-372E-4A1C-8139-714AE932EBCB}.Release|x64.ActiveCfg = Release|x64
		{82F72B8B-372E-4A1C-8139-714AE932EBCB}.Release|x64.Build.0 = Release|x64
		{895FCBFB-73B4-46F3-8A89-76C236F01BF4}.Debug|Any CPU.ActiveCfg = Debug|Any CPU
		{895FCBFB-73B4-46F3-8A89-76C236F01BF4}.Debug|Any CPU.Build.0 = Debug|Any CPU
		{895FCBFB-73B4-46F3-8A89-76C236F01BF4}.Debug|x64.ActiveCfg = Debug|x64
		{895FCBFB-73B4-46F3-8A89-76C236F01BF4}.Debug|x64.Build.0 = Debug|x64
		{895FCBFB-73B4-46F3-8A89-76C236F01BF4}.Release|Any CPU.ActiveCfg = Release|Any CPU
		{895FCBFB-73B4-46F3-8A89-76C236F01BF4}.Release|Any CPU.Build.0 = Release|Any CPU
		{895FCBFB-73B4-46F3-8A89-76C236F01BF4}.Release|x64.ActiveCfg = Release|x64
		{895FCBFB-73B4-46F3-8A89-76C236F01BF4}.Release|x64.Build.0 = Release|x64
		{3F01D480-4CDE-4F46-99EA-95CEDA05063E}.Debug|Any CPU.ActiveCfg = Debug|Any CPU
		{3F01D480-4CDE-4F46-99EA-95CEDA05063E}.Debug|Any CPU.Build.0 = Debug|Any CPU
		{3F01D480-4CDE-4F46-99EA-95CEDA05063E}.Debug|x64.ActiveCfg = Debug|x64
		{3F01D480-4CDE-4F46-99EA-95CEDA05063E}.Debug|x64.Build.0 = Debug|x64
		{3F01D480-4CDE-4F46-99EA-95CEDA05063E}.Release|Any CPU.ActiveCfg = Release|Any CPU
		{3F01D480-4CDE-4F46-99EA-95CEDA05063E}.Release|Any CPU.Build.0 = Release|Any CPU
		{3F01D480-4CDE-4F46-99EA-95CEDA05063E}.Release|x64.ActiveCfg = Release|x64
		{3F01D480-4CDE-4F46-99EA-95CEDA05063E}.Release|x64.Build.0 = Release|x64
		{2629DC89-F12C-489D-8CF6-E0A6046B6863}.Debug|Any CPU.ActiveCfg = Debug|Any CPU
		{2629DC89-F12C-489D-8CF6-E0A6046B6863}.Debug|Any CPU.Build.0 = Debug|Any CPU
		{2629DC89-F12C-489D-8CF6-E0A6046B6863}.Debug|x64.ActiveCfg = Debug|x64
		{2629DC89-F12C-489D-8CF6-E0A6046B6863}.Debug|x64.Build.0 = Debug|x64
		{2629DC89-F12C-489D-8CF6-E0A6046B6863}.Release|Any CPU.ActiveCfg = Release|Any CPU
		{2629DC89-F12C-489D-8CF6-E0A6046B6863}.Release|Any CPU.Build.0 = Release|Any CPU
		{2629DC89-F12C-489D-8CF6-E0A6046B6863}.Release|x64.ActiveCfg = Release|x64
		{2629DC89-F12C-489D-8CF6-E0A6046B6863}.Release|x64.Build.0 = Release|x64
		{4AF1BD71-310F-434B-918A-EA10234BF2E1}.Debug|Any CPU.ActiveCfg = Debug|Any CPU
		{4AF1BD71-310F-434B-918A-EA10234BF2E1}.Debug|x64.ActiveCfg = Debug|Any CPU
		{4AF1BD71-310F-434B-918A-EA10234BF2E1}.Debug|x64.Build.0 = Debug|Any CPU
		{4AF1BD71-310F-434B-918A-EA10234BF2E1}.Release|Any CPU.ActiveCfg = Debug|Any CPU
		{4AF1BD71-310F-434B-918A-EA10234BF2E1}.Release|x64.ActiveCfg = Debug|Any CPU
		{15F3514E-1657-4F05-A176-BA714699C243}.Debug|Any CPU.ActiveCfg = Debug|Any CPU
		{15F3514E-1657-4F05-A176-BA714699C243}.Debug|x64.ActiveCfg = Debug|Any CPU
		{15F3514E-1657-4F05-A176-BA714699C243}.Debug|x64.Build.0 = Debug|Any CPU
		{15F3514E-1657-4F05-A176-BA714699C243}.Release|Any CPU.ActiveCfg = Debug|Any CPU
		{15F3514E-1657-4F05-A176-BA714699C243}.Release|x64.ActiveCfg = Debug|Any CPU
		{1EC8C462-B773-4548-A2A8-439DFD95A897}.Debug|Any CPU.ActiveCfg = Debug|Any CPU
		{1EC8C462-B773-4548-A2A8-439DFD95A897}.Debug|x64.ActiveCfg = Debug|Any CPU
		{1EC8C462-B773-4548-A2A8-439DFD95A897}.Debug|x64.Build.0 = Debug|Any CPU
		{1EC8C462-B773-4548-A2A8-439DFD95A897}.Release|Any CPU.ActiveCfg = Debug|Any CPU
		{1EC8C462-B773-4548-A2A8-439DFD95A897}.Release|x64.ActiveCfg = Debug|Any CPU
		{E247C010-0B6F-43F1-B52C-12168CE5A70F}.Debug|Any CPU.ActiveCfg = Debug|Any CPU
		{E247C010-0B6F-43F1-B52C-12168CE5A70F}.Debug|x64.ActiveCfg = Debug|Any CPU
		{E247C010-0B6F-43F1-B52C-12168CE5A70F}.Debug|x64.Build.0 = Debug|Any CPU
		{E247C010-0B6F-43F1-B52C-12168CE5A70F}.Release|Any CPU.ActiveCfg = Debug|Any CPU
		{E247C010-0B6F-43F1-B52C-12168CE5A70F}.Release|x64.ActiveCfg = Debug|Any CPU
		{E4B43673-7C1A-4E6E-96F5-6C53704BEAC0}.Debug|Any CPU.ActiveCfg = Debug|Any CPU
		{E4B43673-7C1A-4E6E-96F5-6C53704BEAC0}.Debug|x64.ActiveCfg = Debug|Any CPU
		{E4B43673-7C1A-4E6E-96F5-6C53704BEAC0}.Debug|x64.Build.0 = Debug|Any CPU
		{E4B43673-7C1A-4E6E-96F5-6C53704BEAC0}.Release|Any CPU.ActiveCfg = Debug|Any CPU
		{E4B43673-7C1A-4E6E-96F5-6C53704BEAC0}.Release|x64.ActiveCfg = Debug|Any CPU
		{551F6A2B-3EAB-47BA-BCF1-EAE30B99BBD5}.Debug|Any CPU.ActiveCfg = Debug|Any CPU
		{551F6A2B-3EAB-47BA-BCF1-EAE30B99BBD5}.Debug|x64.ActiveCfg = Debug|Any CPU
		{551F6A2B-3EAB-47BA-BCF1-EAE30B99BBD5}.Debug|x64.Build.0 = Debug|Any CPU
		{551F6A2B-3EAB-47BA-BCF1-EAE30B99BBD5}.Release|Any CPU.ActiveCfg = Debug|Any CPU
		{551F6A2B-3EAB-47BA-BCF1-EAE30B99BBD5}.Release|x64.ActiveCfg = Debug|Any CPU
		{E73BE019-72F1-42F3-BB00-2F401B8DC1A5}.Debug|Any CPU.ActiveCfg = Debug|Any CPU
		{E73BE019-72F1-42F3-BB00-2F401B8DC1A5}.Debug|x64.ActiveCfg = Debug|Any CPU
		{E73BE019-72F1-42F3-BB00-2F401B8DC1A5}.Debug|x64.Build.0 = Debug|Any CPU
		{E73BE019-72F1-42F3-BB00-2F401B8DC1A5}.Release|Any CPU.ActiveCfg = Debug|Any CPU
		{E73BE019-72F1-42F3-BB00-2F401B8DC1A5}.Release|x64.ActiveCfg = Debug|Any CPU
		{304336BE-E9EA-461A-AC9E-C1A2CFC4983F}.Debug|Any CPU.ActiveCfg = Debug|Any CPU
		{304336BE-E9EA-461A-AC9E-C1A2CFC4983F}.Debug|x64.ActiveCfg = Debug|Any CPU
		{304336BE-E9EA-461A-AC9E-C1A2CFC4983F}.Debug|x64.Build.0 = Debug|Any CPU
		{304336BE-E9EA-461A-AC9E-C1A2CFC4983F}.Release|Any CPU.ActiveCfg = Debug|Any CPU
		{304336BE-E9EA-461A-AC9E-C1A2CFC4983F}.Release|x64.ActiveCfg = Debug|Any CPU
		{A4F62320-B863-4134-BBBB-B2D3788A2B80}.Debug|Any CPU.ActiveCfg = Debug|Any CPU
		{A4F62320-B863-4134-BBBB-B2D3788A2B80}.Debug|x64.ActiveCfg = Debug|Any CPU
		{A4F62320-B863-4134-BBBB-B2D3788A2B80}.Debug|x64.Build.0 = Debug|Any CPU
		{A4F62320-B863-4134-BBBB-B2D3788A2B80}.Release|Any CPU.ActiveCfg = Debug|Any CPU
		{A4F62320-B863-4134-BBBB-B2D3788A2B80}.Release|x64.ActiveCfg = Debug|Any CPU
		{4DD8B25B-A5CF-40FE-99F7-13AAD2BABCAD}.Debug|Any CPU.ActiveCfg = Debug|Any CPU
		{4DD8B25B-A5CF-40FE-99F7-13AAD2BABCAD}.Debug|x64.ActiveCfg = Debug|Any CPU
		{4DD8B25B-A5CF-40FE-99F7-13AAD2BABCAD}.Debug|x64.Build.0 = Debug|Any CPU
		{4DD8B25B-A5CF-40FE-99F7-13AAD2BABCAD}.Release|Any CPU.ActiveCfg = Debug|Any CPU
		{4DD8B25B-A5CF-40FE-99F7-13AAD2BABCAD}.Release|x64.ActiveCfg = Debug|Any CPU
		{FA8C6D5A-6BDD-4F21-87F4-671D00534068}.Debug|Any CPU.ActiveCfg = Debug|Any CPU
		{FA8C6D5A-6BDD-4F21-87F4-671D00534068}.Debug|x64.ActiveCfg = Debug|Any CPU
		{FA8C6D5A-6BDD-4F21-87F4-671D00534068}.Debug|x64.Build.0 = Debug|Any CPU
		{FA8C6D5A-6BDD-4F21-87F4-671D00534068}.Release|Any CPU.ActiveCfg = Debug|Any CPU
		{FA8C6D5A-6BDD-4F21-87F4-671D00534068}.Release|x64.ActiveCfg = Debug|Any CPU
		{102F0140-AB4E-40E8-A54D-96719BABBD51}.Debug|Any CPU.ActiveCfg = Debug|Any CPU
		{102F0140-AB4E-40E8-A54D-96719BABBD51}.Debug|x64.ActiveCfg = Debug|Any CPU
		{102F0140-AB4E-40E8-A54D-96719BABBD51}.Debug|x64.Build.0 = Debug|Any CPU
		{102F0140-AB4E-40E8-A54D-96719BABBD51}.Release|Any CPU.ActiveCfg = Debug|Any CPU
		{102F0140-AB4E-40E8-A54D-96719BABBD51}.Release|x64.ActiveCfg = Debug|Any CPU
		{0F05A9F0-2F16-47C8-BF70-DE6A5F7A6EF9}.Debug|Any CPU.ActiveCfg = Debug|Any CPU
		{0F05A9F0-2F16-47C8-BF70-DE6A5F7A6EF9}.Debug|x64.ActiveCfg = Debug|Any CPU
		{0F05A9F0-2F16-47C8-BF70-DE6A5F7A6EF9}.Debug|x64.Build.0 = Debug|Any CPU
		{0F05A9F0-2F16-47C8-BF70-DE6A5F7A6EF9}.Release|Any CPU.ActiveCfg = Debug|Any CPU
		{0F05A9F0-2F16-47C8-BF70-DE6A5F7A6EF9}.Release|x64.ActiveCfg = Debug|Any CPU
		{1E70D458-57A3-4BC6-B7F8-253378D2116E}.Debug|Any CPU.ActiveCfg = Debug|Any CPU
		{1E70D458-57A3-4BC6-B7F8-253378D2116E}.Debug|x64.ActiveCfg = Debug|Any CPU
		{1E70D458-57A3-4BC6-B7F8-253378D2116E}.Debug|x64.Build.0 = Debug|Any CPU
		{1E70D458-57A3-4BC6-B7F8-253378D2116E}.Release|Any CPU.ActiveCfg = Debug|Any CPU
		{1E70D458-57A3-4BC6-B7F8-253378D2116E}.Release|x64.ActiveCfg = Debug|Any CPU
		{CA5B073E-24BA-46A2-ABE1-8260B714D618}.Debug|Any CPU.ActiveCfg = Debug|Any CPU
		{CA5B073E-24BA-46A2-ABE1-8260B714D618}.Debug|x64.ActiveCfg = Debug|Any CPU
		{CA5B073E-24BA-46A2-ABE1-8260B714D618}.Debug|x64.Build.0 = Debug|Any CPU
		{CA5B073E-24BA-46A2-ABE1-8260B714D618}.Release|Any CPU.ActiveCfg = Debug|Any CPU
		{CA5B073E-24BA-46A2-ABE1-8260B714D618}.Release|x64.ActiveCfg = Debug|Any CPU
		{2170E547-D1F4-42A2-B217-BC413F0A5A27}.Debug|Any CPU.ActiveCfg = Debug|Any CPU
		{2170E547-D1F4-42A2-B217-BC413F0A5A27}.Debug|x64.ActiveCfg = Debug|Any CPU
		{2170E547-D1F4-42A2-B217-BC413F0A5A27}.Debug|x64.Build.0 = Debug|Any CPU
		{2170E547-D1F4-42A2-B217-BC413F0A5A27}.Release|Any CPU.ActiveCfg = Debug|Any CPU
		{2170E547-D1F4-42A2-B217-BC413F0A5A27}.Release|x64.ActiveCfg = Debug|Any CPU
		{75DC44BE-A4A4-4A9F-B8B3-DF62C81BCEAC}.Debug|Any CPU.ActiveCfg = Debug|Any CPU
		{75DC44BE-A4A4-4A9F-B8B3-DF62C81BCEAC}.Debug|x64.ActiveCfg = Debug|Any CPU
		{75DC44BE-A4A4-4A9F-B8B3-DF62C81BCEAC}.Debug|x64.Build.0 = Debug|Any CPU
		{75DC44BE-A4A4-4A9F-B8B3-DF62C81BCEAC}.Release|Any CPU.ActiveCfg = Debug|Any CPU
		{75DC44BE-A4A4-4A9F-B8B3-DF62C81BCEAC}.Release|x64.ActiveCfg = Debug|Any CPU
		{27A80925-9007-466A-93EC-973A0FAA9FAF}.Debug|Any CPU.ActiveCfg = Debug|Any CPU
		{27A80925-9007-466A-93EC-973A0FAA9FAF}.Debug|x64.ActiveCfg = Debug|Any CPU
		{27A80925-9007-466A-93EC-973A0FAA9FAF}.Debug|x64.Build.0 = Debug|Any CPU
		{27A80925-9007-466A-93EC-973A0FAA9FAF}.Release|Any CPU.ActiveCfg = Debug|Any CPU
		{27A80925-9007-466A-93EC-973A0FAA9FAF}.Release|x64.ActiveCfg = Debug|Any CPU
		{52A16BD4-2466-4D43-A5CF-F845D0617589}.Debug|Any CPU.ActiveCfg = Debug|Any CPU
		{52A16BD4-2466-4D43-A5CF-F845D0617589}.Debug|x64.ActiveCfg = Debug|Any CPU
		{52A16BD4-2466-4D43-A5CF-F845D0617589}.Debug|x64.Build.0 = Debug|Any CPU
		{52A16BD4-2466-4D43-A5CF-F845D0617589}.Release|Any CPU.ActiveCfg = Debug|Any CPU
		{52A16BD4-2466-4D43-A5CF-F845D0617589}.Release|x64.ActiveCfg = Debug|Any CPU
		{C65A3756-4816-478B-9D03-22A782FBD083}.Debug|Any CPU.ActiveCfg = Debug|Any CPU
		{C65A3756-4816-478B-9D03-22A782FBD083}.Debug|x64.ActiveCfg = Debug|Any CPU
		{C65A3756-4816-478B-9D03-22A782FBD083}.Debug|x64.Build.0 = Debug|Any CPU
		{C65A3756-4816-478B-9D03-22A782FBD083}.Release|Any CPU.ActiveCfg = Debug|Any CPU
		{C65A3756-4816-478B-9D03-22A782FBD083}.Release|x64.ActiveCfg = Debug|Any CPU
		{DC95BCCE-D419-464A-AF88-CB90CAFABE60}.Debug|Any CPU.ActiveCfg = Debug|Any CPU
		{DC95BCCE-D419-464A-AF88-CB90CAFABE60}.Debug|x64.ActiveCfg = Debug|Any CPU
		{DC95BCCE-D419-464A-AF88-CB90CAFABE60}.Debug|x64.Build.0 = Debug|Any CPU
		{DC95BCCE-D419-464A-AF88-CB90CAFABE60}.Release|Any CPU.ActiveCfg = Debug|Any CPU
		{DC95BCCE-D419-464A-AF88-CB90CAFABE60}.Release|x64.ActiveCfg = Debug|Any CPU
		{72FC4EEA-C32B-444B-80B7-0E2B137C05C7}.Debug|Any CPU.ActiveCfg = Debug|Any CPU
		{72FC4EEA-C32B-444B-80B7-0E2B137C05C7}.Debug|Any CPU.Build.0 = Debug|Any CPU
		{72FC4EEA-C32B-444B-80B7-0E2B137C05C7}.Debug|x64.ActiveCfg = Debug|x64
		{72FC4EEA-C32B-444B-80B7-0E2B137C05C7}.Debug|x64.Build.0 = Debug|x64
		{72FC4EEA-C32B-444B-80B7-0E2B137C05C7}.Release|Any CPU.ActiveCfg = Release|Any CPU
		{72FC4EEA-C32B-444B-80B7-0E2B137C05C7}.Release|Any CPU.Build.0 = Release|Any CPU
		{72FC4EEA-C32B-444B-80B7-0E2B137C05C7}.Release|x64.ActiveCfg = Release|x64
		{72FC4EEA-C32B-444B-80B7-0E2B137C05C7}.Release|x64.Build.0 = Release|x64
		{8F4412AA-A6E0-49E5-A331-1B1047E2159D}.Debug|Any CPU.ActiveCfg = Debug|Any CPU
		{8F4412AA-A6E0-49E5-A331-1B1047E2159D}.Debug|Any CPU.Build.0 = Debug|Any CPU
		{8F4412AA-A6E0-49E5-A331-1B1047E2159D}.Debug|x64.ActiveCfg = Debug|x64
		{8F4412AA-A6E0-49E5-A331-1B1047E2159D}.Debug|x64.Build.0 = Debug|x64
		{8F4412AA-A6E0-49E5-A331-1B1047E2159D}.Release|Any CPU.ActiveCfg = Release|Any CPU
		{8F4412AA-A6E0-49E5-A331-1B1047E2159D}.Release|Any CPU.Build.0 = Release|Any CPU
		{8F4412AA-A6E0-49E5-A331-1B1047E2159D}.Release|x64.ActiveCfg = Release|x64
		{8F4412AA-A6E0-49E5-A331-1B1047E2159D}.Release|x64.Build.0 = Release|x64
		{3AB56212-E9D3-44E3-AA80-EBD1B29A228F}.Debug|Any CPU.ActiveCfg = Debug|Any CPU
		{3AB56212-E9D3-44E3-AA80-EBD1B29A228F}.Debug|Any CPU.Build.0 = Debug|Any CPU
		{3AB56212-E9D3-44E3-AA80-EBD1B29A228F}.Debug|x64.ActiveCfg = Debug|x64
		{3AB56212-E9D3-44E3-AA80-EBD1B29A228F}.Debug|x64.Build.0 = Debug|x64
		{3AB56212-E9D3-44E3-AA80-EBD1B29A228F}.Release|Any CPU.ActiveCfg = Release|Any CPU
		{3AB56212-E9D3-44E3-AA80-EBD1B29A228F}.Release|Any CPU.Build.0 = Release|Any CPU
		{3AB56212-E9D3-44E3-AA80-EBD1B29A228F}.Release|x64.ActiveCfg = Release|x64
		{3AB56212-E9D3-44E3-AA80-EBD1B29A228F}.Release|x64.Build.0 = Release|x64
		{BF0B4020-9934-466C-AF35-9F97B4CF18AC}.Debug|Any CPU.ActiveCfg = Debug|Any CPU
		{BF0B4020-9934-466C-AF35-9F97B4CF18AC}.Debug|Any CPU.Build.0 = Debug|Any CPU
		{BF0B4020-9934-466C-AF35-9F97B4CF18AC}.Debug|x64.ActiveCfg = Debug|x64
		{BF0B4020-9934-466C-AF35-9F97B4CF18AC}.Debug|x64.Build.0 = Debug|x64
		{BF0B4020-9934-466C-AF35-9F97B4CF18AC}.Release|Any CPU.ActiveCfg = Release|Any CPU
		{BF0B4020-9934-466C-AF35-9F97B4CF18AC}.Release|Any CPU.Build.0 = Release|Any CPU
		{BF0B4020-9934-466C-AF35-9F97B4CF18AC}.Release|x64.ActiveCfg = Release|x64
		{BF0B4020-9934-466C-AF35-9F97B4CF18AC}.Release|x64.Build.0 = Release|x64
		{9AD369C0-F404-4591-AE7A-6DFF3D2D99A2}.Debug|Any CPU.ActiveCfg = Debug|Any CPU
		{9AD369C0-F404-4591-AE7A-6DFF3D2D99A2}.Debug|Any CPU.Build.0 = Debug|Any CPU
		{9AD369C0-F404-4591-AE7A-6DFF3D2D99A2}.Debug|x64.ActiveCfg = Debug|x64
		{9AD369C0-F404-4591-AE7A-6DFF3D2D99A2}.Debug|x64.Build.0 = Debug|x64
		{9AD369C0-F404-4591-AE7A-6DFF3D2D99A2}.Release|Any CPU.ActiveCfg = Release|Any CPU
		{9AD369C0-F404-4591-AE7A-6DFF3D2D99A2}.Release|Any CPU.Build.0 = Release|Any CPU
		{9AD369C0-F404-4591-AE7A-6DFF3D2D99A2}.Release|x64.ActiveCfg = Release|x64
		{9AD369C0-F404-4591-AE7A-6DFF3D2D99A2}.Release|x64.Build.0 = Release|x64
		{6022E67F-D8AC-4F8B-870E-2C3837FA300E}.Debug|Any CPU.ActiveCfg = Debug|Any CPU
		{6022E67F-D8AC-4F8B-870E-2C3837FA300E}.Debug|Any CPU.Build.0 = Debug|Any CPU
		{6022E67F-D8AC-4F8B-870E-2C3837FA300E}.Debug|x64.ActiveCfg = Debug|Any CPU
		{6022E67F-D8AC-4F8B-870E-2C3837FA300E}.Debug|x64.Build.0 = Debug|Any CPU
		{6022E67F-D8AC-4F8B-870E-2C3837FA300E}.Release|Any CPU.ActiveCfg = Release|Any CPU
		{6022E67F-D8AC-4F8B-870E-2C3837FA300E}.Release|Any CPU.Build.0 = Release|Any CPU
		{6022E67F-D8AC-4F8B-870E-2C3837FA300E}.Release|x64.ActiveCfg = Release|Any CPU
		{6022E67F-D8AC-4F8B-870E-2C3837FA300E}.Release|x64.Build.0 = Release|Any CPU
		{5FDAE262-06FD-49C6-B44F-EC1AF1F326E5}.Debug|Any CPU.ActiveCfg = Debug|Any CPU
		{5FDAE262-06FD-49C6-B44F-EC1AF1F326E5}.Debug|Any CPU.Build.0 = Debug|Any CPU
		{5FDAE262-06FD-49C6-B44F-EC1AF1F326E5}.Debug|x64.ActiveCfg = Debug|Any CPU
		{5FDAE262-06FD-49C6-B44F-EC1AF1F326E5}.Debug|x64.Build.0 = Debug|Any CPU
		{5FDAE262-06FD-49C6-B44F-EC1AF1F326E5}.Release|Any CPU.ActiveCfg = Release|Any CPU
		{5FDAE262-06FD-49C6-B44F-EC1AF1F326E5}.Release|Any CPU.Build.0 = Release|Any CPU
		{5FDAE262-06FD-49C6-B44F-EC1AF1F326E5}.Release|x64.ActiveCfg = Release|Any CPU
		{5FDAE262-06FD-49C6-B44F-EC1AF1F326E5}.Release|x64.Build.0 = Release|Any CPU
	EndGlobalSection
	GlobalSection(SolutionProperties) = preSolution
		HideSolutionNode = FALSE
	EndGlobalSection
	GlobalSection(NestedProjects) = preSolution
		{2C3936C7-4850-41D7-9497-9040BE302328} = {2CE7F66C-0935-4D4B-A0CD-9FF0D5FF7EAF}
		{2CE7F66C-0935-4D4B-A0CD-9FF0D5FF7EAF} = {88F462B0-773D-44C1-AD94-0F341784EA44}
		{FC648818-7E85-4B13-BB4F-B6BC0DC1369F} = {49D8E474-5F5B-48AC-95E3-BC149777350A}
		{5F2275D0-76E3-48EC-91D9-57FC185D859D} = {88F462B0-773D-44C1-AD94-0F341784EA44}
		{49D8E474-5F5B-48AC-95E3-BC149777350A} = {5F2275D0-76E3-48EC-91D9-57FC185D859D}
		{61844849-3D26-4003-8146-5AE86985DB3A} = {911F9059-1197-45E8-A1DD-8547CBB8742E}
		{E286D0B2-CE85-4C36-88F5-5637EA7BE277} = {88F462B0-773D-44C1-AD94-0F341784EA44}
		{911F9059-1197-45E8-A1DD-8547CBB8742E} = {E286D0B2-CE85-4C36-88F5-5637EA7BE277}
		{78E5E61B-DD12-475A-845B-7DA3F6B0F987} = {EB67B713-678A-4E87-B6CB-B9D55718E63F}
		{EB67B713-678A-4E87-B6CB-B9D55718E63F} = {E286D0B2-CE85-4C36-88F5-5637EA7BE277}
		{EFDBE309-2C73-40F3-AB7D-20ED4FA213C4} = {9DD03894-DE7D-45A4-BBD9-5638B68AFE1E}
		{1D5A3E77-8F52-492A-9D3D-00F57E8E5AE3} = {88F462B0-773D-44C1-AD94-0F341784EA44}
		{9DD03894-DE7D-45A4-BBD9-5638B68AFE1E} = {1D5A3E77-8F52-492A-9D3D-00F57E8E5AE3}
		{F0A3E1B7-6C6F-4357-99EE-49210440FFFD} = {F54008F6-E433-4EA4-9ECC-D538B4149632}
		{7518C243-681D-4517-82A5-AA902DAAF14E} = {9944477E-D7C0-49A3-AC61-BFD09BBA7DC5}
		{F54008F6-E433-4EA4-9ECC-D538B4149632} = {7518C243-681D-4517-82A5-AA902DAAF14E}
		{82F72B8B-372E-4A1C-8139-714AE932EBCB} = {E58B0E63-4E28-4313-9712-9137BBD76710}
		{E58B0E63-4E28-4313-9712-9137BBD76710} = {E286D0B2-CE85-4C36-88F5-5637EA7BE277}
		{895FCBFB-73B4-46F3-8A89-76C236F01BF4} = {1083B552-D26E-4E76-9B13-6AEACFF06DB8}
		{1083B552-D26E-4E76-9B13-6AEACFF06DB8} = {88F462B0-773D-44C1-AD94-0F341784EA44}
		{3F01D480-4CDE-4F46-99EA-95CEDA05063E} = {91212109-7D34-45D2-A479-EE5B0534C1F7}
		{91212109-7D34-45D2-A479-EE5B0534C1F7} = {9944477E-D7C0-49A3-AC61-BFD09BBA7DC5}
		{2629DC89-F12C-489D-8CF6-E0A6046B6863} = {DB1D4B61-4937-4072-88FE-39A25017F9CB}
		{DB1D4B61-4937-4072-88FE-39A25017F9CB} = {9944477E-D7C0-49A3-AC61-BFD09BBA7DC5}
		{4AF1BD71-310F-434B-918A-EA10234BF2E1} = {9FAEE94A-4DBA-4F90-B6BF-1C3D589DA750}
		{85521F71-2EAB-4CCB-A9B4-B66E9230273D} = {88F462B0-773D-44C1-AD94-0F341784EA44}
		{9FAEE94A-4DBA-4F90-B6BF-1C3D589DA750} = {85521F71-2EAB-4CCB-A9B4-B66E9230273D}
		{15F3514E-1657-4F05-A176-BA714699C243} = {09EFE007-9978-41B3-9998-44348A7D4631}
		{F07AACB6-55D6-4F52-A8DD-35E50E7870B1} = {88F462B0-773D-44C1-AD94-0F341784EA44}
		{09EFE007-9978-41B3-9998-44348A7D4631} = {F07AACB6-55D6-4F52-A8DD-35E50E7870B1}
		{1EC8C462-B773-4548-A2A8-439DFD95A897} = {C8E5E285-0A07-42D0-A5CA-25BD63A2E27B}
		{C8E5E285-0A07-42D0-A5CA-25BD63A2E27B} = {F07AACB6-55D6-4F52-A8DD-35E50E7870B1}
		{E247C010-0B6F-43F1-B52C-12168CE5A70F} = {D27BC46F-6D20-4F4D-AB42-8663A0EC8728}
		{D27BC46F-6D20-4F4D-AB42-8663A0EC8728} = {1D5A3E77-8F52-492A-9D3D-00F57E8E5AE3}
		{E4B43673-7C1A-4E6E-96F5-6C53704BEAC0} = {E7B8112A-5FBF-4910-A065-EAEFE5A7FF68}
		{E7B8112A-5FBF-4910-A065-EAEFE5A7FF68} = {1D5A3E77-8F52-492A-9D3D-00F57E8E5AE3}
		{551F6A2B-3EAB-47BA-BCF1-EAE30B99BBD5} = {F6644B16-C6C0-4A74-B8C2-AD520508DF66}
		{F6644B16-C6C0-4A74-B8C2-AD520508DF66} = {E286D0B2-CE85-4C36-88F5-5637EA7BE277}
		{E73BE019-72F1-42F3-BB00-2F401B8DC1A5} = {9AFA44DE-113B-4508-BDA4-E56E69C1B642}
		{B2D8A19B-9B1C-45B4-9CD7-091C30349610} = {85521F71-2EAB-4CCB-A9B4-B66E9230273D}
		{9AFA44DE-113B-4508-BDA4-E56E69C1B642} = {B2D8A19B-9B1C-45B4-9CD7-091C30349610}
		{304336BE-E9EA-461A-AC9E-C1A2CFC4983F} = {9B283958-BD8B-4F39-A693-F06CF1DF156E}
		{9B283958-BD8B-4F39-A693-F06CF1DF156E} = {85521F71-2EAB-4CCB-A9B4-B66E9230273D}
		{A4F62320-B863-4134-BBBB-B2D3788A2B80} = {F0AE9DD2-0435-4677-BE9E-B9A674AE8DDC}
		{F0AE9DD2-0435-4677-BE9E-B9A674AE8DDC} = {85521F71-2EAB-4CCB-A9B4-B66E9230273D}
		{4DD8B25B-A5CF-40FE-99F7-13AAD2BABCAD} = {E8D23411-CBA0-4337-95A3-5F1D8AFED2A5}
		{E8D23411-CBA0-4337-95A3-5F1D8AFED2A5} = {85521F71-2EAB-4CCB-A9B4-B66E9230273D}
		{FA8C6D5A-6BDD-4F21-87F4-671D00534068} = {9C51D4AE-7678-4F1F-9451-5E6A0C42542C}
		{9350B774-29A1-49AC-B6C7-ADB2587208AA} = {85521F71-2EAB-4CCB-A9B4-B66E9230273D}
		{9C51D4AE-7678-4F1F-9451-5E6A0C42542C} = {9350B774-29A1-49AC-B6C7-ADB2587208AA}
		{102F0140-AB4E-40E8-A54D-96719BABBD51} = {96468E2E-07A2-40E6-BF4D-90A98A1CADFD}
		{96468E2E-07A2-40E6-BF4D-90A98A1CADFD} = {9350B774-29A1-49AC-B6C7-ADB2587208AA}
		{0F05A9F0-2F16-47C8-BF70-DE6A5F7A6EF9} = {4C665D53-613A-43B9-9CD2-2F8A9F3F8E77}
		{4C665D53-613A-43B9-9CD2-2F8A9F3F8E77} = {1D5A3E77-8F52-492A-9D3D-00F57E8E5AE3}
		{1E70D458-57A3-4BC6-B7F8-253378D2116E} = {5FB4D146-7B23-4BFE-9787-AA2CFA225E40}
		{5FB4D146-7B23-4BFE-9787-AA2CFA225E40} = {9350B774-29A1-49AC-B6C7-ADB2587208AA}
		{CA5B073E-24BA-46A2-ABE1-8260B714D618} = {F7DFC249-CE2C-4BA0-ACB2-9232DAD0D0B6}
		{F7DFC249-CE2C-4BA0-ACB2-9232DAD0D0B6} = {9350B774-29A1-49AC-B6C7-ADB2587208AA}
		{2170E547-D1F4-42A2-B217-BC413F0A5A27} = {0E1FE87A-5238-4074-A001-AFB0E90E50B1}
		{0E1FE87A-5238-4074-A001-AFB0E90E50B1} = {85521F71-2EAB-4CCB-A9B4-B66E9230273D}
		{75DC44BE-A4A4-4A9F-B8B3-DF62C81BCEAC} = {264577F2-C5AA-430A-908E-2B17608D4C0D}
		{264577F2-C5AA-430A-908E-2B17608D4C0D} = {85521F71-2EAB-4CCB-A9B4-B66E9230273D}
		{27A80925-9007-466A-93EC-973A0FAA9FAF} = {1D43D807-2F16-4912-9189-213130096D0F}
		{1D43D807-2F16-4912-9189-213130096D0F} = {B2D8A19B-9B1C-45B4-9CD7-091C30349610}
		{52A16BD4-2466-4D43-A5CF-F845D0617589} = {991B938F-F2B8-4805-996B-EABE4D478B71}
		{991B938F-F2B8-4805-996B-EABE4D478B71} = {85521F71-2EAB-4CCB-A9B4-B66E9230273D}
		{C65A3756-4816-478B-9D03-22A782FBD083} = {F0E597D2-9894-45D3-A0C4-C69FD4A2CE6C}
		{4E628CC0-8779-4B9C-BED2-97FDBAC0D30F} = {85521F71-2EAB-4CCB-A9B4-B66E9230273D}
		{F0E597D2-9894-45D3-A0C4-C69FD4A2CE6C} = {4E628CC0-8779-4B9C-BED2-97FDBAC0D30F}
		{DC95BCCE-D419-464A-AF88-CB90CAFABE60} = {79B6B774-1A1F-4A9E-9EDA-3E25BF6D3076}
		{79B6B774-1A1F-4A9E-9EDA-3E25BF6D3076} = {4E628CC0-8779-4B9C-BED2-97FDBAC0D30F}
		{72FC4EEA-C32B-444B-80B7-0E2B137C05C7} = {3E9034B8-BAFC-4654-ABF0-204A4777F50B}
		{3E9034B8-BAFC-4654-ABF0-204A4777F50B} = {9944477E-D7C0-49A3-AC61-BFD09BBA7DC5}
		{8F4412AA-A6E0-49E5-A331-1B1047E2159D} = {8F0E42BE-61EC-425C-BE25-D154278FCA01}
		{8F0E42BE-61EC-425C-BE25-D154278FCA01} = {88F462B0-773D-44C1-AD94-0F341784EA44}
		{3AB56212-E9D3-44E3-AA80-EBD1B29A228F} = {58393370-CC36-4F2F-BC0B-FF6EA376FB08}
		{58393370-CC36-4F2F-BC0B-FF6EA376FB08} = {9944477E-D7C0-49A3-AC61-BFD09BBA7DC5}
		{BF0B4020-9934-466C-AF35-9F97B4CF18AC} = {AC1451BF-7DFC-4A77-952F-574BF9A11786}
		{AC1451BF-7DFC-4A77-952F-574BF9A11786} = {9944477E-D7C0-49A3-AC61-BFD09BBA7DC5}
		{9AD369C0-F404-4591-AE7A-6DFF3D2D99A2} = {15CABA9C-E91C-4248-AEE4-3D4AEC5DF03F}
		{15CABA9C-E91C-4248-AEE4-3D4AEC5DF03F} = {9944477E-D7C0-49A3-AC61-BFD09BBA7DC5}
		{6022E67F-D8AC-4F8B-870E-2C3837FA300E} = {DB1D4B61-4937-4072-88FE-39A25017F9CB}
		{C4B531E4-1DB1-40CD-A876-9EDACFD8E98B} = {88F462B0-773D-44C1-AD94-0F341784EA44}
		{7D5CBE97-EAD1-4DE2-8837-AA549FAC213D} = {C4B531E4-1DB1-40CD-A876-9EDACFD8E98B}
		{5FDAE262-06FD-49C6-B44F-EC1AF1F326E5} = {7D5CBE97-EAD1-4DE2-8837-AA549FAC213D}
	EndGlobalSection
	GlobalSection(ExtensibilityGlobals) = postSolution
		SolutionGuid = {4FAE75BB-0509-44E0-B8F4-F6D83CFEF353}
	EndGlobalSection
EndGlobal
