
Microsoft Visual Studio Solution File, Format Version 12.00
# Visual Studio 15
VisualStudioVersion = 15.0.28010.2026
MinimumVisualStudioVersion = 10.0.40219.1
Project("{FAE04EC0-301F-11D3-BF4B-00C04F79EFBC}") = "HpcCommon", "HpcCommon.csproj", "{2C3936C7-4850-41D7-9497-9040BE302328}"
EndProject
Global
	GlobalSection(SolutionConfigurationPlatforms) = preSolution
		Debug|Any CPU = Debug|Any CPU
	EndGlobalSection
	GlobalSection(ProjectConfigurationPlatforms) = postSolution
		{2C3936C7-4850-41D7-9497-9040BE302328}.Debug|Any CPU.ActiveCfg = Debug|Any CPU
		{2C3936C7-4850-41D7-9497-9040BE302328}.Debug|Any CPU.Build.0 = Debug|Any CPU
	EndGlobalSection
	GlobalSection(SolutionProperties) = preSolution
		HideSolutionNode = FALSE
	EndGlobalSection
	GlobalSection(ExtensibilityGlobals) = postSolution
		SolutionGuid = {45C6EB15-8BDB-49FB-BA3F-6044C469DC65}
	EndGlobalSection
EndGlobal
