Microsoft Visual Studio Solution File, Format Version 12.00
# Visual Studio 15
VisualStudioVersion = 15.0.28010.2036
MinimumVisualStudioVersion = 10.0.40219.1
Project("{FAE04EC0-301F-11D3-BF4B-00C04F79EFBC}") = "CcpWSLB", "CcpWSLB.csproj", "{2629DC89-F12C-489D-8CF6-E0A6046B6863}"
EndProject
Project("{FAE04EC0-301F-11D3-BF4B-00C04F79EFBC}") = "AADAuthUtil", "..\..\AADAuthUtil\AADAuthUtil.csproj", "{895FCBFB-73B4-46F3-8A89-76C236F01BF4}"
EndProject
Project("{2150E333-8FDC-42A3-9474-1A3956D46DE8}") = "src", "src", "{ED367FF4-340F-41AC-9FB6-172C73994098}"
EndProject
Project("{2150E333-8FDC-42A3-9474-1A3956D46DE8}") = "AADAuthUtil", "AADAuthUtil", "{CFD125A8-7717-4F60-BFF5-5E12F9A4A1AF}"
EndProject
Project("{FAE04EC0-301F-11D3-BF4B-00C04F79EFBC}") = "HpcCommon", "..\..\HpcCommon\HpcCommon.csproj", "{2C3936C7-4850-41D7-9497-9040BE302328}"
EndProject
Project("{2150E333-8FDC-42A3-9474-1A3956D46DE8}") = "HpcCommon", "HpcCommon", "{5FA8C0A0-1596-4DE2-94F5-FD504AF740A7}"
EndProject
Project("{FAE04EC0-301F-11D3-BF4B-00C04F79EFBC}") = "ClusterModel.corext", "..\..\Management\ClusterModel\ClusterModel.corext.csproj", "{4AF1BD71-310F-434B-918A-EA10234BF2E1}"
EndProject
Project("{2150E333-8FDC-42A3-9474-1A3956D46DE8}") = "Management", "Management", "{3C8BFF9A-C94F-4DE4-B369-DF90622FB202}"
EndProject
Project("{2150E333-8FDC-42A3-9474-1A3956D46DE8}") = "ClusterModel", "ClusterModel", "{5CAAB596-018B-4DA3-BA12-AA8E499E2FB5}"
EndProject
Project("{FAE04EC0-301F-11D3-BF4B-00C04F79EFBC}") = "DiagnosticsAPI", "..\..\Diagnostics\DiagnosticsAPI\DiagnosticsAPI.csproj", "{15F3514E-1657-4F05-A176-BA714699C243}"
EndProject
Project("{2150E333-8FDC-42A3-9474-1A3956D46DE8}") = "Diagnostics", "Diagnostics", "{D678BDA1-1ACF-4118-B92F-DD429C44EA3F}"
EndProject
Project("{2150E333-8FDC-42A3-9474-1A3956D46DE8}") = "DiagnosticsAPI", "DiagnosticsAPI", "{DD016CF9-EB00-4A10-9D4C-4A5E865EF35C}"
EndProject
Project("{FAE04EC0-301F-11D3-BF4B-00C04F79EFBC}") = "HpcTrace", "..\..\CosmosTracing\TraceListener\HpcTrace.csproj", "{FC648818-7E85-4B13-BB4F-B6BC0DC1369F}"
EndProject
Project("{2150E333-8FDC-42A3-9474-1A3956D46DE8}") = "CosmosTracing", "CosmosTracing", "{FE3EDDD3-D99B-48F8-BACB-88D23FB033D5}"
EndProject
Project("{2150E333-8FDC-42A3-9474-1A3956D46DE8}") = "TraceListener", "TraceListener", "{CC90F4A5-5756-4987-8B3A-862536401701}"
EndProject
Project("{8BC9CEB8-8B4A-11D0-8D11-00A0C91BC942}") = "CosmosLoggingManaged", "..\..\CosmosTracing\CosmosTracing\managed\CosmosLoggingManaged.vcxproj", "{91069F97-2E74-435B-A6DD-582F2FACD069}"
EndProject
Project("{2150E333-8FDC-42A3-9474-1A3956D46DE8}") = "CosmosTracing", "CosmosTracing", "{F4031D94-E76E-4A17-BD0E-E2B17EDABE4A}"
EndProject
Project("{2150E333-8FDC-42A3-9474-1A3956D46DE8}") = "managed", "managed", "{82BA4FA7-11BE-46E1-A977-8F715AC29F83}"
EndProject
Project("{8BC9CEB8-8B4A-11D0-8D11-00A0C91BC942}") = "CosmosLogging", "..\..\CosmosTracing\CosmosTracing\dll\src\CosmosLogging.vcxproj", "{BE6A9AC9-371B-45A2-8EB8-7399344E015E}"
EndProject
Project("{2150E333-8FDC-42A3-9474-1A3956D46DE8}") = "dll", "dll", "{78D187C7-682D-4BC3-BB1E-EFC60706D024}"
EndProject
Project("{2150E333-8FDC-42A3-9474-1A3956D46DE8}") = "src", "src", "{79C408B2-D7C9-4E42-B01F-56E2373DE6F0}"
EndProject
Project("{8BC9CEB8-8B4A-11D0-8D11-00A0C91BC942}") = "XPress9", "..\..\CosmosTracing\CosmosTracing\XPress9\XPress9.vcxproj", "{C8B8D1AC-4C40-47B3-91C4-1366941DCE40}"
EndProject
Project("{2150E333-8FDC-42A3-9474-1A3956D46DE8}") = "XPress9", "XPress9", "{0D8CC1A4-04BF-4A90-B2B7-2015965F3C3A}"
EndProject
Project("{8BC9CEB8-8B4A-11D0-8D11-00A0C91BC942}") = "XPress", "..\..\CosmosTracing\CosmosTracing\XPress\XPress.vcxproj", "{778B64BB-88D2-4B07-9CE0-87E842E4637E}"
EndProject
Project("{2150E333-8FDC-42A3-9474-1A3956D46DE8}") = "XPress", "XPress", "{AF95A606-5DDB-4694-925D-724948120597}"
EndProject
Project("{FAE04EC0-301F-11D3-BF4B-00C04F79EFBC}") = "DiagnosticsHelpers", "..\..\Diagnostics\DiagnosticsHelpers\DiagnosticsHelpers.csproj", "{1EC8C462-B773-4548-A2A8-439DFD95A897}"
EndProject
Project("{2150E333-8FDC-42A3-9474-1A3956D46DE8}") = "DiagnosticsHelpers", "DiagnosticsHelpers", "{E0FA52A9-F342-4C99-9947-FAFA469DFA59}"
EndProject
Project("{FAE04EC0-301F-11D3-BF4B-00C04F79EFBC}") = "CcpActivate", "..\..\Scheduler\activate\CcpActivate.csproj", "{E247C010-0B6F-43F1-B52C-12168CE5A70F}"
EndProject
Project("{2150E333-8FDC-42A3-9474-1A3956D46DE8}") = "Scheduler", "Scheduler", "{DEA83DE8-293A-4922-9AB3-27F31D4FF80F}"
EndProject
Project("{2150E333-8FDC-42A3-9474-1A3956D46DE8}") = "activate", "activate", "{D44C9974-B63A-46EC-95B4-C6636EABDC50}"
EndProject
Project("{FAE04EC0-301F-11D3-BF4B-00C04F79EFBC}") = "AzureSchedulerCommon", "..\..\Scheduler\AzureSchedulerCommon\AzureSchedulerCommon.csproj", "{E4B43673-7C1A-4E6E-96F5-6C53704BEAC0}"
EndProject
Project("{2150E333-8FDC-42A3-9474-1A3956D46DE8}") = "AzureSchedulerCommon", "AzureSchedulerCommon", "{C71F6803-2A4F-457C-A971-8FE32E023EEB}"
EndProject
Project("{FAE04EC0-301F-11D3-BF4B-00C04F79EFBC}") = "NodeMgtClient", "..\..\StoreAPI\NodeMgt\NodeMgtClient.csproj", "{551F6A2B-3EAB-47BA-BCF1-EAE30B99BBD5}"
EndProject
Project("{2150E333-8FDC-42A3-9474-1A3956D46DE8}") = "StoreAPI", "StoreAPI", "{6E57D724-D02F-4C6A-9192-214CAE4799F5}"
EndProject
Project("{2150E333-8FDC-42A3-9474-1A3956D46DE8}") = "NodeMgt", "NodeMgt", "{AAF8859C-AD32-4122-B727-224A13DDF0B9}"
EndProject
Project("{FAE04EC0-301F-11D3-BF4B-00C04F79EFBC}") = "Properties", "..\..\StoreAPI\Property\Properties.csproj", "{61844849-3D26-4003-8146-5AE86985DB3A}"
EndProject
Project("{2150E333-8FDC-42A3-9474-1A3956D46DE8}") = "Property", "Property", "{06823BEA-6FFE-487A-B506-A673EAD6AB88}"
EndProject
Project("{FAE04EC0-301F-11D3-BF4B-00C04F79EFBC}") = "Store", "..\..\StoreAPI\Store\Store.csproj", "{82F72B8B-372E-4A1C-8139-714AE932EBCB}"
EndProject
Project("{2150E333-8FDC-42A3-9474-1A3956D46DE8}") = "Store", "Store", "{81D2FF2F-F07F-4363-841E-E9FB09A76559}"
EndProject
Project("{FAE04EC0-301F-11D3-BF4B-00C04F79EFBC}") = "AzureManagementBroker.MSBuild", "..\..\Management\Azure\AzureManagementBroker\AzureManagementBroker.MSBuild.csproj", "{E73BE019-72F1-42F3-BB00-2F401B8DC1A5}"
EndProject
Project("{2150E333-8FDC-42A3-9474-1A3956D46DE8}") = "Azure", "Azure", "{B8C8A478-BF34-417E-B1A9-785E44348FC9}"
EndProject
Project("{2150E333-8FDC-42A3-9474-1A3956D46DE8}") = "AzureManagementBroker", "AzureManagementBroker", "{8DC8B7D8-2C36-4CA3-80A3-D6EDAAD40B33}"
EndProject
Project("{FAE04EC0-301F-11D3-BF4B-00C04F79EFBC}") = "CceManagementInterfaces.MSBuild", "..\..\Management\CceManagementInterfaces\CceManagementInterfaces.MSBuild.csproj", "{304336BE-E9EA-461A-AC9E-C1A2CFC4983F}"
EndProject
Project("{2150E333-8FDC-42A3-9474-1A3956D46DE8}") = "CceManagementInterfaces", "CceManagementInterfaces", "{970ED63A-442F-43EE-B9AE-3A468D6D4D8A}"
EndProject
Project("{FAE04EC0-301F-11D3-BF4B-00C04F79EFBC}") = "TemplateModel.corext", "..\..\Management\TemplateModel\TemplateModel.corext.csproj", "{A4F62320-B863-4134-BBBB-B2D3788A2B80}"
EndProject
Project("{2150E333-8FDC-42A3-9474-1A3956D46DE8}") = "TemplateModel", "TemplateModel", "{B5793827-4DD6-476A-B3DB-112B6FF4EB36}"
EndProject
Project("{FAE04EC0-301F-11D3-BF4B-00C04F79EFBC}") = "ComputerModel.corext", "..\..\Management\ComputerModel\ComputerModel.corext.csproj", "{4DD8B25B-A5CF-40FE-99F7-13AAD2BABCAD}"
EndProject
Project("{2150E333-8FDC-42A3-9474-1A3956D46DE8}") = "ComputerModel", "ComputerModel", "{E7203594-91E5-4981-A5AC-C64ABB64A3AC}"
EndProject
Project("{FAE04EC0-301F-11D3-BF4B-00C04F79EFBC}") = "ManagerInterfaces.corext", "..\..\Management\Sdm\ManagerInterfaces\ManagerInterfaces.corext.csproj", "{FA8C6D5A-6BDD-4F21-87F4-671D00534068}"
EndProject
Project("{2150E333-8FDC-42A3-9474-1A3956D46DE8}") = "Sdm", "Sdm", "{12143B4B-325E-4A65-9563-984316E1D96D}"
EndProject
Project("{2150E333-8FDC-42A3-9474-1A3956D46DE8}") = "ManagerInterfaces", "ManagerInterfaces", "{450035C5-0E2E-4A9D-88C6-E92006FDC523}"
EndProject
Project("{FAE04EC0-301F-11D3-BF4B-00C04F79EFBC}") = "SdmCore.corext", "..\..\Management\Sdm\sdmcore\SdmCore.corext.csproj", "{102F0140-AB4E-40E8-A54D-96719BABBD51}"
EndProject
Project("{2150E333-8FDC-42A3-9474-1A3956D46DE8}") = "sdmcore", "sdmcore", "{6ECA9652-8168-4D7B-B976-7DFE355F0DC7}"
EndProject
Project("{FAE04EC0-301F-11D3-BF4B-00C04F79EFBC}") = "CredentialHelpers", "..\..\Scheduler\CredentialHelpers\CredentialHelpers.csproj", "{0F05A9F0-2F16-47C8-BF70-DE6A5F7A6EF9}"
EndProject
Project("{2150E333-8FDC-42A3-9474-1A3956D46DE8}") = "CredentialHelpers", "CredentialHelpers", "{78660241-73B0-486D-A550-6B066CE59C31}"
EndProject
Project("{8BC9CEB8-8B4A-11D0-8D11-00A0C91BC942}") = "Win32Wrappers.corext", "..\..\Management\Win32Wrappers\Win32Wrappers.corext.vcxproj", "{923C4896-D82A-481C-8D02-D537D98C7E1D}"
EndProject
Project("{2150E333-8FDC-42A3-9474-1A3956D46DE8}") = "Win32Wrappers", "Win32Wrappers", "{145E529B-8075-43F6-B7D8-BD3F3E71BAFD}"
EndProject
Project("{8BC9CEB8-8B4A-11D0-8D11-00A0C91BC942}") = "Framework", "..\..\Networking\src\framework\Framework.vcxproj", "{922F8037-1DB6-4BDA-A7A4-E15C2AB9B877}"
EndProject
Project("{2150E333-8FDC-42A3-9474-1A3956D46DE8}") = "Networking", "Networking", "{834CC3B2-3AD9-4255-8D82-5FA96B219869}"
EndProject
Project("{2150E333-8FDC-42A3-9474-1A3956D46DE8}") = "src", "src", "{94C8A606-0C44-46DB-9876-1F9FACF10FE8}"
EndProject
Project("{2150E333-8FDC-42A3-9474-1A3956D46DE8}") = "framework", "framework", "{1AA473CA-A3FC-4730-82DB-B5C13DC8317B}"
EndProject
Project("{FAE04EC0-301F-11D3-BF4B-00C04F79EFBC}") = "StoreInterface.corext", "..\..\Management\Sdm\StoreInterface\StoreInterface.corext.csproj", "{1E70D458-57A3-4BC6-B7F8-253378D2116E}"
EndProject
Project("{2150E333-8FDC-42A3-9474-1A3956D46DE8}") = "StoreInterface", "StoreInterface", "{870996E2-1883-416C-8578-7941AD2A322D}"
EndProject
Project("{FAE04EC0-301F-11D3-BF4B-00C04F79EFBC}") = "SystemModel.corext", "..\..\Management\Sdm\SystemModel\SystemModel.corext.csproj", "{CA5B073E-24BA-46A2-ABE1-8260B714D618}"
EndProject
Project("{2150E333-8FDC-42A3-9474-1A3956D46DE8}") = "SystemModel", "SystemModel", "{74733CF6-62AB-4625-83D1-8CA2CE99002C}"
EndProject
Project("{FAE04EC0-301F-11D3-BF4B-00C04F79EFBC}") = "NetworkModel.corext", "..\..\Management\NetworkModel\NetworkModel.corext.csproj", "{2170E547-D1F4-42A2-B217-BC413F0A5A27}"
EndProject
Project("{2150E333-8FDC-42A3-9474-1A3956D46DE8}") = "NetworkModel", "NetworkModel", "{2942EC6F-5A05-4029-9273-5B98602A8122}"
EndProject
Project("{FAE04EC0-301F-11D3-BF4B-00C04F79EFBC}") = "WdsModel.corext", "..\..\Management\WdsModel\WdsModel.corext.csproj", "{75DC44BE-A4A4-4A9F-B8B3-DF62C81BCEAC}"
EndProject
Project("{2150E333-8FDC-42A3-9474-1A3956D46DE8}") = "WdsModel", "WdsModel", "{A7E373E8-6A8A-44C6-8E92-06873F323D5B}"
EndProject
Project("{FAE04EC0-301F-11D3-BF4B-00C04F79EFBC}") = "CloudUploadClient.MSBuild", "..\..\Management\Azure\CloudUploadClient\CloudUploadClient.MSBuild.csproj", "{27A80925-9007-466A-93EC-973A0FAA9FAF}"
EndProject
Project("{2150E333-8FDC-42A3-9474-1A3956D46DE8}") = "CloudUploadClient", "CloudUploadClient", "{C8C6C85C-3714-41B4-8F7B-3C5D8066BCDA}"
EndProject
Project("{FAE04EC0-301F-11D3-BF4B-00C04F79EFBC}") = "ManagementAPI.MSBuild", "..\..\Management\ManagementAPI\ManagementAPI.MSBuild.csproj", "{52A16BD4-2466-4D43-A5CF-F845D0617589}"
EndProject
Project("{2150E333-8FDC-42A3-9474-1A3956D46DE8}") = "ManagementAPI", "ManagementAPI", "{F42602B6-A663-4635-A18E-D3B790247AEA}"
EndProject
Project("{FAE04EC0-301F-11D3-BF4B-00C04F79EFBC}") = "NetBootModel.corext", "..\..\Management\NetBoot\NetBootModel\NetBootModel.corext.csproj", "{C65A3756-4816-478B-9D03-22A782FBD083}"
EndProject
Project("{2150E333-8FDC-42A3-9474-1A3956D46DE8}") = "NetBoot", "NetBoot", "{30EAD9D7-3276-4EE9-A25E-871E94EC0C33}"
EndProject
Project("{2150E333-8FDC-42A3-9474-1A3956D46DE8}") = "NetBootModel", "NetBootModel", "{32BC323F-1B12-468A-9271-1EF13F81604D}"
EndProject
Project("{FAE04EC0-301F-11D3-BF4B-00C04F79EFBC}") = "StorageManagementInterface.corext", "..\..\Management\NetBoot\StorageManagementInterface\StorageManagementInterface.corext.csproj", "{DC95BCCE-D419-464A-AF88-CB90CAFABE60}"
EndProject
Project("{2150E333-8FDC-42A3-9474-1A3956D46DE8}") = "StorageManagementInterface", "StorageManagementInterface", "{A38C69DD-E9F1-4C21-8819-37F3AD1AD4F5}"
EndProject
Project("{FAE04EC0-301F-11D3-BF4B-00C04F79EFBC}") = "Scheduler", "..\..\StoreAPI\Scheduler\Scheduler.csproj", "{78E5E61B-DD12-475A-845B-7DA3F6B0F987}"
EndProject
Project("{2150E333-8FDC-42A3-9474-1A3956D46DE8}") = "Scheduler", "Scheduler", "{DE6BBB55-91B2-4273-80E4-EBCF996DD215}"
EndProject
Project("{FAE04EC0-301F-11D3-BF4B-00C04F79EFBC}") = "FileStagingClient", "..\..\Scheduler\FileStagingClient\FileStagingClient.csproj", "{EFDBE309-2C73-40F3-AB7D-20ED4FA213C4}"
EndProject
Project("{2150E333-8FDC-42A3-9474-1A3956D46DE8}") = "FileStagingClient", "FileStagingClient", "{277484FB-952B-408A-8AA9-1D8B032B9201}"
EndProject
Project("{FAE04EC0-301F-11D3-BF4B-00C04F79EFBC}") = "DataMovement", "..\HpcDeploy\DataMovement\DataMovement.csproj", "{F0A3E1B7-6C6F-4357-99EE-49210440FFFD}"
EndProject
Project("{2150E333-8FDC-42A3-9474-1A3956D46DE8}") = "soa", "soa", "{B21DA90F-5FEB-4813-B54F-0D78C84DC8F9}"
EndProject
Project("{2150E333-8FDC-42A3-9474-1A3956D46DE8}") = "HpcDeploy", "HpcDeploy", "{61F8D573-3671-4311-A14C-42043405918F}"
EndProject
Project("{2150E333-8FDC-42A3-9474-1A3956D46DE8}") = "DataMovement", "DataMovement", "{97EF3B57-E858-4C58-9A06-ACB2298F293F}"
EndProject
Project("{FAE04EC0-301F-11D3-BF4B-00C04F79EFBC}") = "BrokerBase", "..\base\BrokerBase.csproj", "{3F01D480-4CDE-4F46-99EA-95CEDA05063E}"
EndProject
Project("{2150E333-8FDC-42A3-9474-1A3956D46DE8}") = "base", "base", "{20E73BAD-C189-4665-BBAA-54998F8BBCD3}"
EndProject
Project("{8BC9CEB8-8B4A-11D0-8D11-00A0C91BC942}") = "MSMQInterop", "..\MSMQInterop\MSMQInterop.vcxproj", "{DE856DD3-75EC-4297-8C95-47737BD9CDBD}"
EndProject
Project("{2150E333-8FDC-42A3-9474-1A3956D46DE8}") = "MSMQInterop", "MSMQInterop", "{7F316EA1-7A91-4C22-96B5-6CFF3CA7A66D}"
EndProject
Project("{FAE04EC0-301F-11D3-BF4B-00C04F79EFBC}") = "Session", "..\SessionAPI\Session.csproj", "{72FC4EEA-C32B-444B-80B7-0E2B137C05C7}"
EndProject
Project("{2150E333-8FDC-42A3-9474-1A3956D46DE8}") = "SessionAPI", "SessionAPI", "{1796DD72-5F24-4078-A032-7FED889583CD}"
EndProject
Project("{FAE04EC0-301F-11D3-BF4B-00C04F79EFBC}") = "SOABurst", "..\SOABurst\SOABurst.csproj", "{3AB56212-E9D3-44E3-AA80-EBD1B29A228F}"
EndProject
Project("{2150E333-8FDC-42A3-9474-1A3956D46DE8}") = "SOABurst", "SOABurst", "{A0D3C980-275C-421D-B3B0-AEE7E1F6AC18}"
EndProject
Project("{FAE04EC0-301F-11D3-BF4B-00C04F79EFBC}") = "SoaCommonUtility", "..\SoaCommonUtility\SoaCommonUtility.csproj", "{BF0B4020-9934-466C-AF35-9F97B4CF18AC}"
EndProject
Project("{2150E333-8FDC-42A3-9474-1A3956D46DE8}") = "SoaCommonUtility", "SoaCommonUtility", "{B3F0FAAB-86CB-429E-B0FB-B67FE77D92D3}"
EndProject
Project("{FAE04EC0-301F-11D3-BF4B-00C04F79EFBC}") = "SvcHostRestServer", "..\SvcHostRestServer\SvcHostRestServer.csproj", "{602B999E-6203-432C-AF7C-2C31DDDDE60A}"
EndProject
Project("{FAE04EC0-301F-11D3-BF4B-00C04F79EFBC}") = "SoaAmbientConfig", "..\SoaAmbientConfig\SoaAmbientConfig.csproj", "{9AD369C0-F404-4591-AE7A-6DFF3D2D99A2}"
EndProject
Project("{FAE04EC0-301F-11D3-BF4B-00C04F79EFBC}") = "HpcRestServerCommon", "..\..\HpcRestServerCommon\HpcRestServerCommon.csproj", "{8720315F-7BA8-4923-BD1E-DC2AF7690A72}"
EndProject
Global
	GlobalSection(SolutionConfigurationPlatforms) = preSolution
		Debug|Any CPU = Debug|Any CPU
		Debug|x64 = Debug|x64
		Release|Any CPU = Release|Any CPU
		Release|x64 = Release|x64
	EndGlobalSection
	GlobalSection(ProjectConfigurationPlatforms) = postSolution
		{2629DC89-F12C-489D-8CF6-E0A6046B6863}.Debug|Any CPU.ActiveCfg = Debug|Any CPU
		{2629DC89-F12C-489D-8CF6-E0A6046B6863}.Debug|Any CPU.Build.0 = Debug|Any CPU
		{2629DC89-F12C-489D-8CF6-E0A6046B6863}.Debug|x64.ActiveCfg = Debug|x64
		{2629DC89-F12C-489D-8CF6-E0A6046B6863}.Debug|x64.Build.0 = Debug|x64
		{2629DC89-F12C-489D-8CF6-E0A6046B6863}.Release|Any CPU.ActiveCfg = Release|Any CPU
		{2629DC89-F12C-489D-8CF6-E0A6046B6863}.Release|Any CPU.Build.0 = Release|Any CPU
		{2629DC89-F12C-489D-8CF6-E0A6046B6863}.Release|x64.ActiveCfg = Release|x64
		{2629DC89-F12C-489D-8CF6-E0A6046B6863}.Release|x64.Build.0 = Release|x64
		{895FCBFB-73B4-46F3-8A89-76C236F01BF4}.Debug|Any CPU.ActiveCfg = Debug|Any CPU
		{895FCBFB-73B4-46F3-8A89-76C236F01BF4}.Debug|Any CPU.Build.0 = Debug|Any CPU
		{895FCBFB-73B4-46F3-8A89-76C236F01BF4}.Debug|x64.ActiveCfg = Debug|x64
		{895FCBFB-73B4-46F3-8A89-76C236F01BF4}.Debug|x64.Build.0 = Debug|x64
		{895FCBFB-73B4-46F3-8A89-76C236F01BF4}.Release|Any CPU.ActiveCfg = Release|Any CPU
		{895FCBFB-73B4-46F3-8A89-76C236F01BF4}.Release|Any CPU.Build.0 = Release|Any CPU
		{895FCBFB-73B4-46F3-8A89-76C236F01BF4}.Release|x64.ActiveCfg = Release|x64
		{895FCBFB-73B4-46F3-8A89-76C236F01BF4}.Release|x64.Build.0 = Release|x64
		{2C3936C7-4850-41D7-9497-9040BE302328}.Debug|Any CPU.ActiveCfg = Debug|Any CPU
		{2C3936C7-4850-41D7-9497-9040BE302328}.Debug|Any CPU.Build.0 = Debug|Any CPU
		{2C3936C7-4850-41D7-9497-9040BE302328}.Debug|x64.ActiveCfg = Debug|x64
		{2C3936C7-4850-41D7-9497-9040BE302328}.Debug|x64.Build.0 = Debug|x64
		{2C3936C7-4850-41D7-9497-9040BE302328}.Release|Any CPU.ActiveCfg = Release|Any CPU
		{2C3936C7-4850-41D7-9497-9040BE302328}.Release|Any CPU.Build.0 = Release|Any CPU
		{2C3936C7-4850-41D7-9497-9040BE302328}.Release|x64.ActiveCfg = Release|x64
		{2C3936C7-4850-41D7-9497-9040BE302328}.Release|x64.Build.0 = Release|x64
		{4AF1BD71-310F-434B-918A-EA10234BF2E1}.Debug|Any CPU.ActiveCfg = Debug|Any CPU
		{4AF1BD71-310F-434B-918A-EA10234BF2E1}.Debug|x64.ActiveCfg = Debug|Any CPU
		{4AF1BD71-310F-434B-918A-EA10234BF2E1}.Debug|x64.Build.0 = Debug|Any CPU
		{4AF1BD71-310F-434B-918A-EA10234BF2E1}.Release|Any CPU.ActiveCfg = Debug|Any CPU
		{4AF1BD71-310F-434B-918A-EA10234BF2E1}.Release|x64.ActiveCfg = Debug|Any CPU
		{15F3514E-1657-4F05-A176-BA714699C243}.Debug|Any CPU.ActiveCfg = Debug|Any CPU
		{15F3514E-1657-4F05-A176-BA714699C243}.Debug|x64.ActiveCfg = Debug|Any CPU
		{15F3514E-1657-4F05-A176-BA714699C243}.Debug|x64.Build.0 = Debug|Any CPU
		{15F3514E-1657-4F05-A176-BA714699C243}.Release|Any CPU.ActiveCfg = Debug|Any CPU
		{15F3514E-1657-4F05-A176-BA714699C243}.Release|x64.ActiveCfg = Debug|Any CPU
		{FC648818-7E85-4B13-BB4F-B6BC0DC1369F}.Debug|Any CPU.ActiveCfg = Debug|Any CPU
		{FC648818-7E85-4B13-BB4F-B6BC0DC1369F}.Debug|x64.ActiveCfg = Debug|Any CPU
		{FC648818-7E85-4B13-BB4F-B6BC0DC1369F}.Debug|x64.Build.0 = Debug|Any CPU
		{FC648818-7E85-4B13-BB4F-B6BC0DC1369F}.Release|Any CPU.ActiveCfg = Debug|Any CPU
		{FC648818-7E85-4B13-BB4F-B6BC0DC1369F}.Release|x64.ActiveCfg = Debug|Any CPU
		{91069F97-2E74-435B-A6DD-582F2FACD069}.Debug|Any CPU.ActiveCfg = Debug|x64
		{91069F97-2E74-435B-A6DD-582F2FACD069}.Debug|x64.ActiveCfg = Debug|x64
		{91069F97-2E74-435B-A6DD-582F2FACD069}.Debug|x64.Build.0 = Debug|x64
		{91069F97-2E74-435B-A6DD-582F2FACD069}.Release|Any CPU.ActiveCfg = Debug|x64
		{91069F97-2E74-435B-A6DD-582F2FACD069}.Release|x64.ActiveCfg = Debug|x64
		{BE6A9AC9-371B-45A2-8EB8-7399344E015E}.Debug|Any CPU.ActiveCfg = Debug|x64
		{BE6A9AC9-371B-45A2-8EB8-7399344E015E}.Debug|x64.ActiveCfg = Debug|x64
		{BE6A9AC9-371B-45A2-8EB8-7399344E015E}.Debug|x64.Build.0 = Debug|x64
		{BE6A9AC9-371B-45A2-8EB8-7399344E015E}.Release|Any CPU.ActiveCfg = Debug|x64
		{BE6A9AC9-371B-45A2-8EB8-7399344E015E}.Release|x64.ActiveCfg = Debug|x64
		{C8B8D1AC-4C40-47B3-91C4-1366941DCE40}.Debug|Any CPU.ActiveCfg = Debug|x64
		{C8B8D1AC-4C40-47B3-91C4-1366941DCE40}.Debug|x64.ActiveCfg = Debug|x64
		{C8B8D1AC-4C40-47B3-91C4-1366941DCE40}.Debug|x64.Build.0 = Debug|x64
		{C8B8D1AC-4C40-47B3-91C4-1366941DCE40}.Release|Any CPU.ActiveCfg = Debug|x64
		{C8B8D1AC-4C40-47B3-91C4-1366941DCE40}.Release|x64.ActiveCfg = Debug|x64
		{778B64BB-88D2-4B07-9CE0-87E842E4637E}.Debug|Any CPU.ActiveCfg = Debug|x64
		{778B64BB-88D2-4B07-9CE0-87E842E4637E}.Debug|x64.ActiveCfg = Debug|x64
		{778B64BB-88D2-4B07-9CE0-87E842E4637E}.Debug|x64.Build.0 = Debug|x64
		{778B64BB-88D2-4B07-9CE0-87E842E4637E}.Release|Any CPU.ActiveCfg = Debug|x64
		{778B64BB-88D2-4B07-9CE0-87E842E4637E}.Release|x64.ActiveCfg = Debug|x64
		{1EC8C462-B773-4548-A2A8-439DFD95A897}.Debug|Any CPU.ActiveCfg = Debug|Any CPU
		{1EC8C462-B773-4548-A2A8-439DFD95A897}.Debug|x64.ActiveCfg = Debug|Any CPU
		{1EC8C462-B773-4548-A2A8-439DFD95A897}.Debug|x64.Build.0 = Debug|Any CPU
		{1EC8C462-B773-4548-A2A8-439DFD95A897}.Release|Any CPU.ActiveCfg = Debug|Any CPU
		{1EC8C462-B773-4548-A2A8-439DFD95A897}.Release|x64.ActiveCfg = Debug|Any CPU
		{E247C010-0B6F-43F1-B52C-12168CE5A70F}.Debug|Any CPU.ActiveCfg = Debug|Any CPU
		{E247C010-0B6F-43F1-B52C-12168CE5A70F}.Debug|x64.ActiveCfg = Debug|Any CPU
		{E247C010-0B6F-43F1-B52C-12168CE5A70F}.Debug|x64.Build.0 = Debug|Any CPU
		{E247C010-0B6F-43F1-B52C-12168CE5A70F}.Release|Any CPU.ActiveCfg = Debug|Any CPU
		{E247C010-0B6F-43F1-B52C-12168CE5A70F}.Release|x64.ActiveCfg = Debug|Any CPU
		{E4B43673-7C1A-4E6E-96F5-6C53704BEAC0}.Debug|Any CPU.ActiveCfg = Debug|Any CPU
		{E4B43673-7C1A-4E6E-96F5-6C53704BEAC0}.Debug|x64.ActiveCfg = Debug|Any CPU
		{E4B43673-7C1A-4E6E-96F5-6C53704BEAC0}.Debug|x64.Build.0 = Debug|Any CPU
		{E4B43673-7C1A-4E6E-96F5-6C53704BEAC0}.Release|Any CPU.ActiveCfg = Debug|Any CPU
		{E4B43673-7C1A-4E6E-96F5-6C53704BEAC0}.Release|x64.ActiveCfg = Debug|Any CPU
		{551F6A2B-3EAB-47BA-BCF1-EAE30B99BBD5}.Debug|Any CPU.ActiveCfg = Debug|Any CPU
		{551F6A2B-3EAB-47BA-BCF1-EAE30B99BBD5}.Debug|x64.ActiveCfg = Debug|Any CPU
		{551F6A2B-3EAB-47BA-BCF1-EAE30B99BBD5}.Debug|x64.Build.0 = Debug|Any CPU
		{551F6A2B-3EAB-47BA-BCF1-EAE30B99BBD5}.Release|Any CPU.ActiveCfg = Debug|Any CPU
		{551F6A2B-3EAB-47BA-BCF1-EAE30B99BBD5}.Release|x64.ActiveCfg = Debug|Any CPU
		{61844849-3D26-4003-8146-5AE86985DB3A}.Debug|Any CPU.ActiveCfg = Debug|Any CPU
		{61844849-3D26-4003-8146-5AE86985DB3A}.Debug|Any CPU.Build.0 = Debug|Any CPU
		{61844849-3D26-4003-8146-5AE86985DB3A}.Debug|x64.ActiveCfg = Debug|x64
		{61844849-3D26-4003-8146-5AE86985DB3A}.Debug|x64.Build.0 = Debug|x64
		{61844849-3D26-4003-8146-5AE86985DB3A}.Release|Any CPU.ActiveCfg = Release|Any CPU
		{61844849-3D26-4003-8146-5AE86985DB3A}.Release|Any CPU.Build.0 = Release|Any CPU
		{61844849-3D26-4003-8146-5AE86985DB3A}.Release|x64.ActiveCfg = Release|x64
		{61844849-3D26-4003-8146-5AE86985DB3A}.Release|x64.Build.0 = Release|x64
		{82F72B8B-372E-4A1C-8139-714AE932EBCB}.Debug|Any CPU.ActiveCfg = Debug|Any CPU
		{82F72B8B-372E-4A1C-8139-714AE932EBCB}.Debug|Any CPU.Build.0 = Debug|Any CPU
		{82F72B8B-372E-4A1C-8139-714AE932EBCB}.Debug|x64.ActiveCfg = Debug|x64
		{82F72B8B-372E-4A1C-8139-714AE932EBCB}.Debug|x64.Build.0 = Debug|x64
		{82F72B8B-372E-4A1C-8139-714AE932EBCB}.Release|Any CPU.ActiveCfg = Release|Any CPU
		{82F72B8B-372E-4A1C-8139-714AE932EBCB}.Release|Any CPU.Build.0 = Release|Any CPU
		{82F72B8B-372E-4A1C-8139-714AE932EBCB}.Release|x64.ActiveCfg = Release|x64
		{82F72B8B-372E-4A1C-8139-714AE932EBCB}.Release|x64.Build.0 = Release|x64
		{E73BE019-72F1-42F3-BB00-2F401B8DC1A5}.Debug|Any CPU.ActiveCfg = Debug|Any CPU
		{E73BE019-72F1-42F3-BB00-2F401B8DC1A5}.Debug|x64.ActiveCfg = Debug|Any CPU
		{E73BE019-72F1-42F3-BB00-2F401B8DC1A5}.Debug|x64.Build.0 = Debug|Any CPU
		{E73BE019-72F1-42F3-BB00-2F401B8DC1A5}.Release|Any CPU.ActiveCfg = Debug|Any CPU
		{E73BE019-72F1-42F3-BB00-2F401B8DC1A5}.Release|x64.ActiveCfg = Debug|Any CPU
		{304336BE-E9EA-461A-AC9E-C1A2CFC4983F}.Debug|Any CPU.ActiveCfg = Debug|Any CPU
		{304336BE-E9EA-461A-AC9E-C1A2CFC4983F}.Debug|x64.ActiveCfg = Debug|Any CPU
		{304336BE-E9EA-461A-AC9E-C1A2CFC4983F}.Debug|x64.Build.0 = Debug|Any CPU
		{304336BE-E9EA-461A-AC9E-C1A2CFC4983F}.Release|Any CPU.ActiveCfg = Debug|Any CPU
		{304336BE-E9EA-461A-AC9E-C1A2CFC4983F}.Release|x64.ActiveCfg = Debug|Any CPU
		{A4F62320-B863-4134-BBBB-B2D3788A2B80}.Debug|Any CPU.ActiveCfg = Debug|Any CPU
		{A4F62320-B863-4134-BBBB-B2D3788A2B80}.Debug|x64.ActiveCfg = Debug|Any CPU
		{A4F62320-B863-4134-BBBB-B2D3788A2B80}.Debug|x64.Build.0 = Debug|Any CPU
		{A4F62320-B863-4134-BBBB-B2D3788A2B80}.Release|Any CPU.ActiveCfg = Debug|Any CPU
		{A4F62320-B863-4134-BBBB-B2D3788A2B80}.Release|x64.ActiveCfg = Debug|Any CPU
		{4DD8B25B-A5CF-40FE-99F7-13AAD2BABCAD}.Debug|Any CPU.ActiveCfg = Debug|Any CPU
		{4DD8B25B-A5CF-40FE-99F7-13AAD2BABCAD}.Debug|x64.ActiveCfg = Debug|Any CPU
		{4DD8B25B-A5CF-40FE-99F7-13AAD2BABCAD}.Debug|x64.Build.0 = Debug|Any CPU
		{4DD8B25B-A5CF-40FE-99F7-13AAD2BABCAD}.Release|Any CPU.ActiveCfg = Debug|Any CPU
		{4DD8B25B-A5CF-40FE-99F7-13AAD2BABCAD}.Release|x64.ActiveCfg = Debug|Any CPU
		{FA8C6D5A-6BDD-4F21-87F4-671D00534068}.Debug|Any CPU.ActiveCfg = Debug|Any CPU
		{FA8C6D5A-6BDD-4F21-87F4-671D00534068}.Debug|x64.ActiveCfg = Debug|Any CPU
		{FA8C6D5A-6BDD-4F21-87F4-671D00534068}.Debug|x64.Build.0 = Debug|Any CPU
		{FA8C6D5A-6BDD-4F21-87F4-671D00534068}.Release|Any CPU.ActiveCfg = Debug|Any CPU
		{FA8C6D5A-6BDD-4F21-87F4-671D00534068}.Release|x64.ActiveCfg = Debug|Any CPU
		{102F0140-AB4E-40E8-A54D-96719BABBD51}.Debug|Any CPU.ActiveCfg = Debug|Any CPU
		{102F0140-AB4E-40E8-A54D-96719BABBD51}.Debug|x64.ActiveCfg = Debug|Any CPU
		{102F0140-AB4E-40E8-A54D-96719BABBD51}.Debug|x64.Build.0 = Debug|Any CPU
		{102F0140-AB4E-40E8-A54D-96719BABBD51}.Release|Any CPU.ActiveCfg = Debug|Any CPU
		{102F0140-AB4E-40E8-A54D-96719BABBD51}.Release|x64.ActiveCfg = Debug|Any CPU
		{0F05A9F0-2F16-47C8-BF70-DE6A5F7A6EF9}.Debug|Any CPU.ActiveCfg = Debug|Any CPU
		{0F05A9F0-2F16-47C8-BF70-DE6A5F7A6EF9}.Debug|x64.ActiveCfg = Debug|Any CPU
		{0F05A9F0-2F16-47C8-BF70-DE6A5F7A6EF9}.Debug|x64.Build.0 = Debug|Any CPU
		{0F05A9F0-2F16-47C8-BF70-DE6A5F7A6EF9}.Release|Any CPU.ActiveCfg = Debug|Any CPU
		{0F05A9F0-2F16-47C8-BF70-DE6A5F7A6EF9}.Release|x64.ActiveCfg = Debug|Any CPU
		{923C4896-D82A-481C-8D02-D537D98C7E1D}.Debug|Any CPU.ActiveCfg = Debug|x64
		{923C4896-D82A-481C-8D02-D537D98C7E1D}.Debug|x64.ActiveCfg = Debug|x64
		{923C4896-D82A-481C-8D02-D537D98C7E1D}.Debug|x64.Build.0 = Debug|x64
		{923C4896-D82A-481C-8D02-D537D98C7E1D}.Release|Any CPU.ActiveCfg = Debug|x64
		{923C4896-D82A-481C-8D02-D537D98C7E1D}.Release|x64.ActiveCfg = Debug|x64
		{922F8037-1DB6-4BDA-A7A4-E15C2AB9B877}.Debug|Any CPU.ActiveCfg = Debug|x64
		{922F8037-1DB6-4BDA-A7A4-E15C2AB9B877}.Debug|x64.ActiveCfg = Debug|x64
		{922F8037-1DB6-4BDA-A7A4-E15C2AB9B877}.Debug|x64.Build.0 = Debug|x64
		{922F8037-1DB6-4BDA-A7A4-E15C2AB9B877}.Release|Any CPU.ActiveCfg = Debug|x64
		{922F8037-1DB6-4BDA-A7A4-E15C2AB9B877}.Release|x64.ActiveCfg = Debug|x64
		{1E70D458-57A3-4BC6-B7F8-253378D2116E}.Debug|Any CPU.ActiveCfg = Debug|Any CPU
		{1E70D458-57A3-4BC6-B7F8-253378D2116E}.Debug|x64.ActiveCfg = Debug|Any CPU
		{1E70D458-57A3-4BC6-B7F8-253378D2116E}.Debug|x64.Build.0 = Debug|Any CPU
		{1E70D458-57A3-4BC6-B7F8-253378D2116E}.Release|Any CPU.ActiveCfg = Debug|Any CPU
		{1E70D458-57A3-4BC6-B7F8-253378D2116E}.Release|x64.ActiveCfg = Debug|Any CPU
		{CA5B073E-24BA-46A2-ABE1-8260B714D618}.Debug|Any CPU.ActiveCfg = Debug|Any CPU
		{CA5B073E-24BA-46A2-ABE1-8260B714D618}.Debug|x64.ActiveCfg = Debug|Any CPU
		{CA5B073E-24BA-46A2-ABE1-8260B714D618}.Debug|x64.Build.0 = Debug|Any CPU
		{CA5B073E-24BA-46A2-ABE1-8260B714D618}.Release|Any CPU.ActiveCfg = Debug|Any CPU
		{CA5B073E-24BA-46A2-ABE1-8260B714D618}.Release|x64.ActiveCfg = Debug|Any CPU
		{2170E547-D1F4-42A2-B217-BC413F0A5A27}.Debug|Any CPU.ActiveCfg = Debug|Any CPU
		{2170E547-D1F4-42A2-B217-BC413F0A5A27}.Debug|x64.ActiveCfg = Debug|Any CPU
		{2170E547-D1F4-42A2-B217-BC413F0A5A27}.Debug|x64.Build.0 = Debug|Any CPU
		{2170E547-D1F4-42A2-B217-BC413F0A5A27}.Release|Any CPU.ActiveCfg = Debug|Any CPU
		{2170E547-D1F4-42A2-B217-BC413F0A5A27}.Release|x64.ActiveCfg = Debug|Any CPU
		{75DC44BE-A4A4-4A9F-B8B3-DF62C81BCEAC}.Debug|Any CPU.ActiveCfg = Debug|Any CPU
		{75DC44BE-A4A4-4A9F-B8B3-DF62C81BCEAC}.Debug|x64.ActiveCfg = Debug|Any CPU
		{75DC44BE-A4A4-4A9F-B8B3-DF62C81BCEAC}.Debug|x64.Build.0 = Debug|Any CPU
		{75DC44BE-A4A4-4A9F-B8B3-DF62C81BCEAC}.Release|Any CPU.ActiveCfg = Debug|Any CPU
		{75DC44BE-A4A4-4A9F-B8B3-DF62C81BCEAC}.Release|x64.ActiveCfg = Debug|Any CPU
		{27A80925-9007-466A-93EC-973A0FAA9FAF}.Debug|Any CPU.ActiveCfg = Debug|Any CPU
		{27A80925-9007-466A-93EC-973A0FAA9FAF}.Debug|x64.ActiveCfg = Debug|Any CPU
		{27A80925-9007-466A-93EC-973A0FAA9FAF}.Debug|x64.Build.0 = Debug|Any CPU
		{27A80925-9007-466A-93EC-973A0FAA9FAF}.Release|Any CPU.ActiveCfg = Debug|Any CPU
		{27A80925-9007-466A-93EC-973A0FAA9FAF}.Release|x64.ActiveCfg = Debug|Any CPU
		{52A16BD4-2466-4D43-A5CF-F845D0617589}.Debug|Any CPU.ActiveCfg = Debug|Any CPU
		{52A16BD4-2466-4D43-A5CF-F845D0617589}.Debug|x64.ActiveCfg = Debug|Any CPU
		{52A16BD4-2466-4D43-A5CF-F845D0617589}.Debug|x64.Build.0 = Debug|Any CPU
		{52A16BD4-2466-4D43-A5CF-F845D0617589}.Release|Any CPU.ActiveCfg = Debug|Any CPU
		{52A16BD4-2466-4D43-A5CF-F845D0617589}.Release|x64.ActiveCfg = Debug|Any CPU
		{C65A3756-4816-478B-9D03-22A782FBD083}.Debug|Any CPU.ActiveCfg = Debug|Any CPU
		{C65A3756-4816-478B-9D03-22A782FBD083}.Debug|x64.ActiveCfg = Debug|Any CPU
		{C65A3756-4816-478B-9D03-22A782FBD083}.Debug|x64.Build.0 = Debug|Any CPU
		{C65A3756-4816-478B-9D03-22A782FBD083}.Release|Any CPU.ActiveCfg = Debug|Any CPU
		{C65A3756-4816-478B-9D03-22A782FBD083}.Release|x64.ActiveCfg = Debug|Any CPU
		{DC95BCCE-D419-464A-AF88-CB90CAFABE60}.Debug|Any CPU.ActiveCfg = Debug|Any CPU
		{DC95BCCE-D419-464A-AF88-CB90CAFABE60}.Debug|x64.ActiveCfg = Debug|Any CPU
		{DC95BCCE-D419-464A-AF88-CB90CAFABE60}.Debug|x64.Build.0 = Debug|Any CPU
		{DC95BCCE-D419-464A-AF88-CB90CAFABE60}.Release|Any CPU.ActiveCfg = Debug|Any CPU
		{DC95BCCE-D419-464A-AF88-CB90CAFABE60}.Release|x64.ActiveCfg = Debug|Any CPU
		{78E5E61B-DD12-475A-845B-7DA3F6B0F987}.Debug|Any CPU.ActiveCfg = Debug|Any CPU
		{78E5E61B-DD12-475A-845B-7DA3F6B0F987}.Debug|Any CPU.Build.0 = Debug|Any CPU
		{78E5E61B-DD12-475A-845B-7DA3F6B0F987}.Debug|x64.ActiveCfg = Debug|x64
		{78E5E61B-DD12-475A-845B-7DA3F6B0F987}.Debug|x64.Build.0 = Debug|x64
		{78E5E61B-DD12-475A-845B-7DA3F6B0F987}.Release|Any CPU.ActiveCfg = Release|Any CPU
		{78E5E61B-DD12-475A-845B-7DA3F6B0F987}.Release|Any CPU.Build.0 = Release|Any CPU
		{78E5E61B-DD12-475A-845B-7DA3F6B0F987}.Release|x64.ActiveCfg = Release|x64
		{78E5E61B-DD12-475A-845B-7DA3F6B0F987}.Release|x64.Build.0 = Release|x64
		{EFDBE309-2C73-40F3-AB7D-20ED4FA213C4}.Debug|Any CPU.ActiveCfg = Debug|Any CPU
		{EFDBE309-2C73-40F3-AB7D-20ED4FA213C4}.Debug|Any CPU.Build.0 = Debug|Any CPU
		{EFDBE309-2C73-40F3-AB7D-20ED4FA213C4}.Debug|x64.ActiveCfg = Debug|x64
		{EFDBE309-2C73-40F3-AB7D-20ED4FA213C4}.Debug|x64.Build.0 = Debug|x64
		{EFDBE309-2C73-40F3-AB7D-20ED4FA213C4}.Release|Any CPU.ActiveCfg = Release|Any CPU
		{EFDBE309-2C73-40F3-AB7D-20ED4FA213C4}.Release|Any CPU.Build.0 = Release|Any CPU
		{EFDBE309-2C73-40F3-AB7D-20ED4FA213C4}.Release|x64.ActiveCfg = Release|x64
		{EFDBE309-2C73-40F3-AB7D-20ED4FA213C4}.Release|x64.Build.0 = Release|x64
		{F0A3E1B7-6C6F-4357-99EE-49210440FFFD}.Debug|Any CPU.ActiveCfg = Debug|Any CPU
		{F0A3E1B7-6C6F-4357-99EE-49210440FFFD}.Debug|Any CPU.Build.0 = Debug|Any CPU
		{F0A3E1B7-6C6F-4357-99EE-49210440FFFD}.Debug|x64.ActiveCfg = Debug|x64
		{F0A3E1B7-6C6F-4357-99EE-49210440FFFD}.Debug|x64.Build.0 = Debug|x64
		{F0A3E1B7-6C6F-4357-99EE-49210440FFFD}.Release|Any CPU.ActiveCfg = Release|Any CPU
		{F0A3E1B7-6C6F-4357-99EE-49210440FFFD}.Release|Any CPU.Build.0 = Release|Any CPU
		{F0A3E1B7-6C6F-4357-99EE-49210440FFFD}.Release|x64.ActiveCfg = Release|x64
		{F0A3E1B7-6C6F-4357-99EE-49210440FFFD}.Release|x64.Build.0 = Release|x64
		{3F01D480-4CDE-4F46-99EA-95CEDA05063E}.Debug|Any CPU.ActiveCfg = Debug|Any CPU
		{3F01D480-4CDE-4F46-99EA-95CEDA05063E}.Debug|Any CPU.Build.0 = Debug|Any CPU
		{3F01D480-4CDE-4F46-99EA-95CEDA05063E}.Debug|x64.ActiveCfg = Debug|x64
		{3F01D480-4CDE-4F46-99EA-95CEDA05063E}.Debug|x64.Build.0 = Debug|x64
		{3F01D480-4CDE-4F46-99EA-95CEDA05063E}.Release|Any CPU.ActiveCfg = Release|Any CPU
		{3F01D480-4CDE-4F46-99EA-95CEDA05063E}.Release|Any CPU.Build.0 = Release|Any CPU
		{3F01D480-4CDE-4F46-99EA-95CEDA05063E}.Release|x64.ActiveCfg = Release|x64
		{3F01D480-4CDE-4F46-99EA-95CEDA05063E}.Release|x64.Build.0 = Release|x64
		{DE856DD3-75EC-4297-8C95-47737BD9CDBD}.Debug|Any CPU.ActiveCfg = Debug|x64
		{DE856DD3-75EC-4297-8C95-47737BD9CDBD}.Debug|x64.ActiveCfg = Debug|x64
		{DE856DD3-75EC-4297-8C95-47737BD9CDBD}.Debug|x64.Build.0 = Debug|x64
		{DE856DD3-75EC-4297-8C95-47737BD9CDBD}.Release|Any CPU.ActiveCfg = Debug|x64
		{DE856DD3-75EC-4297-8C95-47737BD9CDBD}.Release|x64.ActiveCfg = Debug|x64
		{72FC4EEA-C32B-444B-80B7-0E2B137C05C7}.Debug|Any CPU.ActiveCfg = Debug|Any CPU
		{72FC4EEA-C32B-444B-80B7-0E2B137C05C7}.Debug|Any CPU.Build.0 = Debug|Any CPU
		{72FC4EEA-C32B-444B-80B7-0E2B137C05C7}.Debug|x64.ActiveCfg = Debug|x64
		{72FC4EEA-C32B-444B-80B7-0E2B137C05C7}.Debug|x64.Build.0 = Debug|x64
		{72FC4EEA-C32B-444B-80B7-0E2B137C05C7}.Release|Any CPU.ActiveCfg = Release|Any CPU
		{72FC4EEA-C32B-444B-80B7-0E2B137C05C7}.Release|Any CPU.Build.0 = Release|Any CPU
		{72FC4EEA-C32B-444B-80B7-0E2B137C05C7}.Release|x64.ActiveCfg = Release|x64
		{72FC4EEA-C32B-444B-80B7-0E2B137C05C7}.Release|x64.Build.0 = Release|x64
		{3AB56212-E9D3-44E3-AA80-EBD1B29A228F}.Debug|Any CPU.ActiveCfg = Debug|x64
		{3AB56212-E9D3-44E3-AA80-EBD1B29A228F}.Debug|x64.ActiveCfg = Debug|x64
		{3AB56212-E9D3-44E3-AA80-EBD1B29A228F}.Debug|x64.Build.0 = Debug|x64
		{3AB56212-E9D3-44E3-AA80-EBD1B29A228F}.Release|Any CPU.ActiveCfg = Release|x64
		{3AB56212-E9D3-44E3-AA80-EBD1B29A228F}.Release|x64.ActiveCfg = Release|x64
		{3AB56212-E9D3-44E3-AA80-EBD1B29A228F}.Release|x64.Build.0 = Release|x64
		{BF0B4020-9934-466C-AF35-9F97B4CF18AC}.Debug|Any CPU.ActiveCfg = Debug|x64
		{BF0B4020-9934-466C-AF35-9F97B4CF18AC}.Debug|x64.ActiveCfg = Debug|x64
		{BF0B4020-9934-466C-AF35-9F97B4CF18AC}.Debug|x64.Build.0 = Debug|x64
		{BF0B4020-9934-466C-AF35-9F97B4CF18AC}.Release|Any CPU.ActiveCfg = Release|x64
		{BF0B4020-9934-466C-AF35-9F97B4CF18AC}.Release|x64.ActiveCfg = Release|x64
		{BF0B4020-9934-466C-AF35-9F97B4CF18AC}.Release|x64.Build.0 = Release|x64
		{602B999E-6203-432C-AF7C-2C31DDDDE60A}.Debug|Any CPU.ActiveCfg = Debug|Any CPU
		{602B999E-6203-432C-AF7C-2C31DDDDE60A}.Debug|Any CPU.Build.0 = Debug|Any CPU
		{602B999E-6203-432C-AF7C-2C31DDDDE60A}.Debug|x64.ActiveCfg = Debug|x64
		{602B999E-6203-432C-AF7C-2C31DDDDE60A}.Debug|x64.Build.0 = Debug|x64
		{602B999E-6203-432C-AF7C-2C31DDDDE60A}.Release|Any CPU.ActiveCfg = Debug|Any CPU
		{602B999E-6203-432C-AF7C-2C31DDDDE60A}.Release|Any CPU.Build.0 = Debug|Any CPU
		{602B999E-6203-432C-AF7C-2C31DDDDE60A}.Release|x64.ActiveCfg = Debug|x64
		{602B999E-6203-432C-AF7C-2C31DDDDE60A}.Release|x64.Build.0 = Debug|x64
		{9AD369C0-F404-4591-AE7A-6DFF3D2D99A2}.Debug|Any CPU.ActiveCfg = Debug|Any CPU
		{9AD369C0-F404-4591-AE7A-6DFF3D2D99A2}.Debug|Any CPU.Build.0 = Debug|Any CPU
		{9AD369C0-F404-4591-AE7A-6DFF3D2D99A2}.Debug|x64.ActiveCfg = Debug|x64
		{9AD369C0-F404-4591-AE7A-6DFF3D2D99A2}.Debug|x64.Build.0 = Debug|x64
		{9AD369C0-F404-4591-AE7A-6DFF3D2D99A2}.Release|Any CPU.ActiveCfg = Release|Any CPU
		{9AD369C0-F404-4591-AE7A-6DFF3D2D99A2}.Release|Any CPU.Build.0 = Release|Any CPU
		{9AD369C0-F404-4591-AE7A-6DFF3D2D99A2}.Release|x64.ActiveCfg = Release|x64
		{9AD369C0-F404-4591-AE7A-6DFF3D2D99A2}.Release|x64.Build.0 = Release|x64
		{8720315F-7BA8-4923-BD1E-DC2AF7690A72}.Debug|Any CPU.ActiveCfg = Debug|Any CPU
		{8720315F-7BA8-4923-BD1E-DC2AF7690A72}.Debug|Any CPU.Build.0 = Debug|Any CPU
		{8720315F-7BA8-4923-BD1E-DC2AF7690A72}.Debug|x64.ActiveCfg = Debug|x64
		{8720315F-7BA8-4923-BD1E-DC2AF7690A72}.Debug|x64.Build.0 = Debug|x64
		{8720315F-7BA8-4923-BD1E-DC2AF7690A72}.Release|Any CPU.ActiveCfg = Release|Any CPU
		{8720315F-7BA8-4923-BD1E-DC2AF7690A72}.Release|Any CPU.Build.0 = Release|Any CPU
		{8720315F-7BA8-4923-BD1E-DC2AF7690A72}.Release|x64.ActiveCfg = Release|x64
		{8720315F-7BA8-4923-BD1E-DC2AF7690A72}.Release|x64.Build.0 = Release|x64
	EndGlobalSection
	GlobalSection(SolutionProperties) = preSolution
		HideSolutionNode = FALSE
	EndGlobalSection
	GlobalSection(NestedProjects) = preSolution
		{895FCBFB-73B4-46F3-8A89-76C236F01BF4} = {CFD125A8-7717-4F60-BFF5-5E12F9A4A1AF}
		{CFD125A8-7717-4F60-BFF5-5E12F9A4A1AF} = {ED367FF4-340F-41AC-9FB6-172C73994098}
		{2C3936C7-4850-41D7-9497-9040BE302328} = {5FA8C0A0-1596-4DE2-94F5-FD504AF740A7}
		{5FA8C0A0-1596-4DE2-94F5-FD504AF740A7} = {ED367FF4-340F-41AC-9FB6-172C73994098}
		{4AF1BD71-310F-434B-918A-EA10234BF2E1} = {5CAAB596-018B-4DA3-BA12-AA8E499E2FB5}
		{3C8BFF9A-C94F-4DE4-B369-DF90622FB202} = {ED367FF4-340F-41AC-9FB6-172C73994098}
		{5CAAB596-018B-4DA3-BA12-AA8E499E2FB5} = {3C8BFF9A-C94F-4DE4-B369-DF90622FB202}
		{15F3514E-1657-4F05-A176-BA714699C243} = {DD016CF9-EB00-4A10-9D4C-4A5E865EF35C}
		{D678BDA1-1ACF-4118-B92F-DD429C44EA3F} = {ED367FF4-340F-41AC-9FB6-172C73994098}
		{DD016CF9-EB00-4A10-9D4C-4A5E865EF35C} = {D678BDA1-1ACF-4118-B92F-DD429C44EA3F}
		{FC648818-7E85-4B13-BB4F-B6BC0DC1369F} = {CC90F4A5-5756-4987-8B3A-862536401701}
		{FE3EDDD3-D99B-48F8-BACB-88D23FB033D5} = {ED367FF4-340F-41AC-9FB6-172C73994098}
		{CC90F4A5-5756-4987-8B3A-862536401701} = {FE3EDDD3-D99B-48F8-BACB-88D23FB033D5}
		{91069F97-2E74-435B-A6DD-582F2FACD069} = {82BA4FA7-11BE-46E1-A977-8F715AC29F83}
		{F4031D94-E76E-4A17-BD0E-E2B17EDABE4A} = {FE3EDDD3-D99B-48F8-BACB-88D23FB033D5}
		{82BA4FA7-11BE-46E1-A977-8F715AC29F83} = {F4031D94-E76E-4A17-BD0E-E2B17EDABE4A}
		{BE6A9AC9-371B-45A2-8EB8-7399344E015E} = {79C408B2-D7C9-4E42-B01F-56E2373DE6F0}
		{78D187C7-682D-4BC3-BB1E-EFC60706D024} = {F4031D94-E76E-4A17-BD0E-E2B17EDABE4A}
		{79C408B2-D7C9-4E42-B01F-56E2373DE6F0} = {78D187C7-682D-4BC3-BB1E-EFC60706D024}
		{C8B8D1AC-4C40-47B3-91C4-1366941DCE40} = {0D8CC1A4-04BF-4A90-B2B7-2015965F3C3A}
		{0D8CC1A4-04BF-4A90-B2B7-2015965F3C3A} = {F4031D94-E76E-4A17-BD0E-E2B17EDABE4A}
		{778B64BB-88D2-4B07-9CE0-87E842E4637E} = {AF95A606-5DDB-4694-925D-724948120597}
		{AF95A606-5DDB-4694-925D-724948120597} = {F4031D94-E76E-4A17-BD0E-E2B17EDABE4A}
		{1EC8C462-B773-4548-A2A8-439DFD95A897} = {E0FA52A9-F342-4C99-9947-FAFA469DFA59}
		{E0FA52A9-F342-4C99-9947-FAFA469DFA59} = {D678BDA1-1ACF-4118-B92F-DD429C44EA3F}
		{E247C010-0B6F-43F1-B52C-12168CE5A70F} = {D44C9974-B63A-46EC-95B4-C6636EABDC50}
		{DEA83DE8-293A-4922-9AB3-27F31D4FF80F} = {ED367FF4-340F-41AC-9FB6-172C73994098}
		{D44C9974-B63A-46EC-95B4-C6636EABDC50} = {DEA83DE8-293A-4922-9AB3-27F31D4FF80F}
		{E4B43673-7C1A-4E6E-96F5-6C53704BEAC0} = {C71F6803-2A4F-457C-A971-8FE32E023EEB}
		{C71F6803-2A4F-457C-A971-8FE32E023EEB} = {DEA83DE8-293A-4922-9AB3-27F31D4FF80F}
		{551F6A2B-3EAB-47BA-BCF1-EAE30B99BBD5} = {AAF8859C-AD32-4122-B727-224A13DDF0B9}
		{6E57D724-D02F-4C6A-9192-214CAE4799F5} = {ED367FF4-340F-41AC-9FB6-172C73994098}
		{AAF8859C-AD32-4122-B727-224A13DDF0B9} = {6E57D724-D02F-4C6A-9192-214CAE4799F5}
		{61844849-3D26-4003-8146-5AE86985DB3A} = {06823BEA-6FFE-487A-B506-A673EAD6AB88}
		{06823BEA-6FFE-487A-B506-A673EAD6AB88} = {6E57D724-D02F-4C6A-9192-214CAE4799F5}
		{82F72B8B-372E-4A1C-8139-714AE932EBCB} = {81D2FF2F-F07F-4363-841E-E9FB09A76559}
		{81D2FF2F-F07F-4363-841E-E9FB09A76559} = {6E57D724-D02F-4C6A-9192-214CAE4799F5}
		{E73BE019-72F1-42F3-BB00-2F401B8DC1A5} = {8DC8B7D8-2C36-4CA3-80A3-D6EDAAD40B33}
		{B8C8A478-BF34-417E-B1A9-785E44348FC9} = {3C8BFF9A-C94F-4DE4-B369-DF90622FB202}
		{8DC8B7D8-2C36-4CA3-80A3-D6EDAAD40B33} = {B8C8A478-BF34-417E-B1A9-785E44348FC9}
		{304336BE-E9EA-461A-AC9E-C1A2CFC4983F} = {970ED63A-442F-43EE-B9AE-3A468D6D4D8A}
		{970ED63A-442F-43EE-B9AE-3A468D6D4D8A} = {3C8BFF9A-C94F-4DE4-B369-DF90622FB202}
		{A4F62320-B863-4134-BBBB-B2D3788A2B80} = {B5793827-4DD6-476A-B3DB-112B6FF4EB36}
		{B5793827-4DD6-476A-B3DB-112B6FF4EB36} = {3C8BFF9A-C94F-4DE4-B369-DF90622FB202}
		{4DD8B25B-A5CF-40FE-99F7-13AAD2BABCAD} = {E7203594-91E5-4981-A5AC-C64ABB64A3AC}
		{E7203594-91E5-4981-A5AC-C64ABB64A3AC} = {3C8BFF9A-C94F-4DE4-B369-DF90622FB202}
		{FA8C6D5A-6BDD-4F21-87F4-671D00534068} = {450035C5-0E2E-4A9D-88C6-E92006FDC523}
		{12143B4B-325E-4A65-9563-984316E1D96D} = {3C8BFF9A-C94F-4DE4-B369-DF90622FB202}
		{450035C5-0E2E-4A9D-88C6-E92006FDC523} = {12143B4B-325E-4A65-9563-984316E1D96D}
		{102F0140-AB4E-40E8-A54D-96719BABBD51} = {6ECA9652-8168-4D7B-B976-7DFE355F0DC7}
		{6ECA9652-8168-4D7B-B976-7DFE355F0DC7} = {12143B4B-325E-4A65-9563-984316E1D96D}
		{0F05A9F0-2F16-47C8-BF70-DE6A5F7A6EF9} = {78660241-73B0-486D-A550-6B066CE59C31}
		{78660241-73B0-486D-A550-6B066CE59C31} = {DEA83DE8-293A-4922-9AB3-27F31D4FF80F}
		{923C4896-D82A-481C-8D02-D537D98C7E1D} = {145E529B-8075-43F6-B7D8-BD3F3E71BAFD}
		{145E529B-8075-43F6-B7D8-BD3F3E71BAFD} = {3C8BFF9A-C94F-4DE4-B369-DF90622FB202}
		{922F8037-1DB6-4BDA-A7A4-E15C2AB9B877} = {1AA473CA-A3FC-4730-82DB-B5C13DC8317B}
		{834CC3B2-3AD9-4255-8D82-5FA96B219869} = {ED367FF4-340F-41AC-9FB6-172C73994098}
		{94C8A606-0C44-46DB-9876-1F9FACF10FE8} = {834CC3B2-3AD9-4255-8D82-5FA96B219869}
		{1AA473CA-A3FC-4730-82DB-B5C13DC8317B} = {94C8A606-0C44-46DB-9876-1F9FACF10FE8}
		{1E70D458-57A3-4BC6-B7F8-253378D2116E} = {870996E2-1883-416C-8578-7941AD2A322D}
		{870996E2-1883-416C-8578-7941AD2A322D} = {12143B4B-325E-4A65-9563-984316E1D96D}
		{CA5B073E-24BA-46A2-ABE1-8260B714D618} = {74733CF6-62AB-4625-83D1-8CA2CE99002C}
		{74733CF6-62AB-4625-83D1-8CA2CE99002C} = {12143B4B-325E-4A65-9563-984316E1D96D}
		{2170E547-D1F4-42A2-B217-BC413F0A5A27} = {2942EC6F-5A05-4029-9273-5B98602A8122}
		{2942EC6F-5A05-4029-9273-5B98602A8122} = {3C8BFF9A-C94F-4DE4-B369-DF90622FB202}
		{75DC44BE-A4A4-4A9F-B8B3-DF62C81BCEAC} = {A7E373E8-6A8A-44C6-8E92-06873F323D5B}
		{A7E373E8-6A8A-44C6-8E92-06873F323D5B} = {3C8BFF9A-C94F-4DE4-B369-DF90622FB202}
		{27A80925-9007-466A-93EC-973A0FAA9FAF} = {C8C6C85C-3714-41B4-8F7B-3C5D8066BCDA}
		{C8C6C85C-3714-41B4-8F7B-3C5D8066BCDA} = {B8C8A478-BF34-417E-B1A9-785E44348FC9}
		{52A16BD4-2466-4D43-A5CF-F845D0617589} = {F42602B6-A663-4635-A18E-D3B790247AEA}
		{F42602B6-A663-4635-A18E-D3B790247AEA} = {3C8BFF9A-C94F-4DE4-B369-DF90622FB202}
		{C65A3756-4816-478B-9D03-22A782FBD083} = {32BC323F-1B12-468A-9271-1EF13F81604D}
		{30EAD9D7-3276-4EE9-A25E-871E94EC0C33} = {3C8BFF9A-C94F-4DE4-B369-DF90622FB202}
		{32BC323F-1B12-468A-9271-1EF13F81604D} = {30EAD9D7-3276-4EE9-A25E-871E94EC0C33}
		{DC95BCCE-D419-464A-AF88-CB90CAFABE60} = {A38C69DD-E9F1-4C21-8819-37F3AD1AD4F5}
		{A38C69DD-E9F1-4C21-8819-37F3AD1AD4F5} = {30EAD9D7-3276-4EE9-A25E-871E94EC0C33}
		{78E5E61B-DD12-475A-845B-7DA3F6B0F987} = {DE6BBB55-91B2-4273-80E4-EBCF996DD215}
		{DE6BBB55-91B2-4273-80E4-EBCF996DD215} = {6E57D724-D02F-4C6A-9192-214CAE4799F5}
		{EFDBE309-2C73-40F3-AB7D-20ED4FA213C4} = {277484FB-952B-408A-8AA9-1D8B032B9201}
		{277484FB-952B-408A-8AA9-1D8B032B9201} = {DEA83DE8-293A-4922-9AB3-27F31D4FF80F}
		{F0A3E1B7-6C6F-4357-99EE-49210440FFFD} = {97EF3B57-E858-4C58-9A06-ACB2298F293F}
		{61F8D573-3671-4311-A14C-42043405918F} = {B21DA90F-5FEB-4813-B54F-0D78C84DC8F9}
		{97EF3B57-E858-4C58-9A06-ACB2298F293F} = {61F8D573-3671-4311-A14C-42043405918F}
		{3F01D480-4CDE-4F46-99EA-95CEDA05063E} = {20E73BAD-C189-4665-BBAA-54998F8BBCD3}
		{20E73BAD-C189-4665-BBAA-54998F8BBCD3} = {B21DA90F-5FEB-4813-B54F-0D78C84DC8F9}
		{DE856DD3-75EC-4297-8C95-47737BD9CDBD} = {7F316EA1-7A91-4C22-96B5-6CFF3CA7A66D}
		{7F316EA1-7A91-4C22-96B5-6CFF3CA7A66D} = {B21DA90F-5FEB-4813-B54F-0D78C84DC8F9}
		{72FC4EEA-C32B-444B-80B7-0E2B137C05C7} = {1796DD72-5F24-4078-A032-7FED889583CD}
		{1796DD72-5F24-4078-A032-7FED889583CD} = {B21DA90F-5FEB-4813-B54F-0D78C84DC8F9}
		{3AB56212-E9D3-44E3-AA80-EBD1B29A228F} = {A0D3C980-275C-421D-B3B0-AEE7E1F6AC18}
		{A0D3C980-275C-421D-B3B0-AEE7E1F6AC18} = {B21DA90F-5FEB-4813-B54F-0D78C84DC8F9}
		{BF0B4020-9934-466C-AF35-9F97B4CF18AC} = {B3F0FAAB-86CB-429E-B0FB-B67FE77D92D3}
		{B3F0FAAB-86CB-429E-B0FB-B67FE77D92D3} = {B21DA90F-5FEB-4813-B54F-0D78C84DC8F9}
	EndGlobalSection
	GlobalSection(ExtensibilityGlobals) = postSolution
		SolutionGuid = {D14BE09B-F547-404A-9793-BB719E5E4395}
	EndGlobalSection
EndGlobal
