
Microsoft Visual Studio Solution File, Format Version 12.00
# Visual Studio Version 16
VisualStudioVersion = 16.0.29613.14
MinimumVisualStudioVersion = 15.0.26124.0
Project("{2150E333-8FDC-42A3-9474-1A3956D46DE8}") = "src", "src", "{FBE4B667-3A93-4AEA-A812-58EE0E653FC7}"
EndProject
Project("{9A19103F-16F7-4668-BE54-9A1E7A4F7556}") = "IdentityServer", "src\IdentityServer\IdentityServer.csproj", "{391CA066-2419-41DE-AB07-DDECF4042A97}"
EndProject
Project("{FAE04EC0-301F-11D3-BF4B-00C04F79EFBC}") = "Console WCF Client", "src\WcfClient\Console WCF Client.csproj", "{81F7D957-719F-42AA-813C-4FA094BB9AD9}"
EndProject
Project("{FAE04EC0-301F-11D3-BF4B-00C04F79EFBC}") = "WCF Service", "src\WcfService\WCF Service.csproj", "{CFD6A3D6-02A2-4A7B-AF63-B9526A1F50E8}"
EndProject
Global
	GlobalSection(SolutionConfigurationPlatforms) = preSolution
		Debug|Any CPU = Debug|Any CPU
		Debug|x64 = Debug|x64
		Debug|x86 = Debug|x86
		Release|Any CPU = Release|Any CPU
		Release|x64 = Release|x64
		Release|x86 = Release|x86
	EndGlobalSection
	GlobalSection(ProjectConfigurationPlatforms) = postSolution
		{391CA066-2419-41DE-AB07-DDECF4042A97}.Debug|Any CPU.ActiveCfg = Debug|Any CPU
		{391CA066-2419-41DE-AB07-DDECF4042A97}.Debug|Any CPU.Build.0 = Debug|Any CPU
		{391CA066-2419-41DE-AB07-DDECF4042A97}.Debug|x64.ActiveCfg = Debug|Any CPU
		{391CA066-2419-41DE-AB07-DDECF4042A97}.Debug|x64.Build.0 = Debug|Any CPU
		{391CA066-2419-41DE-AB07-DDECF4042A97}.Debug|x86.ActiveCfg = Debug|Any CPU
		{391CA066-2419-41DE-AB07-DDECF4042A97}.Debug|x86.Build.0 = Debug|Any CPU
		{391CA066-2419-41DE-AB07-DDECF4042A97}.Release|Any CPU.ActiveCfg = Release|Any CPU
		{391CA066-2419-41DE-AB07-DDECF4042A97}.Release|Any CPU.Build.0 = Release|Any CPU
		{391CA066-2419-41DE-AB07-DDECF4042A97}.Release|x64.ActiveCfg = Release|Any CPU
		{391CA066-2419-41DE-AB07-DDECF4042A97}.Release|x64.Build.0 = Release|Any CPU
		{391CA066-2419-41DE-AB07-DDECF4042A97}.Release|x86.ActiveCfg = Release|Any CPU
		{391CA066-2419-41DE-AB07-DDECF4042A97}.Release|x86.Build.0 = Release|Any CPU
		{81F7D957-719F-42AA-813C-4FA094BB9AD9}.Debug|Any CPU.ActiveCfg = Debug|Any CPU
		{81F7D957-719F-42AA-813C-4FA094BB9AD9}.Debug|Any CPU.Build.0 = Debug|Any CPU
		{81F7D957-719F-42AA-813C-4FA094BB9AD9}.Debug|x64.ActiveCfg = Debug|Any CPU
		{81F7D957-719F-42AA-813C-4FA094BB9AD9}.Debug|x64.Build.0 = Debug|Any CPU
		{81F7D957-719F-42AA-813C-4FA094BB9AD9}.Debug|x86.ActiveCfg = Debug|Any CPU
		{81F7D957-719F-42AA-813C-4FA094BB9AD9}.Debug|x86.Build.0 = Debug|Any CPU
		{81F7D957-719F-42AA-813C-4FA094BB9AD9}.Release|Any CPU.ActiveCfg = Release|Any CPU
		{81F7D957-719F-42AA-813C-4FA094BB9AD9}.Release|Any CPU.Build.0 = Release|Any CPU
		{81F7D957-719F-42AA-813C-4FA094BB9AD9}.Release|x64.ActiveCfg = Release|Any CPU
		{81F7D957-719F-42AA-813C-4FA094BB9AD9}.Release|x64.Build.0 = Release|Any CPU
		{81F7D957-719F-42AA-813C-4FA094BB9AD9}.Release|x86.ActiveCfg = Release|Any CPU
		{81F7D957-719F-42AA-813C-4FA094BB9AD9}.Release|x86.Build.0 = Release|Any CPU
		{CFD6A3D6-02A2-4A7B-AF63-B9526A1F50E8}.Debug|Any CPU.ActiveCfg = Debug|Any CPU
		{CFD6A3D6-02A2-4A7B-AF63-B9526A1F50E8}.Debug|Any CPU.Build.0 = Debug|Any CPU
		{CFD6A3D6-02A2-4A7B-AF63-B9526A1F50E8}.Debug|x64.ActiveCfg = Debug|Any CPU
		{CFD6A3D6-02A2-4A7B-AF63-B9526A1F50E8}.Debug|x64.Build.0 = Debug|Any CPU
		{CFD6A3D6-02A2-4A7B-AF63-B9526A1F50E8}.Debug|x86.ActiveCfg = Debug|Any CPU
		{CFD6A3D6-02A2-4A7B-AF63-B9526A1F50E8}.Debug|x86.Build.0 = Debug|Any CPU
		{CFD6A3D6-02A2-4A7B-AF63-B9526A1F50E8}.Release|Any CPU.ActiveCfg = Release|Any CPU
		{CFD6A3D6-02A2-4A7B-AF63-B9526A1F50E8}.Release|Any CPU.Build.0 = Release|Any CPU
		{CFD6A3D6-02A2-4A7B-AF63-B9526A1F50E8}.Release|x64.ActiveCfg = Release|Any CPU
		{CFD6A3D6-02A2-4A7B-AF63-B9526A1F50E8}.Release|x64.Build.0 = Release|Any CPU
		{CFD6A3D6-02A2-4A7B-AF63-B9526A1F50E8}.Release|x86.ActiveCfg = Release|Any CPU
		{CFD6A3D6-02A2-4A7B-AF63-B9526A1F50E8}.Release|x86.Build.0 = Release|Any CPU
	EndGlobalSection
	GlobalSection(SolutionProperties) = preSolution
		HideSolutionNode = FALSE
	EndGlobalSection
	GlobalSection(NestedProjects) = preSolution
		{391CA066-2419-41DE-AB07-DDECF4042A97} = {FBE4B667-3A93-4AEA-A812-58EE0E653FC7}
		{81F7D957-719F-42AA-813C-4FA094BB9AD9} = {FBE4B667-3A93-4AEA-A812-58EE0E653FC7}
		{CFD6A3D6-02A2-4A7B-AF63-B9526A1F50E8} = {FBE4B667-3A93-4AEA-A812-58EE0E653FC7}
	EndGlobalSection
	GlobalSection(ExtensibilityGlobals) = postSolution
		SolutionGuid = {762F8644-4805-4FAC-8723-E37AFB2AB8CD}
	EndGlobalSection
EndGlobal
