Microsoft Visual Studio Solution File, Format Version 12.00
# Visual Studio 14
VisualStudioVersion = 14.0.25420.1
MinimumVisualStudioVersion = 10.0.40219.1
Project("{FAE04EC0-301F-11D3-BF4B-00C04F79EFBC}") = "Session", "Session.csproj", "{72FC4EEA-C32B-444B-80B7-0E2B137C05C7}"
EndProject
Project("{FAE04EC0-301F-11D3-BF4B-00C04F79EFBC}") = "AADAuthUtil", "..\..\AADAuthUtil\AADAuthUtil.csproj", "{895FCBFB-73B4-46F3-8A89-76C236F01BF4}"
EndProject
Project("{2150E333-8FDC-42A3-9474-1A3956D46DE8}") = "src", "src", "{BE8EDFFF-7E4A-46E8-A34D-DCF4A4DAC443}"
EndProject
Project("{2150E333-8FDC-42A3-9474-1A3956D46DE8}") = "AADAuthUtil", "AADAuthUtil", "{E0DCAE1C-E7B1-4D00-AD4C-19805C390C52}"
EndProject
Project("{FAE04EC0-301F-11D3-BF4B-00C04F79EFBC}") = "HpcCommon", "..\..\HpcCommon\HpcCommon.csproj", "{2C3936C7-4850-41D7-9497-9040BE302328}"
EndProject
Project("{2150E333-8FDC-42A3-9474-1A3956D46DE8}") = "HpcCommon", "HpcCommon", "{5A4B6E4F-F61D-4E78-B358-59D5C4B0B169}"
EndProject
Project("{FAE04EC0-301F-11D3-BF4B-00C04F79EFBC}") = "Properties", "..\..\StoreAPI\Property\Properties.csproj", "{61844849-3D26-4003-8146-5AE86985DB3A}"
EndProject
Project("{2150E333-8FDC-42A3-9474-1A3956D46DE8}") = "StoreAPI", "StoreAPI", "{9CDF7164-5EBE-49DB-8BAB-D2FF7DF55537}"
EndProject
Project("{2150E333-8FDC-42A3-9474-1A3956D46DE8}") = "Property", "Property", "{F0B03CEF-D861-4EC2-A51A-A8F8D6F4AAA9}"
EndProject
Project("{FAE04EC0-301F-11D3-BF4B-00C04F79EFBC}") = "Scheduler", "..\..\StoreAPI\Scheduler\Scheduler.csproj", "{78E5E61B-DD12-475A-845B-7DA3F6B0F987}"
EndProject
Project("{2150E333-8FDC-42A3-9474-1A3956D46DE8}") = "Scheduler", "Scheduler", "{F5789996-8EA0-4EED-AB20-AA2ECE453091}"
EndProject
Project("{FAE04EC0-301F-11D3-BF4B-00C04F79EFBC}") = "FileStagingClient", "..\..\Scheduler\FileStagingClient\FileStagingClient.csproj", "{EFDBE309-2C73-40F3-AB7D-20ED4FA213C4}"
EndProject
Project("{2150E333-8FDC-42A3-9474-1A3956D46DE8}") = "Scheduler", "Scheduler", "{2E815D99-842B-482C-9A74-336EAA2E43E7}"
EndProject
Project("{2150E333-8FDC-42A3-9474-1A3956D46DE8}") = "FileStagingClient", "FileStagingClient", "{0248CD14-70F1-41AC-9FD2-BEE5E83F9F2F}"
EndProject
Project("{FAE04EC0-301F-11D3-BF4B-00C04F79EFBC}") = "DataMovement", "..\HpcDeploy\DataMovement\DataMovement.csproj", "{F0A3E1B7-6C6F-4357-99EE-49210440FFFD}"
EndProject
Project("{2150E333-8FDC-42A3-9474-1A3956D46DE8}") = "soa", "soa", "{0EF22E96-4D42-49E7-BC43-87AA4960AECA}"
EndProject
Project("{2150E333-8FDC-42A3-9474-1A3956D46DE8}") = "HpcDeploy", "HpcDeploy", "{76D3DC89-B161-4978-9E2E-8DC4620BC53F}"
EndProject
Project("{2150E333-8FDC-42A3-9474-1A3956D46DE8}") = "DataMovement", "DataMovement", "{66F2A270-8F90-4EA2-99F9-935748DFDEBE}"
EndProject
Project("{FAE04EC0-301F-11D3-BF4B-00C04F79EFBC}") = "Store", "..\..\StoreAPI\Store\Store.csproj", "{82F72B8B-372E-4A1C-8139-714AE932EBCB}"
EndProject
Project("{2150E333-8FDC-42A3-9474-1A3956D46DE8}") = "Store", "Store", "{B3F97C46-D9AA-4CD9-B66C-71AAE8FCC990}"
EndProject
Global
	GlobalSection(SolutionConfigurationPlatforms) = preSolution
		Debug|x64 = Debug|x64
	EndGlobalSection
	GlobalSection(ProjectConfigurationPlatforms) = postSolution
		{72FC4EEA-C32B-444B-80B7-0E2B137C05C7}.Debug|x64.ActiveCfg = Debug|x64
		{72FC4EEA-C32B-444B-80B7-0E2B137C05C7}.Debug|x64.Build.0 = Debug|x64
		{895FCBFB-73B4-46F3-8A89-76C236F01BF4}.Debug|x64.ActiveCfg = Debug|x64
		{895FCBFB-73B4-46F3-8A89-76C236F01BF4}.Debug|x64.Build.0 = Debug|x64
		{2C3936C7-4850-41D7-9497-9040BE302328}.Debug|x64.ActiveCfg = Debug|x64
		{2C3936C7-4850-41D7-9497-9040BE302328}.Debug|x64.Build.0 = Debug|x64
		{61844849-3D26-4003-8146-5AE86985DB3A}.Debug|x64.ActiveCfg = Debug|x64
		{61844849-3D26-4003-8146-5AE86985DB3A}.Debug|x64.Build.0 = Debug|x64
		{78E5E61B-DD12-475A-845B-7DA3F6B0F987}.Debug|x64.ActiveCfg = Debug|x64
		{78E5E61B-DD12-475A-845B-7DA3F6B0F987}.Debug|x64.Build.0 = Debug|x64
		{EFDBE309-2C73-40F3-AB7D-20ED4FA213C4}.Debug|x64.ActiveCfg = Debug|x64
		{EFDBE309-2C73-40F3-AB7D-20ED4FA213C4}.Debug|x64.Build.0 = Debug|x64
		{F0A3E1B7-6C6F-4357-99EE-49210440FFFD}.Debug|x64.ActiveCfg = Debug|x64
		{F0A3E1B7-6C6F-4357-99EE-49210440FFFD}.Debug|x64.Build.0 = Debug|x64
		{82F72B8B-372E-4A1C-8139-714AE932EBCB}.Debug|x64.ActiveCfg = Debug|x64
		{82F72B8B-372E-4A1C-8139-714AE932EBCB}.Debug|x64.Build.0 = Debug|x64
	EndGlobalSection
	GlobalSection(SolutionProperties) = preSolution
		HideSolutionNode = FALSE
	EndGlobalSection
	GlobalSection(NestedProjects) = preSolution
		{895FCBFB-73B4-46F3-8A89-76C236F01BF4} = {E0DCAE1C-E7B1-4D00-AD4C-19805C390C52}
		{E0DCAE1C-E7B1-4D00-AD4C-19805C390C52} = {BE8EDFFF-7E4A-46E8-A34D-DCF4A4DAC443}
		{2C3936C7-4850-41D7-9497-9040BE302328} = {5A4B6E4F-F61D-4E78-B358-59D5C4B0B169}
		{5A4B6E4F-F61D-4E78-B358-59D5C4B0B169} = {BE8EDFFF-7E4A-46E8-A34D-DCF4A4DAC443}
		{61844849-3D26-4003-8146-5AE86985DB3A} = {F0B03CEF-D861-4EC2-A51A-A8F8D6F4AAA9}
		{9CDF7164-5EBE-49DB-8BAB-D2FF7DF55537} = {BE8EDFFF-7E4A-46E8-A34D-DCF4A4DAC443}
		{F0B03CEF-D861-4EC2-A51A-A8F8D6F4AAA9} = {9CDF7164-5EBE-49DB-8BAB-D2FF7DF55537}
		{78E5E61B-DD12-475A-845B-7DA3F6B0F987} = {F5789996-8EA0-4EED-AB20-AA2ECE453091}
		{F5789996-8EA0-4EED-AB20-AA2ECE453091} = {9CDF7164-5EBE-49DB-8BAB-D2FF7DF55537}
		{EFDBE309-2C73-40F3-AB7D-20ED4FA213C4} = {0248CD14-70F1-41AC-9FD2-BEE5E83F9F2F}
		{2E815D99-842B-482C-9A74-336EAA2E43E7} = {BE8EDFFF-7E4A-46E8-A34D-DCF4A4DAC443}
		{0248CD14-70F1-41AC-9FD2-BEE5E83F9F2F} = {2E815D99-842B-482C-9A74-336EAA2E43E7}
		{F0A3E1B7-6C6F-4357-99EE-49210440FFFD} = {66F2A270-8F90-4EA2-99F9-935748DFDEBE}
		{76D3DC89-B161-4978-9E2E-8DC4620BC53F} = {0EF22E96-4D42-49E7-BC43-87AA4960AECA}
		{66F2A270-8F90-4EA2-99F9-935748DFDEBE} = {76D3DC89-B161-4978-9E2E-8DC4620BC53F}
		{82F72B8B-372E-4A1C-8139-714AE932EBCB} = {B3F97C46-D9AA-4CD9-B66C-71AAE8FCC990}
		{B3F97C46-D9AA-4CD9-B66C-71AAE8FCC990} = {9CDF7164-5EBE-49DB-8BAB-D2FF7DF55537}
	EndGlobalSection
EndGlobal
