
Microsoft Visual Studio Solution File, Format Version 12.00
# Visual Studio 15
VisualStudioVersion = 15.0.28010.2026
MinimumVisualStudioVersion = 10.0.40219.1
Project("{FAE04EC0-301F-11D3-BF4B-00C04F79EFBC}") = "StandaloneDataClient", "StandaloneDataClient.csproj", "{8F4412AA-A6E0-49E5-A331-1B1047E2159D}"
EndProject
Global
	GlobalSection(SolutionConfigurationPlatforms) = preSolution
		Debug|Any CPU = Debug|Any CPU
		Debug|x64 = Debug|x64
		Release|Any CPU = Release|Any CPU
		Release|x64 = Release|x64
	EndGlobalSection
	GlobalSection(ProjectConfigurationPlatforms) = postSolution
		{8F4412AA-A6E0-49E5-A331-1B1047E2159D}.Debug|Any CPU.ActiveCfg = Debug|Any CPU
		{8F4412AA-A6E0-49E5-A331-1B1047E2159D}.Debug|Any CPU.Build.0 = Debug|Any CPU
		{8F4412AA-A6E0-49E5-A331-1B1047E2159D}.Debug|x64.ActiveCfg = Debug|x64
		{8F4412AA-A6E0-49E5-A331-1B1047E2159D}.Debug|x64.Build.0 = Debug|x64
		{8F4412AA-A6E0-49E5-A331-1B1047E2159D}.Release|Any CPU.ActiveCfg = Release|Any CPU
		{8F4412AA-A6E0-49E5-A331-1B1047E2159D}.Release|Any CPU.Build.0 = Release|Any CPU
		{8F4412AA-A6E0-49E5-A331-1B1047E2159D}.Release|x64.ActiveCfg = Release|x64
		{8F4412AA-A6E0-49E5-A331-1B1047E2159D}.Release|x64.Build.0 = Release|x64
	EndGlobalSection
	GlobalSection(SolutionProperties) = preSolution
		HideSolutionNode = FALSE
	EndGlobalSection
	GlobalSection(ExtensibilityGlobals) = postSolution
		SolutionGuid = {82694E79-DE05-489B-B3CB-EABB1A7B232F}
	EndGlobalSection
EndGlobal
